// !$*UTF8*$!
{
	archiveVersion = 1;
	classes = {
	};
	objectVersion = 71;
	objects = {

/* Begin PBXBuildFile section */
		0B959C36DB68AA813E242BB1E229DB58 /* TaskStore.swift in Sources */ = {isa = PBXBuildFile; fileRef = 4E629717F8D109136981ED4DCBEA93E2 /* TaskStore.swift */; };
		0DFD0C499843B72356A5D736C80CBA62 /* GeneralSettingsView.swift in Sources */ = {isa = PBXBuildFile; fileRef = 21CAC33D871466BD1BA3B6FDF98CE158 /* GeneralSettingsView.swift */; };
		109A3BF6669A1EFEDBAE23EE28EE77D6 /* CornerHoverMonitor.swift in Sources */ = {isa = PBXBuildFile; fileRef = B0D738AC3E219B4B6D6C1B1CB0A006F4 /* CornerHoverMonitor.swift */; };
		111783351D5F6263C2B160E9208F95AE /* TaskSectionView.swift in Sources */ = {isa = PBXBuildFile; fileRef = 1D6F9E17BCD4F93E9FA0F022635683EF /* TaskSectionView.swift */; };
		1118A358F43301F161B0CBA39FFFBB3D /* AtticStyle.swift in Sources */ = {isa = PBXBuildFile; fileRef = 855A7F1A9079162E9277D6ED99DEE75C /* AtticStyle.swift */; };
		1147DA5016E2FEC243D2A199B4AD60D0 /* AppearanceSettingsView.swift in Sources */ = {isa = PBXBuildFile; fileRef = 15E410660BBB4F0BC150FF10A09AEE8C /* AppearanceSettingsView.swift */; };
		12CB1FCC92C3E4119042C45118E9F0FB /* TaskStatusButton.swift in Sources */ = {isa = PBXBuildFile; fileRef = 376D829F450E5DA6E0E503D0CEF1CF38 /* TaskStatusButton.swift */; };
		15631C186FD8B4D26EB086717660D21E /* AgentAccessTokenStore.swift in Sources */ = {isa = PBXBuildFile; fileRef = 9A6FD297C465E270C543BB21CC7DF26E /* AgentAccessTokenStore.swift */; };
		15BF45594CDCBE70D476C94202EBC770 /* DailyCleanupServiceTests.swift in Sources */ = {isa = PBXBuildFile; fileRef = 8FE52689E97C5D820F9A54E41757C865 /* DailyCleanupServiceTests.swift */; };
		1CB0F3E3E53B516FD4BD1186E23B668B /* Assets.xcassets in Resources */ = {isa = PBXBuildFile; fileRef = 6CB646282285F46BF5A774600283F425 /* Assets.xcassets */; };
		203719D819FEB52D6475868A88559613 /* TestSupport.swift in Sources */ = {isa = PBXBuildFile; fileRef = E9A03C0866CEEACEA58CD311EABF9FC1 /* TestSupport.swift */; };
		213FCE65D30C5F3B1DCF3F1B58D06E91 /* PersistenceController.swift in Sources */ = {isa = PBXBuildFile; fileRef = E314ADB34B28D974EBD65B67F017C4EA /* PersistenceController.swift */; };
		22302F0100CF42A5D34F4F24F7211266 /* AtticUITests.swift in Sources */ = {isa = PBXBuildFile; fileRef = B41B2BC0C11366C2FE6F1971276462A3 /* AtticUITests.swift */; };
		224664C3A77668DDC7D351736CB9295D /* AtticMobileUITests.swift in Sources */ = {isa = PBXBuildFile; fileRef = 282C41FFC40E2525158A681403A551CD /* AtticMobileUITests.swift */; };
		2327E51388A04D5097E20D9C88176072 /* AppSettingsTests.swift in Sources */ = {isa = PBXBuildFile; fileRef = 34D9F316125ED68692CC0EDEFB186C42 /* AppSettingsTests.swift */; };
		23BC390D0D8C2D274A0DE3026E827EE1 /* TaskItem.swift in Sources */ = {isa = PBXBuildFile; fileRef = 571B88762359B345BDB1EE32DFCC2C18 /* TaskItem.swift */; };
		2757C94EEE6239ABF489D88F9A3A9A3B /* NoteStore.swift in Sources */ = {isa = PBXBuildFile; fileRef = 3A4D5D7365269264689FC653A3F0DDFF /* NoteStore.swift */; };
		27BCF573A3F1A38E24FA948FAF100B07 /* CornerHoverStateMachineTests.swift in Sources */ = {isa = PBXBuildFile; fileRef = 27DD7750B0AE08C349E9895BAF6282BE /* CornerHoverStateMachineTests.swift */; };
		2BFED3F162D248D9341775E4C31589BE /* SettingsView.swift in Sources */ = {isa = PBXBuildFile; fileRef = 11B89F6AFF9608924D5508CE2C21EB0F /* SettingsView.swift */; };
		2DB2A5E7FFAA8208A5E066D8A70BEE1E /* NoteItem.swift in Sources */ = {isa = PBXBuildFile; fileRef = DE924B343DC822533EF41D7E5006CF55 /* NoteItem.swift */; };
		3224C70D6724BC7D34B5F1F2576E2BD0 /* AgentTaskTools.swift in Sources */ = {isa = PBXBuildFile; fileRef = 893892CBE4108C4AFF019DF5D62C450B /* AgentTaskTools.swift */; };
		33B02780FA5E6DBCBD7E171F0DCCC61D /* MobileNotesScreen.swift in Sources */ = {isa = PBXBuildFile; fileRef = 3557DB597395240B932B8C759F957E4E /* MobileNotesScreen.swift */; };
		353637263EEB740186822D668A82812A /* Cocoa.framework in Frameworks */ = {isa = PBXBuildFile; fileRef = D8359BE3DE730EB8FDA12CE6178D83DD /* Cocoa.framework */; };
		36677806ADB146CAFFFCFAD05121F76B /* Assets.xcassets in Resources */ = {isa = PBXBuildFile; fileRef = 6CB646282285F46BF5A774600283F425 /* Assets.xcassets */; };
		382073F99EDBA94AC8C27F86B245B089 /* MobileAppRoot.swift in Sources */ = {isa = PBXBuildFile; fileRef = 8BDD43DB2A02518BACFDFFD5283C5E8A /* MobileAppRoot.swift */; };
		38D56B64838152960CCFA4DDBDB32E84 /* AppDelegate.swift in Sources */ = {isa = PBXBuildFile; fileRef = 2BA4741F3A8986018DE2F20DA6F7291F /* AppDelegate.swift */; };
		40DB0C5DD8898CF4B96E80EBBA64DAA1 /* AtticPanel.swift in Sources */ = {isa = PBXBuildFile; fileRef = 761D22F33D1097636139170FF7CF6782 /* AtticPanel.swift */; };
		4487DB7B97984DDC6F69DAC712D230C1 /* SettingsComponents.swift in Sources */ = {isa = PBXBuildFile; fileRef = 6470489F1C928CC3AACF80E9EDAF509A /* SettingsComponents.swift */; };
		4F5FAD7E10322D41DE47585EB81840C1 /* PanelSettingsView.swift in Sources */ = {isa = PBXBuildFile; fileRef = 16A695D0837E2513C8AFE78DC0942BEC /* PanelSettingsView.swift */; };
		5A2FA0E84A6EFA5368E1CE24B9CDC735 /* AtticApp.swift in Sources */ = {isa = PBXBuildFile; fileRef = DFA83BD596DB6C5709292F7DCA056844 /* AtticApp.swift */; };
		6035B774D7CAD79CD2C3E693F6C60164 /* PrivacyInfo.xcprivacy in Resources */ = {isa = PBXBuildFile; fileRef = 38BB5B806462A19BD839E4D4306C89C6 /* PrivacyInfo.xcprivacy */; };
		63380C60F32F5CDBBFEBF4E525FBF9C8 /* PanelUIState.swift in Sources */ = {isa = PBXBuildFile; fileRef = E60D672D0D18E54DC87BCA7CC1B25072 /* PanelUIState.swift */; };
		66800AE23896A32B5ADFF32A95B5F6CC /* AtticTheme.swift in Sources */ = {isa = PBXBuildFile; fileRef = 891B0AC944D6ABE4E7E5D8097537BE69 /* AtticTheme.swift */; };
		66A652A3AB4825E45F2796539A8A5FD6 /* NoteDraftControllerTests.swift in Sources */ = {isa = PBXBuildFile; fileRef = BDFFD0F90E9248B104212F8F45D5AEBD /* NoteDraftControllerTests.swift */; };
		6752AB523F044C4A70B9D90D03601397 /* NoteDraftController.swift in Sources */ = {isa = PBXBuildFile; fileRef = 1E925F16D636FEDA4E65118CF8917B42 /* NoteDraftController.swift */; };
		6888A6D6B3EA5E11857F0975110C18E3 /* SettingsWindowController.swift in Sources */ = {isa = PBXBuildFile; fileRef = 14F81DA75F0E791EDAD91AB55C3AAA9E /* SettingsWindowController.swift */; };
		6998008A05EB936E5EAF849369FBAEFB /* PanelSection.swift in Sources */ = {isa = PBXBuildFile; fileRef = C75EA076CDD3BFF1FEE5FBB6D7E86579 /* PanelSection.swift */; };
		6B7E261063DBE8E1E75F12C3F434D342 /* NoteStoreTests.swift in Sources */ = {isa = PBXBuildFile; fileRef = AEB96351F033738EEB9948B9ECCEAB49 /* NoteStoreTests.swift */; };
		72577D7DA7FD8B8AAF5A41EA637E6EDD /* AppSettings.swift in Sources */ = {isa = PBXBuildFile; fileRef = 49ACBF06AD1C238641EDD800AA96BBA1 /* AppSettings.swift */; };
		74D4D9E54B68C9843FB651AD26A9A0ED /* AboutSettingsView.swift in Sources */ = {isa = PBXBuildFile; fileRef = AD68C855291F1AD676B461919FA07BD8 /* AboutSettingsView.swift */; };
		7B9943ABC8CA0578A9BB03ED8687FFA6 /* PersistenceController.swift in Sources */ = {isa = PBXBuildFile; fileRef = E314ADB34B28D974EBD65B67F017C4EA /* PersistenceController.swift */; };
		7E7C8AC50384AAB84478CD82C9B6A8F8 /* SettingsPresentationTests.swift in Sources */ = {isa = PBXBuildFile; fileRef = 25BBA2867E4C14D743A9A4E832713D69 /* SettingsPresentationTests.swift */; };
		80D908C9A5D7EC52C6C5E8553EE8C222 /* AtticPanelController.swift in Sources */ = {isa = PBXBuildFile; fileRef = 1DFF479AB4703486594FEDBD809B80BA /* AtticPanelController.swift */; };
		815CFAA9ED52EF9F5732FB904BC03DFF /* Cocoa.framework in Frameworks */ = {isa = PBXBuildFile; fileRef = D8359BE3DE730EB8FDA12CE6178D83DD /* Cocoa.framework */; };
		8220546A667363CBFF68C029AFE0AC8C /* NoteStoreMobileTests.swift in Sources */ = {isa = PBXBuildFile; fileRef = 5FC2A296652FD7F54BB165EB955668A6 /* NoteStoreMobileTests.swift */; };
		877D21D7F6A5BB64D8B45231BA3A7FDE /* PrivacyInfo.xcprivacy in Resources */ = {isa = PBXBuildFile; fileRef = 38BB5B806462A19BD839E4D4306C89C6 /* PrivacyInfo.xcprivacy */; };
		87C5972CFF392C0AA799C3DF9FF272F3 /* Cocoa.framework in Frameworks */ = {isa = PBXBuildFile; fileRef = D8359BE3DE730EB8FDA12CE6178D83DD /* Cocoa.framework */; };
		89BE11BF2EB57669AFEDF66AFCA842C7 /* TaskDragPayload.swift in Sources */ = {isa = PBXBuildFile; fileRef = 228D0B36C1FA4DA5DAC7FDF8A04F07C5 /* TaskDragPayload.swift */; };
		914F8B87C7676B7B0D295C1A520B12E7 /* AtticTheme.swift in Sources */ = {isa = PBXBuildFile; fileRef = 891B0AC944D6ABE4E7E5D8097537BE69 /* AtticTheme.swift */; };
		924D84E9112E1412098C0B940F1545DB /* TaskItem.swift in Sources */ = {isa = PBXBuildFile; fileRef = 571B88762359B345BDB1EE32DFCC2C18 /* TaskItem.swift */; };
		9AB53C6579AA284338F4B4AE9062B0BD /* AgentHTTPRequest.swift in Sources */ = {isa = PBXBuildFile; fileRef = 8697AF7380DB3B1EF7DFA4E8E6A36180 /* AgentHTTPRequest.swift */; };
		9BF1AAA04F2B8E5E97B147A2C83E95AE /* NoteItem.swift in Sources */ = {isa = PBXBuildFile; fileRef = DE924B343DC822533EF41D7E5006CF55 /* NoteItem.swift */; };
		A0495EA3F13234AE9DB35BF7666AA1B6 /* MobileTaskRow.swift in Sources */ = {isa = PBXBuildFile; fileRef = 46745CD0187C6ADFCD09D6416BD95BCD /* MobileTaskRow.swift */; };
		A09DEAFE008E8FFECBB1117F26F9B335 /* PanelGeometryTests.swift in Sources */ = {isa = PBXBuildFile; fileRef = BE20B1C2088B9DB3DCAA33160BF8DC9A /* PanelGeometryTests.swift */; };
		A1CA7040A04320AEAADCA5D874776B97 /* Foundation.framework in Frameworks */ = {isa = PBXBuildFile; fileRef = EADA223201BD18D2E5FFF1DE28821A67 /* Foundation.framework */; };
		A8F1305921A136FA5BF0433EF92AC4B6 /* LoginItemService.swift in Sources */ = {isa = PBXBuildFile; fileRef = 826B34F4903DCBC718C4ACC04C271C84 /* LoginItemService.swift */; };
		AA8FF2DE7E0C3F478EB7BF23C44995C1 /* NotesPanelContent.swift in Sources */ = {isa = PBXBuildFile; fileRef = 8855859B7C962223411AB635C9D8E045 /* NotesPanelContent.swift */; };
		AAB2A698E5645464F69A7ADF44B909CC /* AppCoordinator.swift in Sources */ = {isa = PBXBuildFile; fileRef = 73A8A20C78849FA82E4BB1C34F2B1300 /* AppCoordinator.swift */; };
		AAD2061138E0D7EC0FF176F0826D0359 /* MobileTaskEditor.swift in Sources */ = {isa = PBXBuildFile; fileRef = C098830DBB93C3B27C8DF18651EA2EF1 /* MobileTaskEditor.swift */; };
		AB302357E86F3583682A1474E91F6317 /* AtticPanelView.swift in Sources */ = {isa = PBXBuildFile; fileRef = 217A54A768492E750F576E88D3DD8356 /* AtticPanelView.swift */; };
		AE46861A237B019DE316B7D8EE888782 /* AgentAccessSettingsView.swift in Sources */ = {isa = PBXBuildFile; fileRef = E0DF84CA880283D575A9795E2780FA4A /* AgentAccessSettingsView.swift */; };
		B17AAE096D249D98791E2402A7392481 /* MCPRequestHandlerTests.swift in Sources */ = {isa = PBXBuildFile; fileRef = B540F7E06A141AB63A1565BFF2A09C2C /* MCPRequestHandlerTests.swift */; };
		B227A164F981AC539513AEDA155EE15D /* TaskActionsMenu.swift in Sources */ = {isa = PBXBuildFile; fileRef = 1B4847D057AB94D9B41DF4FF2DD21751 /* TaskActionsMenu.swift */; };
		B2353B23C25311A70E0A3C71595ADDC0 /* Foundation.framework in Frameworks */ = {isa = PBXBuildFile; fileRef = EADA223201BD18D2E5FFF1DE28821A67 /* Foundation.framework */; };
		B42C8D84E9918FA4739D027EC14BEF06 /* MobileTaskListScreen.swift in Sources */ = {isa = PBXBuildFile; fileRef = 10383B9483963B8415CD0CDBB8228560 /* MobileTaskListScreen.swift */; };
		B852CCFE22ECE2DE15BBF94291740481 /* NoteStore.swift in Sources */ = {isa = PBXBuildFile; fileRef = 3A4D5D7365269264689FC653A3F0DDFF /* NoteStore.swift */; };
		BD86C0B5E5B05E52E3CC8F2540E52D9B /* SettingsSection.swift in Sources */ = {isa = PBXBuildFile; fileRef = 6D3FBD0C19CB11C685808356D6ECC0A9 /* SettingsSection.swift */; };
		C165A64AFAEB3A026A17999477C268BF /* TaskComposerView.swift in Sources */ = {isa = PBXBuildFile; fileRef = 556ADDBD064A5CFD47AAC55F7A396477 /* TaskComposerView.swift */; };
		C1A0866F0E01C216769BA31114740403 /* MCPRequestHandler.swift in Sources */ = {isa = PBXBuildFile; fileRef = 86092472B17442CEDA5641C80970154A /* MCPRequestHandler.swift */; };
		C1AB7E024E5D280DAF04BEC46D6C4FAA /* TaskTypes.swift in Sources */ = {isa = PBXBuildFile; fileRef = F1AA4BDD1570D1175F93A67F9560B939 /* TaskTypes.swift */; };
		C1C169E4871D49EDA6CB487CF39E8FE1 /* GlobalHotKey.swift in Sources */ = {isa = PBXBuildFile; fileRef = 227CD630D32DEBD11B8AE10455DBBB9E /* GlobalHotKey.swift */; };
		CA2E38716673C63B39746C40C7EB7874 /* MobileAppModel.swift in Sources */ = {isa = PBXBuildFile; fileRef = 8CCDD71379949118B8647FA9D206DD3D /* MobileAppModel.swift */; };
		CE9FAA863FCA06719A1BBB1E439837AE /* AgentHTTPRequestTests.swift in Sources */ = {isa = PBXBuildFile; fileRef = 0343BF22D7683791A89AFAF05AF878D6 /* AgentHTTPRequestTests.swift */; };
		CF35CCEE96D14A09B77A6A6E3B9F76BC /* TaskStoreMobileTests.swift in Sources */ = {isa = PBXBuildFile; fileRef = 64B7A949AB67E79B7F59707B62118ABB /* TaskStoreMobileTests.swift */; };
		D09AFF8518E89C05EED72498F86FF5C3 /* CornerPicker.swift in Sources */ = {isa = PBXBuildFile; fileRef = E358062A1AD93724B4AA1277B2E99817 /* CornerPicker.swift */; };
		D4008DA05C649525F84D9B7B30FA88C8 /* SyncSettingsView.swift in Sources */ = {isa = PBXBuildFile; fileRef = 185642973FEACAB0D63144561D4728E0 /* SyncSettingsView.swift */; };
		D6AF5BCDDD267FF75228C1549AF75FBB /* TaskStoreTests.swift in Sources */ = {isa = PBXBuildFile; fileRef = 4DBCA342F911825793EC4F3053426DEC /* TaskStoreTests.swift */; };
		DE88D729F300A3AA7056EB1FA20B9E9A /* TaskStore.swift in Sources */ = {isa = PBXBuildFile; fileRef = 4E629717F8D109136981ED4DCBEA93E2 /* TaskStore.swift */; };
		E1EC39A42F6E30038394CDC684AA8781 /* Foundation.framework in Frameworks */ = {isa = PBXBuildFile; fileRef = EADA223201BD18D2E5FFF1DE28821A67 /* Foundation.framework */; };
		E3E6245B0DAB4B40D3B7B3FFC952C5B0 /* TaskActionsMenu.swift in Sources */ = {isa = PBXBuildFile; fileRef = 1B4847D057AB94D9B41DF4FF2DD21751 /* TaskActionsMenu.swift */; };
		E81778FEAFC165842902EDC2E795E29E /* TaskTypes.swift in Sources */ = {isa = PBXBuildFile; fileRef = F1AA4BDD1570D1175F93A67F9560B939 /* TaskTypes.swift */; };
		EA6B3722A1E85C37FB38FFE1ABD9FF46 /* PanelGeometry.swift in Sources */ = {isa = PBXBuildFile; fileRef = B17C7683F0C9DFE76EED26541B0EB309 /* PanelGeometry.swift */; };
		ECA900475DDD5B6159B29883DC631D72 /* AtticMobileApp.swift in Sources */ = {isa = PBXBuildFile; fileRef = 468CCED2455D96FDDE3B4FB220CA9534 /* AtticMobileApp.swift */; };
		F03DCB05A0EC15E66315CDF2FC63B3EC /* AgentServer.swift in Sources */ = {isa = PBXBuildFile; fileRef = D3182A443DD97E5CD44F9E5503084503 /* AgentServer.swift */; };
		F0DEBC2D6E33E0D6CC045C2425A9F9C1 /* TaskRowView.swift in Sources */ = {isa = PBXBuildFile; fileRef = 6CCF3EA89A1E5C0B7B9DDA70C797601D /* TaskRowView.swift */; };
		F208F5B8D9FB33E3079FAC5402533762 /* CornerHoverStateMachine.swift in Sources */ = {isa = PBXBuildFile; fileRef = C5C3D83DB69085014ADE6475620EABEC /* CornerHoverStateMachine.swift */; };
		F8A2036AB095D23EC586C74E8AD1E081 /* DailyCleanupService.swift in Sources */ = {isa = PBXBuildFile; fileRef = E4848FBBE77D5570E3172D1BB75F5294 /* DailyCleanupService.swift */; };
		FFB43770376AFA3425B9FFE52F644376 /* MenuBarView.swift in Sources */ = {isa = PBXBuildFile; fileRef = 849AF620A3FF4D3D233FEF3A0176B7C9 /* MenuBarView.swift */; };
/* End PBXBuildFile section */

/* Begin PBXContainerItemProxy section */
		1936B476A94483DDBD5A1F09EFD66BB1 /* PBXContainerItemProxy */ = {
			isa = PBXContainerItemProxy;
			containerPortal = DA958AEF55466F70E6607154738295C0 /* Project object */;
			proxyType = 1;
			remoteGlobalIDString = 86AE68D87B2CE17260FE6F50EA7D88CA;
			remoteInfo = Attic;
		};
		A342E5C634AF2B75BCB36090080BEF14 /* PBXContainerItemProxy */ = {
			isa = PBXContainerItemProxy;
			containerPortal = DA958AEF55466F70E6607154738295C0 /* Project object */;
			proxyType = 1;
			remoteGlobalIDString = 6A9C0775F09BF19B3C70496EEC4AF237;
			remoteInfo = AtticMobile;
		};
		C360DB55EE6C1DA6E09845349014A993 /* PBXContainerItemProxy */ = {
			isa = PBXContainerItemProxy;
			containerPortal = DA958AEF55466F70E6607154738295C0 /* Project object */;
			proxyType = 1;
			remoteGlobalIDString = 6A9C0775F09BF19B3C70496EEC4AF237;
			remoteInfo = AtticMobile;
		};
		D7F7AB915567429B2ED77567FD567066 /* PBXContainerItemProxy */ = {
			isa = PBXContainerItemProxy;
			containerPortal = DA958AEF55466F70E6607154738295C0 /* Project object */;
			proxyType = 1;
			remoteGlobalIDString = 86AE68D87B2CE17260FE6F50EA7D88CA;
			remoteInfo = Attic;
		};
/* End PBXContainerItemProxy section */

/* Begin PBXFileReference section */
		0343BF22D7683791A89AFAF05AF878D6 /* AgentHTTPRequestTests.swift */ = {isa = PBXFileReference; includeInIndex = 1; lastKnownFileType = sourcecode.swift; path = AgentHTTPRequestTests.swift; sourceTree = "<group>"; };
		10383B9483963B8415CD0CDBB8228560 /* MobileTaskListScreen.swift */ = {isa = PBXFileReference; includeInIndex = 1; lastKnownFileType = sourcecode.swift; name = MobileTaskListScreen.swift; path = Views/MobileTaskListScreen.swift; sourceTree = "<group>"; };
		11B89F6AFF9608924D5508CE2C21EB0F /* SettingsView.swift */ = {isa = PBXFileReference; includeInIndex = 1; lastKnownFileType = sourcecode.swift; name = SettingsView.swift; path = Views/Settings/SettingsView.swift; sourceTree = "<group>"; };
		14F81DA75F0E791EDAD91AB55C3AAA9E /* SettingsWindowController.swift */ = {isa = PBXFileReference; includeInIndex = 1; lastKnownFileType = sourcecode.swift; name = SettingsWindowController.swift; path = Window/SettingsWindowController.swift; sourceTree = "<group>"; };
		15E410660BBB4F0BC150FF10A09AEE8C /* AppearanceSettingsView.swift */ = {isa = PBXFileReference; includeInIndex = 1; lastKnownFileType = sourcecode.swift; name = AppearanceSettingsView.swift; path = Views/Settings/AppearanceSettingsView.swift; sourceTree = "<group>"; };
		16A695D0837E2513C8AFE78DC0942BEC /* PanelSettingsView.swift */ = {isa = PBXFileReference; includeInIndex = 1; lastKnownFileType = sourcecode.swift; name = PanelSettingsView.swift; path = Views/Settings/PanelSettingsView.swift; sourceTree = "<group>"; };
		185642973FEACAB0D63144561D4728E0 /* SyncSettingsView.swift */ = {isa = PBXFileReference; includeInIndex = 1; lastKnownFileType = sourcecode.swift; name = SyncSettingsView.swift; path = Views/Settings/SyncSettingsView.swift; sourceTree = "<group>"; };
		1B4847D057AB94D9B41DF4FF2DD21751 /* TaskActionsMenu.swift */ = {isa = PBXFileReference; includeInIndex = 1; lastKnownFileType = sourcecode.swift; name = TaskActionsMenu.swift; path = Design/TaskActionsMenu.swift; sourceTree = "<group>"; };
		1D6F9E17BCD4F93E9FA0F022635683EF /* TaskSectionView.swift */ = {isa = PBXFileReference; includeInIndex = 1; lastKnownFileType = sourcecode.swift; name = TaskSectionView.swift; path = Views/Panel/TaskSectionView.swift; sourceTree = "<group>"; };
		1DFF479AB4703486594FEDBD809B80BA /* AtticPanelController.swift */ = {isa = PBXFileReference; includeInIndex = 1; lastKnownFileType = sourcecode.swift; name = AtticPanelController.swift; path = Window/AtticPanelController.swift; sourceTree = "<group>"; };
		1E925F16D636FEDA4E65118CF8917B42 /* NoteDraftController.swift */ = {isa = PBXFileReference; includeInIndex = 1; lastKnownFileType = sourcecode.swift; name = NoteDraftController.swift; path = Services/NoteDraftController.swift; sourceTree = "<group>"; };
		202E07D5B85798E2D9A5C7D49CC7C5C5 /* Attic.app */ = {isa = PBXFileReference; explicitFileType = wrapper.application; includeInIndex = 0; path = Attic.app; sourceTree = BUILT_PRODUCTS_DIR; };
		217A54A768492E750F576E88D3DD8356 /* AtticPanelView.swift */ = {isa = PBXFileReference; includeInIndex = 1; lastKnownFileType = sourcecode.swift; name = AtticPanelView.swift; path = Views/Panel/AtticPanelView.swift; sourceTree = "<group>"; };
		21CAC33D871466BD1BA3B6FDF98CE158 /* GeneralSettingsView.swift */ = {isa = PBXFileReference; includeInIndex = 1; lastKnownFileType = sourcecode.swift; name = GeneralSettingsView.swift; path = Views/Settings/GeneralSettingsView.swift; sourceTree = "<group>"; };
		227CD630D32DEBD11B8AE10455DBBB9E /* GlobalHotKey.swift */ = {isa = PBXFileReference; includeInIndex = 1; lastKnownFileType = sourcecode.swift; name = GlobalHotKey.swift; path = Services/GlobalHotKey.swift; sourceTree = "<group>"; };
		228D0B36C1FA4DA5DAC7FDF8A04F07C5 /* TaskDragPayload.swift */ = {isa = PBXFileReference; includeInIndex = 1; lastKnownFileType = sourcecode.swift; name = TaskDragPayload.swift; path = Models/TaskDragPayload.swift; sourceTree = "<group>"; };
		25BBA2867E4C14D743A9A4E832713D69 /* SettingsPresentationTests.swift */ = {isa = PBXFileReference; includeInIndex = 1; lastKnownFileType = sourcecode.swift; path = SettingsPresentationTests.swift; sourceTree = "<group>"; };
		27DD7750B0AE08C349E9895BAF6282BE /* CornerHoverStateMachineTests.swift */ = {isa = PBXFileReference; includeInIndex = 1; lastKnownFileType = sourcecode.swift; path = CornerHoverStateMachineTests.swift; sourceTree = "<group>"; };
		282C41FFC40E2525158A681403A551CD /* AtticMobileUITests.swift */ = {isa = PBXFileReference; includeInIndex = 1; lastKnownFileType = sourcecode.swift; path = AtticMobileUITests.swift; sourceTree = "<group>"; };
		2BA4741F3A8986018DE2F20DA6F7291F /* AppDelegate.swift */ = {isa = PBXFileReference; includeInIndex = 1; lastKnownFileType = sourcecode.swift; name = AppDelegate.swift; path = App/AppDelegate.swift; sourceTree = "<group>"; };
		34D9F316125ED68692CC0EDEFB186C42 /* AppSettingsTests.swift */ = {isa = PBXFileReference; includeInIndex = 1; lastKnownFileType = sourcecode.swift; path = AppSettingsTests.swift; sourceTree = "<group>"; };
		3557DB597395240B932B8C759F957E4E /* MobileNotesScreen.swift */ = {isa = PBXFileReference; includeInIndex = 1; lastKnownFileType = sourcecode.swift; name = MobileNotesScreen.swift; path = Views/MobileNotesScreen.swift; sourceTree = "<group>"; };
		376D829F450E5DA6E0E503D0CEF1CF38 /* TaskStatusButton.swift */ = {isa = PBXFileReference; includeInIndex = 1; lastKnownFileType = sourcecode.swift; name = TaskStatusButton.swift; path = Views/Panel/TaskStatusButton.swift; sourceTree = "<group>"; };
		38BB5B806462A19BD839E4D4306C89C6 /* PrivacyInfo.xcprivacy */ = {isa = PBXFileReference; includeInIndex = 1; name = PrivacyInfo.xcprivacy; path = Resources/PrivacyInfo.xcprivacy; sourceTree = "<group>"; };
		3A4D5D7365269264689FC653A3F0DDFF /* NoteStore.swift */ = {isa = PBXFileReference; includeInIndex = 1; lastKnownFileType = sourcecode.swift; name = NoteStore.swift; path = Services/NoteStore.swift; sourceTree = "<group>"; };
		46745CD0187C6ADFCD09D6416BD95BCD /* MobileTaskRow.swift */ = {isa = PBXFileReference; includeInIndex = 1; lastKnownFileType = sourcecode.swift; name = MobileTaskRow.swift; path = Views/MobileTaskRow.swift; sourceTree = "<group>"; };
		468CCED2455D96FDDE3B4FB220CA9534 /* AtticMobileApp.swift */ = {isa = PBXFileReference; includeInIndex = 1; lastKnownFileType = sourcecode.swift; name = AtticMobileApp.swift; path = App/AtticMobileApp.swift; sourceTree = "<group>"; };
		49ACBF06AD1C238641EDD800AA96BBA1 /* AppSettings.swift */ = {isa = PBXFileReference; includeInIndex = 1; lastKnownFileType = sourcecode.swift; name = AppSettings.swift; path = Services/AppSettings.swift; sourceTree = "<group>"; };
		4DBCA342F911825793EC4F3053426DEC /* TaskStoreTests.swift */ = {isa = PBXFileReference; includeInIndex = 1; lastKnownFileType = sourcecode.swift; path = TaskStoreTests.swift; sourceTree = "<group>"; };
		4E629717F8D109136981ED4DCBEA93E2 /* TaskStore.swift */ = {isa = PBXFileReference; includeInIndex = 1; lastKnownFileType = sourcecode.swift; name = TaskStore.swift; path = Services/TaskStore.swift; sourceTree = "<group>"; };
		556ADDBD064A5CFD47AAC55F7A396477 /* TaskComposerView.swift */ = {isa = PBXFileReference; includeInIndex = 1; lastKnownFileType = sourcecode.swift; name = TaskComposerView.swift; path = Views/Panel/TaskComposerView.swift; sourceTree = "<group>"; };
		571B88762359B345BDB1EE32DFCC2C18 /* TaskItem.swift */ = {isa = PBXFileReference; includeInIndex = 1; lastKnownFileType = sourcecode.swift; name = TaskItem.swift; path = Models/TaskItem.swift; sourceTree = "<group>"; };
		5FC2A296652FD7F54BB165EB955668A6 /* NoteStoreMobileTests.swift */ = {isa = PBXFileReference; includeInIndex = 1; lastKnownFileType = sourcecode.swift; path = NoteStoreMobileTests.swift; sourceTree = "<group>"; };
		6470489F1C928CC3AACF80E9EDAF509A /* SettingsComponents.swift */ = {isa = PBXFileReference; includeInIndex = 1; lastKnownFileType = sourcecode.swift; name = SettingsComponents.swift; path = Views/Settings/SettingsComponents.swift; sourceTree = "<group>"; };
		64B7A949AB67E79B7F59707B62118ABB /* TaskStoreMobileTests.swift */ = {isa = PBXFileReference; includeInIndex = 1; lastKnownFileType = sourcecode.swift; path = TaskStoreMobileTests.swift; sourceTree = "<group>"; };
		66CE21B7B9ED6DBD0BD3646A0D61C1F0 /* Attic.entitlements */ = {isa = PBXFileReference; includeInIndex = 1; lastKnownFileType = text.plist.entitlements; path = Attic.entitlements; sourceTree = "<group>"; };
		6CB646282285F46BF5A774600283F425 /* Assets.xcassets */ = {isa = PBXFileReference; includeInIndex = 1; lastKnownFileType = folder.assetcatalog; name = Assets.xcassets; path = Resources/Assets.xcassets; sourceTree = "<group>"; };
		6CCF3EA89A1E5C0B7B9DDA70C797601D /* TaskRowView.swift */ = {isa = PBXFileReference; includeInIndex = 1; lastKnownFileType = sourcecode.swift; name = TaskRowView.swift; path = Views/Panel/TaskRowView.swift; sourceTree = "<group>"; };
		6D3FBD0C19CB11C685808356D6ECC0A9 /* SettingsSection.swift */ = {isa = PBXFileReference; includeInIndex = 1; lastKnownFileType = sourcecode.swift; name = SettingsSection.swift; path = Views/Settings/SettingsSection.swift; sourceTree = "<group>"; };
		73A8A20C78849FA82E4BB1C34F2B1300 /* AppCoordinator.swift */ = {isa = PBXFileReference; includeInIndex = 1; lastKnownFileType = sourcecode.swift; name = AppCoordinator.swift; path = App/AppCoordinator.swift; sourceTree = "<group>"; };
		761D22F33D1097636139170FF7CF6782 /* AtticPanel.swift */ = {isa = PBXFileReference; includeInIndex = 1; lastKnownFileType = sourcecode.swift; name = AtticPanel.swift; path = Window/AtticPanel.swift; sourceTree = "<group>"; };
		826B34F4903DCBC718C4ACC04C271C84 /* LoginItemService.swift */ = {isa = PBXFileReference; includeInIndex = 1; lastKnownFileType = sourcecode.swift; name = LoginItemService.swift; path = Services/LoginItemService.swift; sourceTree = "<group>"; };
		849AF620A3FF4D3D233FEF3A0176B7C9 /* MenuBarView.swift */ = {isa = PBXFileReference; includeInIndex = 1; lastKnownFileType = sourcecode.swift; name = MenuBarView.swift; path = Views/MenuBarView.swift; sourceTree = "<group>"; };
		855A7F1A9079162E9277D6ED99DEE75C /* AtticStyle.swift */ = {isa = PBXFileReference; includeInIndex = 1; lastKnownFileType = sourcecode.swift; name = AtticStyle.swift; path = Design/AtticStyle.swift; sourceTree = "<group>"; };
		86092472B17442CEDA5641C80970154A /* MCPRequestHandler.swift */ = {isa = PBXFileReference; includeInIndex = 1; lastKnownFileType = sourcecode.swift; name = MCPRequestHandler.swift; path = Services/AgentServer/MCPRequestHandler.swift; sourceTree = "<group>"; };
		8697AF7380DB3B1EF7DFA4E8E6A36180 /* AgentHTTPRequest.swift */ = {isa = PBXFileReference; includeInIndex = 1; lastKnownFileType = sourcecode.swift; name = AgentHTTPRequest.swift; path = Services/AgentServer/AgentHTTPRequest.swift; sourceTree = "<group>"; };
		86D609EC2EF7FFEFC16A7AE6189D935B /* AtticNotesLocal.entitlements */ = {isa = PBXFileReference; includeInIndex = 1; lastKnownFileType = text.plist.entitlements; path = AtticNotesLocal.entitlements; sourceTree = "<group>"; };
		8855859B7C962223411AB635C9D8E045 /* NotesPanelContent.swift */ = {isa = PBXFileReference; includeInIndex = 1; lastKnownFileType = sourcecode.swift; name = NotesPanelContent.swift; path = Views/Panel/NotesPanelContent.swift; sourceTree = "<group>"; };
		891B0AC944D6ABE4E7E5D8097537BE69 /* AtticTheme.swift */ = {isa = PBXFileReference; includeInIndex = 1; lastKnownFileType = sourcecode.swift; name = AtticTheme.swift; path = Design/AtticTheme.swift; sourceTree = "<group>"; };
		893892CBE4108C4AFF019DF5D62C450B /* AgentTaskTools.swift */ = {isa = PBXFileReference; includeInIndex = 1; lastKnownFileType = sourcecode.swift; name = AgentTaskTools.swift; path = Services/AgentServer/AgentTaskTools.swift; sourceTree = "<group>"; };
		8BDD43DB2A02518BACFDFFD5283C5E8A /* MobileAppRoot.swift */ = {isa = PBXFileReference; includeInIndex = 1; lastKnownFileType = sourcecode.swift; name = MobileAppRoot.swift; path = Views/MobileAppRoot.swift; sourceTree = "<group>"; };
		8CCDD71379949118B8647FA9D206DD3D /* MobileAppModel.swift */ = {isa = PBXFileReference; includeInIndex = 1; lastKnownFileType = sourcecode.swift; name = MobileAppModel.swift; path = App/MobileAppModel.swift; sourceTree = "<group>"; };
		8FE52689E97C5D820F9A54E41757C865 /* DailyCleanupServiceTests.swift */ = {isa = PBXFileReference; includeInIndex = 1; lastKnownFileType = sourcecode.swift; path = DailyCleanupServiceTests.swift; sourceTree = "<group>"; };
		9A6FD297C465E270C543BB21CC7DF26E /* AgentAccessTokenStore.swift */ = {isa = PBXFileReference; includeInIndex = 1; lastKnownFileType = sourcecode.swift; name = AgentAccessTokenStore.swift; path = Services/AgentServer/AgentAccessTokenStore.swift; sourceTree = "<group>"; };
		9BFED3CBD617D0C9E3EF94DC2552B5E3 /* AtticLocal.entitlements */ = {isa = PBXFileReference; includeInIndex = 1; lastKnownFileType = text.plist.entitlements; path = AtticLocal.entitlements; sourceTree = "<group>"; };
		A8891FE18A7E065F90C30D71337E672F /* AtticMobileUITests.xctest */ = {isa = PBXFileReference; explicitFileType = wrapper.cfbundle; includeInIndex = 0; path = AtticMobileUITests.xctest; sourceTree = BUILT_PRODUCTS_DIR; };
		AD68C855291F1AD676B461919FA07BD8 /* AboutSettingsView.swift */ = {isa = PBXFileReference; includeInIndex = 1; lastKnownFileType = sourcecode.swift; name = AboutSettingsView.swift; path = Views/Settings/AboutSettingsView.swift; sourceTree = "<group>"; };
		AEB96351F033738EEB9948B9ECCEAB49 /* NoteStoreTests.swift */ = {isa = PBXFileReference; includeInIndex = 1; lastKnownFileType = sourcecode.swift; path = NoteStoreTests.swift; sourceTree = "<group>"; };
		B0D738AC3E219B4B6D6C1B1CB0A006F4 /* CornerHoverMonitor.swift */ = {isa = PBXFileReference; includeInIndex = 1; lastKnownFileType = sourcecode.swift; name = CornerHoverMonitor.swift; path = Services/CornerHoverMonitor.swift; sourceTree = "<group>"; };
		B17C7683F0C9DFE76EED26541B0EB309 /* PanelGeometry.swift */ = {isa = PBXFileReference; includeInIndex = 1; lastKnownFileType = sourcecode.swift; name = PanelGeometry.swift; path = Services/PanelGeometry.swift; sourceTree = "<group>"; };
		B41B2BC0C11366C2FE6F1971276462A3 /* AtticUITests.swift */ = {isa = PBXFileReference; includeInIndex = 1; lastKnownFileType = sourcecode.swift; path = AtticUITests.swift; sourceTree = "<group>"; };
		B540F7E06A141AB63A1565BFF2A09C2C /* MCPRequestHandlerTests.swift */ = {isa = PBXFileReference; includeInIndex = 1; lastKnownFileType = sourcecode.swift; path = MCPRequestHandlerTests.swift; sourceTree = "<group>"; };
		B5EB3D8A5FA9D6C5324791251955F025 /* AtticMobileTests.xctest */ = {isa = PBXFileReference; explicitFileType = wrapper.cfbundle; includeInIndex = 0; path = AtticMobileTests.xctest; sourceTree = BUILT_PRODUCTS_DIR; };
		BDFFD0F90E9248B104212F8F45D5AEBD /* NoteDraftControllerTests.swift */ = {isa = PBXFileReference; includeInIndex = 1; lastKnownFileType = sourcecode.swift; path = NoteDraftControllerTests.swift; sourceTree = "<group>"; };
		BE20B1C2088B9DB3DCAA33160BF8DC9A /* PanelGeometryTests.swift */ = {isa = PBXFileReference; includeInIndex = 1; lastKnownFileType = sourcecode.swift; path = PanelGeometryTests.swift; sourceTree = "<group>"; };
		BF8605B21712B69387D2D40566081086 /* Info.plist */ = {isa = PBXFileReference; includeInIndex = 1; lastKnownFileType = text.plist.xml; path = Info.plist; sourceTree = "<group>"; };
		C098830DBB93C3B27C8DF18651EA2EF1 /* MobileTaskEditor.swift */ = {isa = PBXFileReference; includeInIndex = 1; lastKnownFileType = sourcecode.swift; name = MobileTaskEditor.swift; path = Views/MobileTaskEditor.swift; sourceTree = "<group>"; };
		C4A9126FEEA9D131F6609B655AE34C83 /* AtticDebug.entitlements */ = {isa = PBXFileReference; includeInIndex = 1; lastKnownFileType = text.plist.entitlements; path = AtticDebug.entitlements; sourceTree = "<group>"; };
		C5C3D83DB69085014ADE6475620EABEC /* CornerHoverStateMachine.swift */ = {isa = PBXFileReference; includeInIndex = 1; lastKnownFileType = sourcecode.swift; name = CornerHoverStateMachine.swift; path = Services/CornerHoverStateMachine.swift; sourceTree = "<group>"; };
		C75EA076CDD3BFF1FEE5FBB6D7E86579 /* PanelSection.swift */ = {isa = PBXFileReference; includeInIndex = 1; lastKnownFileType = sourcecode.swift; name = PanelSection.swift; path = Window/PanelSection.swift; sourceTree = "<group>"; };
		D3182A443DD97E5CD44F9E5503084503 /* AgentServer.swift */ = {isa = PBXFileReference; includeInIndex = 1; lastKnownFileType = sourcecode.swift; name = AgentServer.swift; path = Services/AgentServer/AgentServer.swift; sourceTree = "<group>"; };
		D8359BE3DE730EB8FDA12CE6178D83DD /* Cocoa.framework */ = {isa = PBXFileReference; lastKnownFileType = wrapper.framework; name = Cocoa.framework; path = Platforms/MacOSX.platform/Developer/SDKs/MacOSX15.0.sdk/System/Library/Frameworks/Cocoa.framework; sourceTree = DEVELOPER_DIR; };
		D86B30B1BFC57D704A3E1A1BBC18E5CC /* AtticUITests.xctest */ = {isa = PBXFileReference; explicitFileType = wrapper.cfbundle; includeInIndex = 0; path = AtticUITests.xctest; sourceTree = BUILT_PRODUCTS_DIR; };
		DCFD55D7951F15D6FCE879F18DFA7F0D /* AtticMobile.entitlements */ = {isa = PBXFileReference; includeInIndex = 1; lastKnownFileType = text.plist.entitlements; path = AtticMobile.entitlements; sourceTree = "<group>"; };
		DE924B343DC822533EF41D7E5006CF55 /* NoteItem.swift */ = {isa = PBXFileReference; includeInIndex = 1; lastKnownFileType = sourcecode.swift; name = NoteItem.swift; path = Models/NoteItem.swift; sourceTree = "<group>"; };
		DFA83BD596DB6C5709292F7DCA056844 /* AtticApp.swift */ = {isa = PBXFileReference; includeInIndex = 1; lastKnownFileType = sourcecode.swift; name = AtticApp.swift; path = App/AtticApp.swift; sourceTree = "<group>"; };
		E0DF84CA880283D575A9795E2780FA4A /* AgentAccessSettingsView.swift */ = {isa = PBXFileReference; includeInIndex = 1; lastKnownFileType = sourcecode.swift; name = AgentAccessSettingsView.swift; path = Views/Settings/AgentAccessSettingsView.swift; sourceTree = "<group>"; };
		E314ADB34B28D974EBD65B67F017C4EA /* PersistenceController.swift */ = {isa = PBXFileReference; includeInIndex = 1; lastKnownFileType = sourcecode.swift; name = PersistenceController.swift; path = Services/PersistenceController.swift; sourceTree = "<group>"; };
		E358062A1AD93724B4AA1277B2E99817 /* CornerPicker.swift */ = {isa = PBXFileReference; includeInIndex = 1; lastKnownFileType = sourcecode.swift; name = CornerPicker.swift; path = Views/Settings/CornerPicker.swift; sourceTree = "<group>"; };
		E4848FBBE77D5570E3172D1BB75F5294 /* DailyCleanupService.swift */ = {isa = PBXFileReference; includeInIndex = 1; lastKnownFileType = sourcecode.swift; name = DailyCleanupService.swift; path = Services/DailyCleanupService.swift; sourceTree = "<group>"; };
		E60D672D0D18E54DC87BCA7CC1B25072 /* PanelUIState.swift */ = {isa = PBXFileReference; includeInIndex = 1; lastKnownFileType = sourcecode.swift; name = PanelUIState.swift; path = Window/PanelUIState.swift; sourceTree = "<group>"; };
		E9A03C0866CEEACEA58CD311EABF9FC1 /* TestSupport.swift */ = {isa = PBXFileReference; includeInIndex = 1; lastKnownFileType = sourcecode.swift; path = TestSupport.swift; sourceTree = "<group>"; };
		EAA6E70A1F7D6A7598991AE50B4B32B0 /* Info.plist */ = {isa = PBXFileReference; includeInIndex = 1; lastKnownFileType = text.plist.xml; path = Info.plist; sourceTree = "<group>"; };
		EADA223201BD18D2E5FFF1DE28821A67 /* Foundation.framework */ = {isa = PBXFileReference; lastKnownFileType = wrapper.framework; name = Foundation.framework; path = Platforms/iPhoneOS.platform/Developer/SDKs/iPhoneOS18.0.sdk/System/Library/Frameworks/Foundation.framework; sourceTree = DEVELOPER_DIR; };
		ED1844739C3F5556E80C3747F801FD85 /* AtticMobile.app */ = {isa = PBXFileReference; explicitFileType = wrapper.application; includeInIndex = 0; path = AtticMobile.app; sourceTree = BUILT_PRODUCTS_DIR; };
		F1AA4BDD1570D1175F93A67F9560B939 /* TaskTypes.swift */ = {isa = PBXFileReference; includeInIndex = 1; lastKnownFileType = sourcecode.swift; name = TaskTypes.swift; path = Models/TaskTypes.swift; sourceTree = "<group>"; };
		FD6591C171BA7256A2A3DD06F1BDDBED /* AtticTests.xctest */ = {isa = PBXFileReference; explicitFileType = wrapper.cfbundle; includeInIndex = 0; path = AtticTests.xctest; sourceTree = BUILT_PRODUCTS_DIR; };
/* End PBXFileReference section */

/* Begin PBXFrameworksBuildPhase section */
		55202AE09988B3F0957D53F273D390EE /* Frameworks */ = {
			isa = PBXFrameworksBuildPhase;
			buildActionMask = 2147483647;
			files = (
				87C5972CFF392C0AA799C3DF9FF272F3 /* Cocoa.framework in Frameworks */,
			);
			runOnlyForDeploymentPostprocessing = 0;
		};
		69DC570CF6A5B044C3EF798481F66C7B /* Frameworks */ = {
			isa = PBXFrameworksBuildPhase;
			buildActionMask = 2147483647;
			files = (
				B2353B23C25311A70E0A3C71595ADDC0 /* Foundation.framework in Frameworks */,
			);
			runOnlyForDeploymentPostprocessing = 0;
		};
		99F93607123FE94F866F8A7A65A7FB7F /* Frameworks */ = {
			isa = PBXFrameworksBuildPhase;
			buildActionMask = 2147483647;
			files = (
				E1EC39A42F6E30038394CDC684AA8781 /* Foundation.framework in Frameworks */,
			);
			runOnlyForDeploymentPostprocessing = 0;
		};
		A2E41B10176D3256D5F5967318AE57F6 /* Frameworks */ = {
			isa = PBXFrameworksBuildPhase;
			buildActionMask = 2147483647;
			files = (
				A1CA7040A04320AEAADCA5D874776B97 /* Foundation.framework in Frameworks */,
			);
			runOnlyForDeploymentPostprocessing = 0;
		};
		CE539C48D05E4CEB649719AFF64C0336 /* Frameworks */ = {
			isa = PBXFrameworksBuildPhase;
			buildActionMask = 2147483647;
			files = (
				815CFAA9ED52EF9F5732FB904BC03DFF /* Cocoa.framework in Frameworks */,
			);
			runOnlyForDeploymentPostprocessing = 0;
		};
		CF0036EC2DE97C9473244426A5C52E23 /* Frameworks */ = {
			isa = PBXFrameworksBuildPhase;
			buildActionMask = 2147483647;
			files = (
				353637263EEB740186822D668A82812A /* Cocoa.framework in Frameworks */,
			);
			runOnlyForDeploymentPostprocessing = 0;
		};
/* End PBXFrameworksBuildPhase section */

/* Begin PBXGroup section */
		29ECB8402F12D53F05153F2CE769A1F4 /* Attic */ = {
			isa = PBXGroup;
			children = (
				73A8A20C78849FA82E4BB1C34F2B1300 /* AppCoordinator.swift */,
				2BA4741F3A8986018DE2F20DA6F7291F /* AppDelegate.swift */,
				DFA83BD596DB6C5709292F7DCA056844 /* AtticApp.swift */,
				855A7F1A9079162E9277D6ED99DEE75C /* AtticStyle.swift */,
				891B0AC944D6ABE4E7E5D8097537BE69 /* AtticTheme.swift */,
				1B4847D057AB94D9B41DF4FF2DD21751 /* TaskActionsMenu.swift */,
				DE924B343DC822533EF41D7E5006CF55 /* NoteItem.swift */,
				228D0B36C1FA4DA5DAC7FDF8A04F07C5 /* TaskDragPayload.swift */,
				571B88762359B345BDB1EE32DFCC2C18 /* TaskItem.swift */,
				F1AA4BDD1570D1175F93A67F9560B939 /* TaskTypes.swift */,
				9A6FD297C465E270C543BB21CC7DF26E /* AgentAccessTokenStore.swift */,
				8697AF7380DB3B1EF7DFA4E8E6A36180 /* AgentHTTPRequest.swift */,
				D3182A443DD97E5CD44F9E5503084503 /* AgentServer.swift */,
				893892CBE4108C4AFF019DF5D62C450B /* AgentTaskTools.swift */,
				86092472B17442CEDA5641C80970154A /* MCPRequestHandler.swift */,
				49ACBF06AD1C238641EDD800AA96BBA1 /* AppSettings.swift */,
				B0D738AC3E219B4B6D6C1B1CB0A006F4 /* CornerHoverMonitor.swift */,
				C5C3D83DB69085014ADE6475620EABEC /* CornerHoverStateMachine.swift */,
				E4848FBBE77D5570E3172D1BB75F5294 /* DailyCleanupService.swift */,
				227CD630D32DEBD11B8AE10455DBBB9E /* GlobalHotKey.swift */,
				826B34F4903DCBC718C4ACC04C271C84 /* LoginItemService.swift */,
				1E925F16D636FEDA4E65118CF8917B42 /* NoteDraftController.swift */,
				3A4D5D7365269264689FC653A3F0DDFF /* NoteStore.swift */,
				B17C7683F0C9DFE76EED26541B0EB309 /* PanelGeometry.swift */,
				E314ADB34B28D974EBD65B67F017C4EA /* PersistenceController.swift */,
				4E629717F8D109136981ED4DCBEA93E2 /* TaskStore.swift */,
				849AF620A3FF4D3D233FEF3A0176B7C9 /* MenuBarView.swift */,
				217A54A768492E750F576E88D3DD8356 /* AtticPanelView.swift */,
				8855859B7C962223411AB635C9D8E045 /* NotesPanelContent.swift */,
				556ADDBD064A5CFD47AAC55F7A396477 /* TaskComposerView.swift */,
				6CCF3EA89A1E5C0B7B9DDA70C797601D /* TaskRowView.swift */,
				1D6F9E17BCD4F93E9FA0F022635683EF /* TaskSectionView.swift */,
				376D829F450E5DA6E0E503D0CEF1CF38 /* TaskStatusButton.swift */,
				AD68C855291F1AD676B461919FA07BD8 /* AboutSettingsView.swift */,
				E0DF84CA880283D575A9795E2780FA4A /* AgentAccessSettingsView.swift */,
				15E410660BBB4F0BC150FF10A09AEE8C /* AppearanceSettingsView.swift */,
				E358062A1AD93724B4AA1277B2E99817 /* CornerPicker.swift */,
				21CAC33D871466BD1BA3B6FDF98CE158 /* GeneralSettingsView.swift */,
				16A695D0837E2513C8AFE78DC0942BEC /* PanelSettingsView.swift */,
				6470489F1C928CC3AACF80E9EDAF509A /* SettingsComponents.swift */,
				6D3FBD0C19CB11C685808356D6ECC0A9 /* SettingsSection.swift */,
				11B89F6AFF9608924D5508CE2C21EB0F /* SettingsView.swift */,
				185642973FEACAB0D63144561D4728E0 /* SyncSettingsView.swift */,
				761D22F33D1097636139170FF7CF6782 /* AtticPanel.swift */,
				1DFF479AB4703486594FEDBD809B80BA /* AtticPanelController.swift */,
				C75EA076CDD3BFF1FEE5FBB6D7E86579 /* PanelSection.swift */,
				E60D672D0D18E54DC87BCA7CC1B25072 /* PanelUIState.swift */,
				14F81DA75F0E791EDAD91AB55C3AAA9E /* SettingsWindowController.swift */,
				6CB646282285F46BF5A774600283F425 /* Assets.xcassets */,
				38BB5B806462A19BD839E4D4306C89C6 /* PrivacyInfo.xcprivacy */,
				66CE21B7B9ED6DBD0BD3646A0D61C1F0 /* Attic.entitlements */,
				C4A9126FEEA9D131F6609B655AE34C83 /* AtticDebug.entitlements */,
				9BFED3CBD617D0C9E3EF94DC2552B5E3 /* AtticLocal.entitlements */,
				86D609EC2EF7FFEFC16A7AE6189D935B /* AtticNotesLocal.entitlements */,
				EAA6E70A1F7D6A7598991AE50B4B32B0 /* Info.plist */,
			);
			name = Attic;
			path = Attic;
			sourceTree = "<group>";
		};
		3259EFB1B6DA0C3406CC9EA07AAC8112 /* Frameworks */ = {
			isa = PBXGroup;
			children = (
				A1BDC31FFE317D64381A9D0B12BCAF52 /* OS X */,
				56F5294C8EC32A5DCC377E6ADEFBD4E4 /* iOS */,
			);
			name = Frameworks;
			sourceTree = "<group>";
		};
		56F5294C8EC32A5DCC377E6ADEFBD4E4 /* iOS */ = {
			isa = PBXGroup;
			children = (
				EADA223201BD18D2E5FFF1DE28821A67 /* Foundation.framework */,
			);
			name = iOS;
			sourceTree = "<group>";
		};
		9EF6F9328742506296773AEE13C6F434 = {
			isa = PBXGroup;
			children = (
				B699DC5D2D20A8B8843736F9220381BC /* Products */,
				3259EFB1B6DA0C3406CC9EA07AAC8112 /* Frameworks */,
				29ECB8402F12D53F05153F2CE769A1F4 /* Attic */,
				A3F46977527E3AB95BD8A88D1DDB0C7E /* AtticTests */,
				BCCCFD9A0D94C97535D82607FDB93083 /* AtticUITests */,
				E9B20F0510A07C3BF7C055D472E65FCC /* AtticMobile */,
				C02FC1869F90D04A9BF93FE9FD4CA69F /* AtticMobileTests */,
				D078BD463E5C44B0C276F1C95A183EAC /* AtticMobileUITests */,
			);
			sourceTree = "<group>";
		};
		A1BDC31FFE317D64381A9D0B12BCAF52 /* OS X */ = {
			isa = PBXGroup;
			children = (
				D8359BE3DE730EB8FDA12CE6178D83DD /* Cocoa.framework */,
			);
			name = "OS X";
			sourceTree = "<group>";
		};
		A3F46977527E3AB95BD8A88D1DDB0C7E /* AtticTests */ = {
			isa = PBXGroup;
			children = (
				0343BF22D7683791A89AFAF05AF878D6 /* AgentHTTPRequestTests.swift */,
				34D9F316125ED68692CC0EDEFB186C42 /* AppSettingsTests.swift */,
				27DD7750B0AE08C349E9895BAF6282BE /* CornerHoverStateMachineTests.swift */,
				8FE52689E97C5D820F9A54E41757C865 /* DailyCleanupServiceTests.swift */,
				B540F7E06A141AB63A1565BFF2A09C2C /* MCPRequestHandlerTests.swift */,
				BDFFD0F90E9248B104212F8F45D5AEBD /* NoteDraftControllerTests.swift */,
				AEB96351F033738EEB9948B9ECCEAB49 /* NoteStoreTests.swift */,
				BE20B1C2088B9DB3DCAA33160BF8DC9A /* PanelGeometryTests.swift */,
				25BBA2867E4C14D743A9A4E832713D69 /* SettingsPresentationTests.swift */,
				4DBCA342F911825793EC4F3053426DEC /* TaskStoreTests.swift */,
				E9A03C0866CEEACEA58CD311EABF9FC1 /* TestSupport.swift */,
			);
			name = AtticTests;
			path = AtticTests;
			sourceTree = "<group>";
		};
		B699DC5D2D20A8B8843736F9220381BC /* Products */ = {
			isa = PBXGroup;
			children = (
				202E07D5B85798E2D9A5C7D49CC7C5C5 /* Attic.app */,
				FD6591C171BA7256A2A3DD06F1BDDBED /* AtticTests.xctest */,
				D86B30B1BFC57D704A3E1A1BBC18E5CC /* AtticUITests.xctest */,
				ED1844739C3F5556E80C3747F801FD85 /* AtticMobile.app */,
				B5EB3D8A5FA9D6C5324791251955F025 /* AtticMobileTests.xctest */,
				A8891FE18A7E065F90C30D71337E672F /* AtticMobileUITests.xctest */,
			);
			name = Products;
			sourceTree = "<group>";
		};
		BCCCFD9A0D94C97535D82607FDB93083 /* AtticUITests */ = {
			isa = PBXGroup;
			children = (
				B41B2BC0C11366C2FE6F1971276462A3 /* AtticUITests.swift */,
			);
			name = AtticUITests;
			path = AtticUITests;
			sourceTree = "<group>";
		};
		C02FC1869F90D04A9BF93FE9FD4CA69F /* AtticMobileTests */ = {
			isa = PBXGroup;
			children = (
				5FC2A296652FD7F54BB165EB955668A6 /* NoteStoreMobileTests.swift */,
				64B7A949AB67E79B7F59707B62118ABB /* TaskStoreMobileTests.swift */,
			);
			name = AtticMobileTests;
			path = AtticMobileTests;
			sourceTree = "<group>";
		};
		D078BD463E5C44B0C276F1C95A183EAC /* AtticMobileUITests */ = {
			isa = PBXGroup;
			children = (
				282C41FFC40E2525158A681403A551CD /* AtticMobileUITests.swift */,
			);
			name = AtticMobileUITests;
			path = AtticMobileUITests;
			sourceTree = "<group>";
		};
		E9B20F0510A07C3BF7C055D472E65FCC /* AtticMobile */ = {
			isa = PBXGroup;
			children = (
				468CCED2455D96FDDE3B4FB220CA9534 /* AtticMobileApp.swift */,
				8CCDD71379949118B8647FA9D206DD3D /* MobileAppModel.swift */,
				8BDD43DB2A02518BACFDFFD5283C5E8A /* MobileAppRoot.swift */,
				3557DB597395240B932B8C759F957E4E /* MobileNotesScreen.swift */,
				C098830DBB93C3B27C8DF18651EA2EF1 /* MobileTaskEditor.swift */,
				10383B9483963B8415CD0CDBB8228560 /* MobileTaskListScreen.swift */,
				46745CD0187C6ADFCD09D6416BD95BCD /* MobileTaskRow.swift */,
				DCFD55D7951F15D6FCE879F18DFA7F0D /* AtticMobile.entitlements */,
				BF8605B21712B69387D2D40566081086 /* Info.plist */,
			);
			name = AtticMobile;
			path = AtticMobile;
			sourceTree = "<group>";
		};
/* End PBXGroup section */

/* Begin PBXNativeTarget section */
		1BD194A0EE08899209C8473CFFD68DA0 /* AtticMobileUITests */ = {
			isa = PBXNativeTarget;
			buildConfigurationList = C6A5BBEA4B428A6A322EB1DC7B16F5CA /* Build configuration list for PBXNativeTarget "AtticMobileUITests" */;
			buildPhases = (
				2860B3E5675D392C207E0B28F1B28427 /* Sources */,
				99F93607123FE94F866F8A7A65A7FB7F /* Frameworks */,
				DB9E6D1BA018B61E27EE24E066BF554F /* Resources */,
			);
			buildRules = (
			);
			dependencies = (
				E130EA4BBDDF7A911BED9BC04C720026 /* PBXTargetDependency */,
			);
			name = AtticMobileUITests;
			productName = AtticMobileUITests;
			productReference = A8891FE18A7E065F90C30D71337E672F /* AtticMobileUITests.xctest */;
			productType = "com.apple.product-type.bundle.ui-testing";
		};
		29D42C445B39133F6CE8ED3394F0BD54 /* AtticUITests */ = {
			isa = PBXNativeTarget;
			buildConfigurationList = 18AF673B7ED81F6638954AE064EF2025 /* Build configuration list for PBXNativeTarget "AtticUITests" */;
			buildPhases = (
				C04CA09B4B1A040B71C037EC565B9F9D /* Sources */,
				55202AE09988B3F0957D53F273D390EE /* Frameworks */,
				1511E7B7C8E0F27090424D2EA676A2B3 /* Resources */,
			);
			buildRules = (
			);
			dependencies = (
				BE7FCE83A69C806568992B2636943C3E /* PBXTargetDependency */,
			);
			name = AtticUITests;
			productName = AtticUITests;
			productReference = D86B30B1BFC57D704A3E1A1BBC18E5CC /* AtticUITests.xctest */;
			productType = "com.apple.product-type.bundle.ui-testing";
		};
		6A9C0775F09BF19B3C70496EEC4AF237 /* AtticMobile */ = {
			isa = PBXNativeTarget;
			buildConfigurationList = 5622A912A57C152CFA829B94BA61FE04 /* Build configuration list for PBXNativeTarget "AtticMobile" */;
			buildPhases = (
				6DAD9BB6682AAEA9DBCD9B2DF49FBECD /* Sources */,
				69DC570CF6A5B044C3EF798481F66C7B /* Frameworks */,
				262C4F8CA20E6C61E31AD31D833D3347 /* Resources */,
			);
			buildRules = (
			);
			dependencies = (
			);
			name = AtticMobile;
			productName = AtticMobile;
			productReference = ED1844739C3F5556E80C3747F801FD85 /* AtticMobile.app */;
			productType = "com.apple.product-type.application";
		};
		86AE68D87B2CE17260FE6F50EA7D88CA /* Attic */ = {
			isa = PBXNativeTarget;
			buildConfigurationList = 819D4447BF149DDEB514D8C2D0EE86F1 /* Build configuration list for PBXNativeTarget "Attic" */;
			buildPhases = (
				E510F7BD918A9DB3D6F9ACB73564A5D1 /* Sources */,
				CF0036EC2DE97C9473244426A5C52E23 /* Frameworks */,
				1F9ADBA4F38B645D1A4C2F000B02026B /* Resources */,
			);
			buildRules = (
			);
			dependencies = (
			);
			name = Attic;
			productName = Attic;
			productReference = 202E07D5B85798E2D9A5C7D49CC7C5C5 /* Attic.app */;
			productType = "com.apple.product-type.application";
		};
		A7E2FBB4FDEEC93FE643B32D6940915E /* AtticMobileTests */ = {
			isa = PBXNativeTarget;
			buildConfigurationList = 56DCB616B85CE20E17E96880AD23B8E0 /* Build configuration list for PBXNativeTarget "AtticMobileTests" */;
			buildPhases = (
				2CE7D68E0526DEF3A33228F6CFDB3B27 /* Sources */,
				A2E41B10176D3256D5F5967318AE57F6 /* Frameworks */,
				373AA20BD79827522AD57E1666A36F50 /* Resources */,
			);
			buildRules = (
			);
			dependencies = (
				5BDECB4EFC7FEBB5B8A7C1F1C5729E58 /* PBXTargetDependency */,
			);
			name = AtticMobileTests;
			productName = AtticMobileTests;
			productReference = B5EB3D8A5FA9D6C5324791251955F025 /* AtticMobileTests.xctest */;
			productType = "com.apple.product-type.bundle.unit-test";
		};
		F46141B45C392F05DF89651895670681 /* AtticTests */ = {
			isa = PBXNativeTarget;
			buildConfigurationList = 8BBB8AACD59E7263D36DC4DF33554422 /* Build configuration list for PBXNativeTarget "AtticTests" */;
			buildPhases = (
				2478DF57AFE204B8BB66B8525D417514 /* Sources */,
				CE539C48D05E4CEB649719AFF64C0336 /* Frameworks */,
				887302BDB61F6174F8F20B907D44BCF2 /* Resources */,
			);
			buildRules = (
			);
			dependencies = (
				6F470CA7BF175F9EE2DD6B284219FBCD /* PBXTargetDependency */,
			);
			name = AtticTests;
			productName = AtticTests;
			productReference = FD6591C171BA7256A2A3DD06F1BDDBED /* AtticTests.xctest */;
			productType = "com.apple.product-type.bundle.unit-test";
		};
/* End PBXNativeTarget section */

/* Begin PBXProject section */
		DA958AEF55466F70E6607154738295C0 /* Project object */ = {
			isa = PBXProject;
			attributes = {
				LastSwiftUpdateCheck = 2660;
				LastUpgradeCheck = 2660;
				TargetAttributes = {
					6A9C0775F09BF19B3C70496EEC4AF237 = {
						SystemCapabilities = {
							com.apple.BackgroundModes = {
								enabled = 1;
							};
							com.apple.Push = {
								enabled = 1;
							};
							com.apple.iCloud = {
								enabled = 1;
							};
						};
					};
					86AE68D87B2CE17260FE6F50EA7D88CA = {
						SystemCapabilities = {
							com.apple.Push = {
								enabled = 1;
							};
							com.apple.iCloud = {
								enabled = 1;
							};
						};
					};
				};
			};
			buildConfigurationList = 2000F6D51528A1872191A9C1D1C859EA /* Build configuration list for PBXProject "Attic" */;
			compatibilityVersion = "Xcode 16.0";
			developmentRegion = en;
			hasScannedForEncodings = 0;
			knownRegions = (
				en,
				Base,
			);
			mainGroup = 9EF6F9328742506296773AEE13C6F434;
			productRefGroup = B699DC5D2D20A8B8843736F9220381BC /* Products */;
			projectDirPath = "";
			projectRoot = "";
			targets = (
				86AE68D87B2CE17260FE6F50EA7D88CA /* Attic */,
				F46141B45C392F05DF89651895670681 /* AtticTests */,
				29D42C445B39133F6CE8ED3394F0BD54 /* AtticUITests */,
				6A9C0775F09BF19B3C70496EEC4AF237 /* AtticMobile */,
				A7E2FBB4FDEEC93FE643B32D6940915E /* AtticMobileTests */,
				1BD194A0EE08899209C8473CFFD68DA0 /* AtticMobileUITests */,
			);
		};
/* End PBXProject section */

/* Begin PBXResourcesBuildPhase section */
		1511E7B7C8E0F27090424D2EA676A2B3 /* Resources */ = {
			isa = PBXResourcesBuildPhase;
			buildActionMask = 2147483647;
			files = (
			);
			runOnlyForDeploymentPostprocessing = 0;
		};
		1F9ADBA4F38B645D1A4C2F000B02026B /* Resources */ = {
			isa = PBXResourcesBuildPhase;
			buildActionMask = 2147483647;
			files = (
				36677806ADB146CAFFFCFAD05121F76B /* Assets.xcassets in Resources */,
				877D21D7F6A5BB64D8B45231BA3A7FDE /* PrivacyInfo.xcprivacy in Resources */,
			);
			runOnlyForDeploymentPostprocessing = 0;
		};
		262C4F8CA20E6C61E31AD31D833D3347 /* Resources */ = {
			isa = PBXResourcesBuildPhase;
			buildActionMask = 2147483647;
			files = (
				1CB0F3E3E53B516FD4BD1186E23B668B /* Assets.xcassets in Resources */,
				6035B774D7CAD79CD2C3E693F6C60164 /* PrivacyInfo.xcprivacy in Resources */,
			);
			runOnlyForDeploymentPostprocessing = 0;
		};
		373AA20BD79827522AD57E1666A36F50 /* Resources */ = {
			isa = PBXResourcesBuildPhase;
			buildActionMask = 2147483647;
			files = (
			);
			runOnlyForDeploymentPostprocessing = 0;
		};
		887302BDB61F6174F8F20B907D44BCF2 /* Resources */ = {
			isa = PBXResourcesBuildPhase;
			buildActionMask = 2147483647;
			files = (
			);
			runOnlyForDeploymentPostprocessing = 0;
		};
		DB9E6D1BA018B61E27EE24E066BF554F /* Resources */ = {
			isa = PBXResourcesBuildPhase;
			buildActionMask = 2147483647;
			files = (
			);
			runOnlyForDeploymentPostprocessing = 0;
		};
/* End PBXResourcesBuildPhase section */

/* Begin PBXSourcesBuildPhase section */
		2478DF57AFE204B8BB66B8525D417514 /* Sources */ = {
			isa = PBXSourcesBuildPhase;
			buildActionMask = 2147483647;
			files = (
				CE9FAA863FCA06719A1BBB1E439837AE /* AgentHTTPRequestTests.swift in Sources */,
				2327E51388A04D5097E20D9C88176072 /* AppSettingsTests.swift in Sources */,
				27BCF573A3F1A38E24FA948FAF100B07 /* CornerHoverStateMachineTests.swift in Sources */,
				15BF45594CDCBE70D476C94202EBC770 /* DailyCleanupServiceTests.swift in Sources */,
				B17AAE096D249D98791E2402A7392481 /* MCPRequestHandlerTests.swift in Sources */,
				66A652A3AB4825E45F2796539A8A5FD6 /* NoteDraftControllerTests.swift in Sources */,
				6B7E261063DBE8E1E75F12C3F434D342 /* NoteStoreTests.swift in Sources */,
				A09DEAFE008E8FFECBB1117F26F9B335 /* PanelGeometryTests.swift in Sources */,
				7E7C8AC50384AAB84478CD82C9B6A8F8 /* SettingsPresentationTests.swift in Sources */,
				D6AF5BCDDD267FF75228C1549AF75FBB /* TaskStoreTests.swift in Sources */,
				203719D819FEB52D6475868A88559613 /* TestSupport.swift in Sources */,
			);
			runOnlyForDeploymentPostprocessing = 0;
		};
		2860B3E5675D392C207E0B28F1B28427 /* Sources */ = {
			isa = PBXSourcesBuildPhase;
			buildActionMask = 2147483647;
			files = (
				224664C3A77668DDC7D351736CB9295D /* AtticMobileUITests.swift in Sources */,
			);
			runOnlyForDeploymentPostprocessing = 0;
		};
		2CE7D68E0526DEF3A33228F6CFDB3B27 /* Sources */ = {
			isa = PBXSourcesBuildPhase;
			buildActionMask = 2147483647;
			files = (
				8220546A667363CBFF68C029AFE0AC8C /* NoteStoreMobileTests.swift in Sources */,
				CF35CCEE96D14A09B77A6A6E3B9F76BC /* TaskStoreMobileTests.swift in Sources */,
			);
			runOnlyForDeploymentPostprocessing = 0;
		};
		6DAD9BB6682AAEA9DBCD9B2DF49FBECD /* Sources */ = {
			isa = PBXSourcesBuildPhase;
			buildActionMask = 2147483647;
			files = (
				ECA900475DDD5B6159B29883DC631D72 /* AtticMobileApp.swift in Sources */,
				CA2E38716673C63B39746C40C7EB7874 /* MobileAppModel.swift in Sources */,
				382073F99EDBA94AC8C27F86B245B089 /* MobileAppRoot.swift in Sources */,
				33B02780FA5E6DBCBD7E171F0DCCC61D /* MobileNotesScreen.swift in Sources */,
				AAD2061138E0D7EC0FF176F0826D0359 /* MobileTaskEditor.swift in Sources */,
				B42C8D84E9918FA4739D027EC14BEF06 /* MobileTaskListScreen.swift in Sources */,
				A0495EA3F13234AE9DB35BF7666AA1B6 /* MobileTaskRow.swift in Sources */,
				914F8B87C7676B7B0D295C1A520B12E7 /* AtticTheme.swift in Sources */,
				E3E6245B0DAB4B40D3B7B3FFC952C5B0 /* TaskActionsMenu.swift in Sources */,
				924D84E9112E1412098C0B940F1545DB /* TaskItem.swift in Sources */,
				E81778FEAFC165842902EDC2E795E29E /* TaskTypes.swift in Sources */,
				2DB2A5E7FFAA8208A5E066D8A70BEE1E /* NoteItem.swift in Sources */,
				7B9943ABC8CA0578A9BB03ED8687FFA6 /* PersistenceController.swift in Sources */,
				2757C94EEE6239ABF489D88F9A3A9A3B /* NoteStore.swift in Sources */,
				0B959C36DB68AA813E242BB1E229DB58 /* TaskStore.swift in Sources */,
			);
			runOnlyForDeploymentPostprocessing = 0;
		};
		C04CA09B4B1A040B71C037EC565B9F9D /* Sources */ = {
			isa = PBXSourcesBuildPhase;
			buildActionMask = 2147483647;
			files = (
				22302F0100CF42A5D34F4F24F7211266 /* AtticUITests.swift in Sources */,
			);
			runOnlyForDeploymentPostprocessing = 0;
		};
		E510F7BD918A9DB3D6F9ACB73564A5D1 /* Sources */ = {
			isa = PBXSourcesBuildPhase;
			buildActionMask = 2147483647;
			files = (
				AAB2A698E5645464F69A7ADF44B909CC /* AppCoordinator.swift in Sources */,
				38D56B64838152960CCFA4DDBDB32E84 /* AppDelegate.swift in Sources */,
				5A2FA0E84A6EFA5368E1CE24B9CDC735 /* AtticApp.swift in Sources */,
				1118A358F43301F161B0CBA39FFFBB3D /* AtticStyle.swift in Sources */,
				66800AE23896A32B5ADFF32A95B5F6CC /* AtticTheme.swift in Sources */,
				B227A164F981AC539513AEDA155EE15D /* TaskActionsMenu.swift in Sources */,
				9BF1AAA04F2B8E5E97B147A2C83E95AE /* NoteItem.swift in Sources */,
				89BE11BF2EB57669AFEDF66AFCA842C7 /* TaskDragPayload.swift in Sources */,
				23BC390D0D8C2D274A0DE3026E827EE1 /* TaskItem.swift in Sources */,
				C1AB7E024E5D280DAF04BEC46D6C4FAA /* TaskTypes.swift in Sources */,
				15631C186FD8B4D26EB086717660D21E /* AgentAccessTokenStore.swift in Sources */,
				9AB53C6579AA284338F4B4AE9062B0BD /* AgentHTTPRequest.swift in Sources */,
				F03DCB05A0EC15E66315CDF2FC63B3EC /* AgentServer.swift in Sources */,
				3224C70D6724BC7D34B5F1F2576E2BD0 /* AgentTaskTools.swift in Sources */,
				C1A0866F0E01C216769BA31114740403 /* MCPRequestHandler.swift in Sources */,
				72577D7DA7FD8B8AAF5A41EA637E6EDD /* AppSettings.swift in Sources */,
				109A3BF6669A1EFEDBAE23EE28EE77D6 /* CornerHoverMonitor.swift in Sources */,
				F208F5B8D9FB33E3079FAC5402533762 /* CornerHoverStateMachine.swift in Sources */,
				F8A2036AB095D23EC586C74E8AD1E081 /* DailyCleanupService.swift in Sources */,
				C1C169E4871D49EDA6CB487CF39E8FE1 /* GlobalHotKey.swift in Sources */,
				A8F1305921A136FA5BF0433EF92AC4B6 /* LoginItemService.swift in Sources */,
				6752AB523F044C4A70B9D90D03601397 /* NoteDraftController.swift in Sources */,
				B852CCFE22ECE2DE15BBF94291740481 /* NoteStore.swift in Sources */,
				EA6B3722A1E85C37FB38FFE1ABD9FF46 /* PanelGeometry.swift in Sources */,
				213FCE65D30C5F3B1DCF3F1B58D06E91 /* PersistenceController.swift in Sources */,
				DE88D729F300A3AA7056EB1FA20B9E9A /* TaskStore.swift in Sources */,
				FFB43770376AFA3425B9FFE52F644376 /* MenuBarView.swift in Sources */,
				AB302357E86F3583682A1474E91F6317 /* AtticPanelView.swift in Sources */,
				AA8FF2DE7E0C3F478EB7BF23C44995C1 /* NotesPanelContent.swift in Sources */,
				C165A64AFAEB3A026A17999477C268BF /* TaskComposerView.swift in Sources */,
				F0DEBC2D6E33E0D6CC045C2425A9F9C1 /* TaskRowView.swift in Sources */,
				111783351D5F6263C2B160E9208F95AE /* TaskSectionView.swift in Sources */,
				12CB1FCC92C3E4119042C45118E9F0FB /* TaskStatusButton.swift in Sources */,
				74D4D9E54B68C9843FB651AD26A9A0ED /* AboutSettingsView.swift in Sources */,
				AE46861A237B019DE316B7D8EE888782 /* AgentAccessSettingsView.swift in Sources */,
				1147DA5016E2FEC243D2A199B4AD60D0 /* AppearanceSettingsView.swift in Sources */,
				D09AFF8518E89C05EED72498F86FF5C3 /* CornerPicker.swift in Sources */,
				0DFD0C499843B72356A5D736C80CBA62 /* GeneralSettingsView.swift in Sources */,
				4F5FAD7E10322D41DE47585EB81840C1 /* PanelSettingsView.swift in Sources */,
				4487DB7B97984DDC6F69DAC712D230C1 /* SettingsComponents.swift in Sources */,
				BD86C0B5E5B05E52E3CC8F2540E52D9B /* SettingsSection.swift in Sources */,
				2BFED3F162D248D9341775E4C31589BE /* SettingsView.swift in Sources */,
				D4008DA05C649525F84D9B7B30FA88C8 /* SyncSettingsView.swift in Sources */,
				40DB0C5DD8898CF4B96E80EBBA64DAA1 /* AtticPanel.swift in Sources */,
				80D908C9A5D7EC52C6C5E8553EE8C222 /* AtticPanelController.swift in Sources */,
				6998008A05EB936E5EAF849369FBAEFB /* PanelSection.swift in Sources */,
				63380C60F32F5CDBBFEBF4E525FBF9C8 /* PanelUIState.swift in Sources */,
				6888A6D6B3EA5E11857F0975110C18E3 /* SettingsWindowController.swift in Sources */,
			);
			runOnlyForDeploymentPostprocessing = 0;
		};
/* End PBXSourcesBuildPhase section */

/* Begin PBXTargetDependency section */
		5BDECB4EFC7FEBB5B8A7C1F1C5729E58 /* PBXTargetDependency */ = {
			isa = PBXTargetDependency;
			name = AtticMobile;
			target = 6A9C0775F09BF19B3C70496EEC4AF237 /* AtticMobile */;
			targetProxy = C360DB55EE6C1DA6E09845349014A993 /* PBXContainerItemProxy */;
		};
		6F470CA7BF175F9EE2DD6B284219FBCD /* PBXTargetDependency */ = {
			isa = PBXTargetDependency;
			name = Attic;
			target = 86AE68D87B2CE17260FE6F50EA7D88CA /* Attic */;
			targetProxy = 1936B476A94483DDBD5A1F09EFD66BB1 /* PBXContainerItemProxy */;
		};
		BE7FCE83A69C806568992B2636943C3E /* PBXTargetDependency */ = {
			isa = PBXTargetDependency;
			name = Attic;
			target = 86AE68D87B2CE17260FE6F50EA7D88CA /* Attic */;
			targetProxy = D7F7AB915567429B2ED77567FD567066 /* PBXContainerItemProxy */;
		};
		E130EA4BBDDF7A911BED9BC04C720026 /* PBXTargetDependency */ = {
			isa = PBXTargetDependency;
			name = AtticMobile;
			target = 6A9C0775F09BF19B3C70496EEC4AF237 /* AtticMobile */;
			targetProxy = A342E5C634AF2B75BCB36090080BEF14 /* PBXContainerItemProxy */;
		};
/* End PBXTargetDependency section */

/* Begin XCBuildConfiguration section */
		0BC93B620888AA38174153A412CE18AE /* Release */ = {
			isa = XCBuildConfiguration;
			buildSettings = {
				APS_ENVIRONMENT = production;
				ASSETCATALOG_COMPILER_APPICON_NAME = AppIcon;
				ASSETCATALOG_COMPILER_GLOBAL_ACCENT_COLOR_NAME = AccentColor;
				ATTIC_DISPLAY_NAME = Attic;
				CODE_SIGN_ENTITLEMENTS = Attic/Attic.entitlements;
				CODE_SIGN_STYLE = Automatic;
				COMBINE_HIDPI_IMAGES = YES;
				CURRENT_PROJECT_VERSION = 11;
				DEVELOPMENT_TEAM = HR24WHR326;
				ENABLE_APP_SANDBOX = YES;
				ENABLE_HARDENED_RUNTIME = YES;
				GENERATE_INFOPLIST_FILE = NO;
				ICLOUD_CONTAINER_ENVIRONMENT = Production;
				INFOPLIST_FILE = Attic/Info.plist;
				LD_RUNPATH_SEARCH_PATHS = (
					"$(inherited)",
					"@executable_path/../Frameworks",
				);
				MACOSX_DEPLOYMENT_TARGET = 14.0;
				MARKETING_VERSION = 1.1;
				PRODUCT_BUNDLE_IDENTIFIER = com.emanueledipietro.Attic;
				PRODUCT_NAME = "$(TARGET_NAME)";
				SDKROOT = macosx;
				SWIFT_EMIT_LOC_STRINGS = YES;
				SWIFT_STRICT_CONCURRENCY = minimal;
				SWIFT_VERSION = 5.0;
			};
			name = Release;
		};
		104CC9CD50207B61362539A50FDB1D97 /* Debug */ = {
			isa = XCBuildConfiguration;
			buildSettings = {
				ALWAYS_SEARCH_USER_PATHS = NO;
				CLANG_ANALYZER_NONNULL = YES;
				CLANG_ANALYZER_NUMBER_OBJECT_CONVERSION = YES_AGGRESSIVE;
				CLANG_CXX_LANGUAGE_STANDARD = "gnu++14";
				CLANG_CXX_LIBRARY = "libc++";
				CLANG_ENABLE_MODULES = YES;
				CLANG_ENABLE_OBJC_ARC = YES;
				CLANG_ENABLE_OBJC_WEAK = YES;
				CLANG_WARN_BLOCK_CAPTURE_AUTORELEASING = YES;
				CLANG_WARN_BOOL_CONVERSION = YES;
				CLANG_WARN_COMMA = YES;
				CLANG_WARN_CONSTANT_CONVERSION = YES;
				CLANG_WARN_DEPRECATED_OBJC_IMPLEMENTATIONS = YES;
				CLANG_WARN_DIRECT_OBJC_ISA_USAGE = YES_ERROR;
				CLANG_WARN_DOCUMENTATION_COMMENTS = YES;
				CLANG_WARN_EMPTY_BODY = YES;
				CLANG_WARN_ENUM_CONVERSION = YES;
				CLANG_WARN_INFINITE_RECURSION = YES;
				CLANG_WARN_INT_CONVERSION = YES;
				CLANG_WARN_NON_LITERAL_NULL_CONVERSION = YES;
				CLANG_WARN_OBJC_IMPLICIT_RETAIN_SELF = YES;
				CLANG_WARN_OBJC_LITERAL_CONVERSION = YES;
				CLANG_WARN_OBJC_ROOT_CLASS = YES_ERROR;
				CLANG_WARN_QUOTED_INCLUDE_IN_FRAMEWORK_HEADER = YES;
				CLANG_WARN_RANGE_LOOP_ANALYSIS = YES;
				CLANG_WARN_STRICT_PROTOTYPES = YES;
				CLANG_WARN_SUSPICIOUS_MOVE = YES;
				CLANG_WARN_UNGUARDED_AVAILABILITY = YES_AGGRESSIVE;
				CLANG_WARN_UNREACHABLE_CODE = YES;
				CLANG_WARN__DUPLICATE_METHOD_MATCH = YES;
				COPY_PHASE_STRIP = NO;
				DEBUG_INFORMATION_FORMAT = dwarf;
				ENABLE_STRICT_OBJC_MSGSEND = YES;
				ENABLE_TESTABILITY = YES;
				GCC_C_LANGUAGE_STANDARD = gnu11;
				GCC_DYNAMIC_NO_PIC = NO;
				GCC_NO_COMMON_BLOCKS = YES;
				GCC_OPTIMIZATION_LEVEL = 0;
				GCC_PREPROCESSOR_DEFINITIONS = (
					"DEBUG=1",
					"$(inherited)",
				);
				GCC_WARN_64_TO_32_BIT_CONVERSION = YES;
				GCC_WARN_ABOUT_RETURN_TYPE = YES_ERROR;
				GCC_WARN_UNDECLARED_SELECTOR = YES;
				GCC_WARN_UNINITIALIZED_AUTOS = YES_AGGRESSIVE;
				GCC_WARN_UNUSED_FUNCTION = YES;
				GCC_WARN_UNUSED_VARIABLE = YES;
				IPHONEOS_DEPLOYMENT_TARGET = 17.0;
				MACOSX_DEPLOYMENT_TARGET = 14.0;
				MTL_ENABLE_DEBUG_INFO = INCLUDE_SOURCE;
				MTL_FAST_MATH = YES;
				ONLY_ACTIVE_ARCH = YES;
				PRODUCT_NAME = "$(TARGET_NAME)";
				SWIFT_ACTIVE_COMPILATION_CONDITIONS = DEBUG;
				SWIFT_OPTIMIZATION_LEVEL = "-Onone";
				SWIFT_VERSION = 5.0;
			};
			name = Debug;
		};
		26D8012DD1B964F136B4BF702730CBB3 /* Debug */ = {
			isa = XCBuildConfiguration;
			buildSettings = {
				APS_ENVIRONMENT = development;
				ASSETCATALOG_COMPILER_APPICON_NAME = AppIcon;
				ASSETCATALOG_COMPILER_GLOBAL_ACCENT_COLOR_NAME = AccentColor;
				ATTIC_DISPLAY_NAME = Attic;
				CODE_SIGN_ENTITLEMENTS = Attic/AtticDebug.entitlements;
				CODE_SIGN_STYLE = Automatic;
				COMBINE_HIDPI_IMAGES = YES;
				CURRENT_PROJECT_VERSION = 11;
				DEVELOPMENT_TEAM = HR24WHR326;
				ENABLE_APP_SANDBOX = YES;
				ENABLE_HARDENED_RUNTIME = YES;
				GENERATE_INFOPLIST_FILE = NO;
				ICLOUD_CONTAINER_ENVIRONMENT = Development;
				INFOPLIST_FILE = Attic/Info.plist;
				LD_RUNPATH_SEARCH_PATHS = (
					"$(inherited)",
					"@executable_path/../Frameworks",
				);
				MACOSX_DEPLOYMENT_TARGET = 14.0;
				MARKETING_VERSION = 1.1;
				PRODUCT_BUNDLE_IDENTIFIER = com.emanueledipietro.Attic;
				PRODUCT_NAME = "$(TARGET_NAME)";
				SDKROOT = macosx;
				SWIFT_EMIT_LOC_STRINGS = YES;
				SWIFT_STRICT_CONCURRENCY = minimal;
				SWIFT_VERSION = 5.0;
			};
			name = Debug;
		};
		427FBAC4C3B2821F79D09FEDD6781CFF /* Local */ = {
			isa = XCBuildConfiguration;
			buildSettings = {
				APS_ENVIRONMENT = development;
				ASSETCATALOG_COMPILER_APPICON_NAME = AppIcon;
				ASSETCATALOG_COMPILER_GLOBAL_ACCENT_COLOR_NAME = AccentColor;
				ATTIC_DISPLAY_NAME = Attic;
				CODE_SIGN_ENTITLEMENTS = Attic/AtticLocal.entitlements;
				CODE_SIGN_STYLE = Automatic;
				COMBINE_HIDPI_IMAGES = YES;
				CURRENT_PROJECT_VERSION = 11;
				DEVELOPMENT_TEAM = HR24WHR326;
				ENABLE_APP_SANDBOX = YES;
				ENABLE_HARDENED_RUNTIME = YES;
				GENERATE_INFOPLIST_FILE = NO;
				ICLOUD_CONTAINER_ENVIRONMENT = Development;
				INFOPLIST_FILE = Attic/Info.plist;
				LD_RUNPATH_SEARCH_PATHS = (
					"$(inherited)",
					"@executable_path/../Frameworks",
				);
				MACOSX_DEPLOYMENT_TARGET = 14.0;
				MARKETING_VERSION = 1.1;
				PRODUCT_BUNDLE_IDENTIFIER = com.emanueledipietro.Attic;
				PRODUCT_NAME = "$(TARGET_NAME)";
				SDKROOT = macosx;
				SWIFT_EMIT_LOC_STRINGS = YES;
				SWIFT_STRICT_CONCURRENCY = minimal;
				SWIFT_VERSION = 5.0;
			};
			name = Local;
		};
		43A5C444A26C6EAE074B0FF15D2F9559 /* Release */ = {
			isa = XCBuildConfiguration;
			buildSettings = {
				ALWAYS_SEARCH_USER_PATHS = NO;
				CLANG_ANALYZER_NONNULL = YES;
				CLANG_ANALYZER_NUMBER_OBJECT_CONVERSION = YES_AGGRESSIVE;
				CLANG_CXX_LANGUAGE_STANDARD = "gnu++14";
				CLANG_CXX_LIBRARY = "libc++";
				CLANG_ENABLE_MODULES = YES;
				CLANG_ENABLE_OBJC_ARC = YES;
				CLANG_ENABLE_OBJC_WEAK = YES;
				CLANG_WARN_BLOCK_CAPTURE_AUTORELEASING = YES;
				CLANG_WARN_BOOL_CONVERSION = YES;
				CLANG_WARN_COMMA = YES;
				CLANG_WARN_CONSTANT_CONVERSION = YES;
				CLANG_WARN_DEPRECATED_OBJC_IMPLEMENTATIONS = YES;
				CLANG_WARN_DIRECT_OBJC_ISA_USAGE = YES_ERROR;
				CLANG_WARN_DOCUMENTATION_COMMENTS = YES;
				CLANG_WARN_EMPTY_BODY = YES;
				CLANG_WARN_ENUM_CONVERSION = YES;
				CLANG_WARN_INFINITE_RECURSION = YES;
				CLANG_WARN_INT_CONVERSION = YES;
				CLANG_WARN_NON_LITERAL_NULL_CONVERSION = YES;
				CLANG_WARN_OBJC_IMPLICIT_RETAIN_SELF = YES;
				CLANG_WARN_OBJC_LITERAL_CONVERSION = YES;
				CLANG_WARN_OBJC_ROOT_CLASS = YES_ERROR;
				CLANG_WARN_QUOTED_INCLUDE_IN_FRAMEWORK_HEADER = YES;
				CLANG_WARN_RANGE_LOOP_ANALYSIS = YES;
				CLANG_WARN_STRICT_PROTOTYPES = YES;
				CLANG_WARN_SUSPICIOUS_MOVE = YES;
				CLANG_WARN_UNGUARDED_AVAILABILITY = YES_AGGRESSIVE;
				CLANG_WARN_UNREACHABLE_CODE = YES;
				CLANG_WARN__DUPLICATE_METHOD_MATCH = YES;
				COPY_PHASE_STRIP = NO;
				DEBUG_INFORMATION_FORMAT = "dwarf-with-dsym";
				ENABLE_NS_ASSERTIONS = NO;
				ENABLE_STRICT_OBJC_MSGSEND = YES;
				GCC_C_LANGUAGE_STANDARD = gnu11;
				GCC_NO_COMMON_BLOCKS = YES;
				GCC_WARN_64_TO_32_BIT_CONVERSION = YES;
				GCC_WARN_ABOUT_RETURN_TYPE = YES_ERROR;
				GCC_WARN_UNDECLARED_SELECTOR = YES;
				GCC_WARN_UNINITIALIZED_AUTOS = YES_AGGRESSIVE;
				GCC_WARN_UNUSED_FUNCTION = YES;
				GCC_WARN_UNUSED_VARIABLE = YES;
				IPHONEOS_DEPLOYMENT_TARGET = 17.0;
				MACOSX_DEPLOYMENT_TARGET = 14.0;
				MTL_ENABLE_DEBUG_INFO = NO;
				MTL_FAST_MATH = YES;
				PRODUCT_NAME = "$(TARGET_NAME)";
				SWIFT_COMPILATION_MODE = wholemodule;
				SWIFT_OPTIMIZATION_LEVEL = "-O";
				SWIFT_VERSION = 5.0;
			};
			name = Release;
		};
		6055BF58D15295F576C0270C8DD4798F /* Debug */ = {
			isa = XCBuildConfiguration;
			buildSettings = {
				BUNDLE_LOADER = "$(TEST_HOST)";
				CODE_SIGN_STYLE = Automatic;
				DEVELOPMENT_TEAM = HR24WHR326;
				GENERATE_INFOPLIST_FILE = YES;
				MACOSX_DEPLOYMENT_TARGET = 14.0;
				PRODUCT_BUNDLE_IDENTIFIER = com.emanueledipietro.AtticTests;
				SDKROOT = macosx;
				SWIFT_STRICT_CONCURRENCY = minimal;
				SWIFT_VERSION = 5.0;
				TEST_HOST = "$(BUILT_PRODUCTS_DIR)/Attic.app/Contents/MacOS/Attic";
			};
			name = Debug;
		};
		62823BCCA9B9110E96B3B4A98AE91F23 /* Release */ = {
			isa = XCBuildConfiguration;
			buildSettings = {
				BUNDLE_LOADER = "$(TEST_HOST)";
				CODE_SIGN_STYLE = Automatic;
				DEVELOPMENT_TEAM = HR24WHR326;
				GENERATE_INFOPLIST_FILE = YES;
				MACOSX_DEPLOYMENT_TARGET = 14.0;
				PRODUCT_BUNDLE_IDENTIFIER = com.emanueledipietro.AtticTests;
				SDKROOT = macosx;
				SWIFT_STRICT_CONCURRENCY = minimal;
				SWIFT_VERSION = 5.0;
				TEST_HOST = "$(BUILT_PRODUCTS_DIR)/Attic.app/Contents/MacOS/Attic";
			};
			name = Release;
		};
		637E3A28B826F83FC922585FBCC21562 /* Local */ = {
			isa = XCBuildConfiguration;
			buildSettings = {
				CLANG_ENABLE_OBJC_WEAK = NO;
				CODE_SIGN_STYLE = Automatic;
				DEVELOPMENT_TEAM = HR24WHR326;
				GENERATE_INFOPLIST_FILE = YES;
				IPHONEOS_DEPLOYMENT_TARGET = 17.0;
				PRODUCT_BUNDLE_IDENTIFIER = com.emanueledipietro.AtticMobileUITests;
				SDKROOT = iphoneos;
				SUPPORTED_PLATFORMS = "iphoneos iphonesimulator";
				SWIFT_STRICT_CONCURRENCY = minimal;
				SWIFT_VERSION = 5.0;
				TARGETED_DEVICE_FAMILY = 1;
				TEST_TARGET_NAME = AtticMobile;
			};
			name = Local;
		};
		6BE07A317AC1A793C251B63D47E7FD1D /* Debug */ = {
			isa = XCBuildConfiguration;
			buildSettings = {
				CLANG_ENABLE_OBJC_WEAK = NO;
				CODE_SIGN_STYLE = Automatic;
				DEVELOPMENT_TEAM = HR24WHR326;
				GENERATE_INFOPLIST_FILE = YES;
				IPHONEOS_DEPLOYMENT_TARGET = 17.0;
				PRODUCT_BUNDLE_IDENTIFIER = com.emanueledipietro.AtticMobileUITests;
				SDKROOT = iphoneos;
				SUPPORTED_PLATFORMS = "iphoneos iphonesimulator";
				SWIFT_STRICT_CONCURRENCY = minimal;
				SWIFT_VERSION = 5.0;
				TARGETED_DEVICE_FAMILY = 1;
				TEST_TARGET_NAME = AtticMobile;
			};
			name = Debug;
		};
		7E6B5924C4225A51FD7477E477DBE87C /* Debug */ = {
			isa = XCBuildConfiguration;
			buildSettings = {
				APS_ENVIRONMENT = development;
				ASSETCATALOG_COMPILER_APPICON_NAME = AppIcon;
				ASSETCATALOG_COMPILER_GLOBAL_ACCENT_COLOR_NAME = AccentColor;
				CLANG_ENABLE_OBJC_WEAK = NO;
				CODE_SIGN_ENTITLEMENTS = AtticMobile/AtticMobile.entitlements;
				CODE_SIGN_STYLE = Automatic;
				CURRENT_PROJECT_VERSION = 9;
				DEVELOPMENT_TEAM = HR24WHR326;
				GENERATE_INFOPLIST_FILE = NO;
				ICLOUD_CONTAINER_ENVIRONMENT = Development;
				INFOPLIST_FILE = AtticMobile/Info.plist;
				IPHONEOS_DEPLOYMENT_TARGET = 17.0;
				LD_RUNPATH_SEARCH_PATHS = (
					"$(inherited)",
					"@executable_path/Frameworks",
				);
				MARKETING_VERSION = 1.0;
				PRODUCT_BUNDLE_IDENTIFIER = com.emanueledipietro.Attic;
				PRODUCT_MODULE_NAME = AtticMobile;
				PRODUCT_NAME = "$(TARGET_NAME)";
				SDKROOT = iphoneos;
				SUPPORTED_PLATFORMS = "iphoneos iphonesimulator";
				SUPPORTS_MACCATALYST = NO;
				SWIFT_EMIT_LOC_STRINGS = YES;
				SWIFT_STRICT_CONCURRENCY = minimal;
				SWIFT_VERSION = 5.0;
				TARGETED_DEVICE_FAMILY = 1;
			};
			name = Debug;
		};
		7EBB1B491046C2FDE73854E2450555C0 /* Debug */ = {
			isa = XCBuildConfiguration;
			buildSettings = {
				CODE_SIGN_STYLE = Automatic;
				DEVELOPMENT_TEAM = HR24WHR326;
				GENERATE_INFOPLIST_FILE = YES;
				MACOSX_DEPLOYMENT_TARGET = 14.0;
				PRODUCT_BUNDLE_IDENTIFIER = com.emanueledipietro.AtticUITests;
				SDKROOT = macosx;
				SWIFT_STRICT_CONCURRENCY = minimal;
				SWIFT_VERSION = 5.0;
				TEST_TARGET_NAME = Attic;
			};
			name = Debug;
		};
		950E607D73157F3E9829318DA71F98FF /* Release */ = {
			isa = XCBuildConfiguration;
			buildSettings = {
				APS_ENVIRONMENT = production;
				ASSETCATALOG_COMPILER_APPICON_NAME = AppIcon;
				ASSETCATALOG_COMPILER_GLOBAL_ACCENT_COLOR_NAME = AccentColor;
				CLANG_ENABLE_OBJC_WEAK = NO;
				CODE_SIGN_ENTITLEMENTS = AtticMobile/AtticMobile.entitlements;
				CODE_SIGN_STYLE = Automatic;
				CURRENT_PROJECT_VERSION = 9;
				DEVELOPMENT_TEAM = HR24WHR326;
				GENERATE_INFOPLIST_FILE = NO;
				ICLOUD_CONTAINER_ENVIRONMENT = Production;
				INFOPLIST_FILE = AtticMobile/Info.plist;
				IPHONEOS_DEPLOYMENT_TARGET = 17.0;
				LD_RUNPATH_SEARCH_PATHS = (
					"$(inherited)",
					"@executable_path/Frameworks",
				);
				MARKETING_VERSION = 1.0;
				PRODUCT_BUNDLE_IDENTIFIER = com.emanueledipietro.Attic;
				PRODUCT_MODULE_NAME = AtticMobile;
				PRODUCT_NAME = "$(TARGET_NAME)";
				SDKROOT = iphoneos;
				SUPPORTED_PLATFORMS = "iphoneos iphonesimulator";
				SUPPORTS_MACCATALYST = NO;
				SWIFT_EMIT_LOC_STRINGS = YES;
				SWIFT_STRICT_CONCURRENCY = minimal;
				SWIFT_VERSION = 5.0;
				TARGETED_DEVICE_FAMILY = 1;
				VALIDATE_PRODUCT = YES;
			};
			name = Release;
		};
		A245B3229F3E0A48FA25ACBA7E84500D /* Local */ = {
			isa = XCBuildConfiguration;
			buildSettings = {
				ALWAYS_SEARCH_USER_PATHS = NO;
				CLANG_ANALYZER_NONNULL = YES;
				CLANG_ANALYZER_NUMBER_OBJECT_CONVERSION = YES_AGGRESSIVE;
				CLANG_CXX_LANGUAGE_STANDARD = "gnu++14";
				CLANG_CXX_LIBRARY = "libc++";
				CLANG_ENABLE_MODULES = YES;
				CLANG_ENABLE_OBJC_ARC = YES;
				CLANG_ENABLE_OBJC_WEAK = YES;
				CLANG_WARN_BLOCK_CAPTURE_AUTORELEASING = YES;
				CLANG_WARN_BOOL_CONVERSION = YES;
				CLANG_WARN_COMMA = YES;
				CLANG_WARN_CONSTANT_CONVERSION = YES;
				CLANG_WARN_DEPRECATED_OBJC_IMPLEMENTATIONS = YES;
				CLANG_WARN_DIRECT_OBJC_ISA_USAGE = YES_ERROR;
				CLANG_WARN_DOCUMENTATION_COMMENTS = YES;
				CLANG_WARN_EMPTY_BODY = YES;
				CLANG_WARN_ENUM_CONVERSION = YES;
				CLANG_WARN_INFINITE_RECURSION = YES;
				CLANG_WARN_INT_CONVERSION = YES;
				CLANG_WARN_NON_LITERAL_NULL_CONVERSION = YES;
				CLANG_WARN_OBJC_IMPLICIT_RETAIN_SELF = YES;
				CLANG_WARN_OBJC_LITERAL_CONVERSION = YES;
				CLANG_WARN_OBJC_ROOT_CLASS = YES_ERROR;
				CLANG_WARN_QUOTED_INCLUDE_IN_FRAMEWORK_HEADER = YES;
				CLANG_WARN_RANGE_LOOP_ANALYSIS = YES;
				CLANG_WARN_STRICT_PROTOTYPES = YES;
				CLANG_WARN_SUSPICIOUS_MOVE = YES;
				CLANG_WARN_UNGUARDED_AVAILABILITY = YES_AGGRESSIVE;
				CLANG_WARN_UNREACHABLE_CODE = YES;
				CLANG_WARN__DUPLICATE_METHOD_MATCH = YES;
				COPY_PHASE_STRIP = NO;
				DEBUG_INFORMATION_FORMAT = dwarf;
				ENABLE_STRICT_OBJC_MSGSEND = YES;
				ENABLE_TESTABILITY = YES;
				GCC_C_LANGUAGE_STANDARD = gnu11;
				GCC_DYNAMIC_NO_PIC = NO;
				GCC_NO_COMMON_BLOCKS = YES;
				GCC_OPTIMIZATION_LEVEL = 0;
				GCC_PREPROCESSOR_DEFINITIONS = (
					"DEBUG=1",
					"$(inherited)",
				);
				GCC_WARN_64_TO_32_BIT_CONVERSION = YES;
				GCC_WARN_ABOUT_RETURN_TYPE = YES_ERROR;
				GCC_WARN_UNDECLARED_SELECTOR = YES;
				GCC_WARN_UNINITIALIZED_AUTOS = YES_AGGRESSIVE;
				GCC_WARN_UNUSED_FUNCTION = YES;
				GCC_WARN_UNUSED_VARIABLE = YES;
				IPHONEOS_DEPLOYMENT_TARGET = 17.0;
				MACOSX_DEPLOYMENT_TARGET = 14.0;
				MTL_ENABLE_DEBUG_INFO = INCLUDE_SOURCE;
				MTL_FAST_MATH = YES;
				ONLY_ACTIVE_ARCH = YES;
				PRODUCT_NAME = "$(TARGET_NAME)";
				SWIFT_ACTIVE_COMPILATION_CONDITIONS = DEBUG;
				SWIFT_OPTIMIZATION_LEVEL = "-Onone";
				SWIFT_VERSION = 5.0;
			};
			name = Local;
		};
		A48FA97AC8812372D7059B2BE003D4C0 /* Release */ = {
			isa = XCBuildConfiguration;
			buildSettings = {
				CODE_SIGN_STYLE = Automatic;
				DEVELOPMENT_TEAM = HR24WHR326;
				GENERATE_INFOPLIST_FILE = YES;
				MACOSX_DEPLOYMENT_TARGET = 14.0;
				PRODUCT_BUNDLE_IDENTIFIER = com.emanueledipietro.AtticUITests;
				SDKROOT = macosx;
				SWIFT_STRICT_CONCURRENCY = minimal;
				SWIFT_VERSION = 5.0;
				TEST_TARGET_NAME = Attic;
			};
			name = Release;
		};
		B1CBB6FBE3FB7CBC506C167C5D2A7C35 /* Local */ = {
			isa = XCBuildConfiguration;
			buildSettings = {
				BUNDLE_LOADER = "$(TEST_HOST)";
				CLANG_ENABLE_OBJC_WEAK = NO;
				CODE_SIGN_STYLE = Automatic;
				DEVELOPMENT_TEAM = HR24WHR326;
				GENERATE_INFOPLIST_FILE = YES;
				IPHONEOS_DEPLOYMENT_TARGET = 17.0;
				PRODUCT_BUNDLE_IDENTIFIER = com.emanueledipietro.AtticMobileTests;
				SDKROOT = iphoneos;
				SUPPORTED_PLATFORMS = "iphoneos iphonesimulator";
				SWIFT_STRICT_CONCURRENCY = minimal;
				SWIFT_VERSION = 5.0;
				TARGETED_DEVICE_FAMILY = 1;
				TEST_HOST = "$(BUILT_PRODUCTS_DIR)/AtticMobile.app/AtticMobile";
			};
			name = Local;
		};
		C9D688D08DCB0E1858CFD545B9D1F0D9 /* Release */ = {
			isa = XCBuildConfiguration;
			buildSettings = {
				BUNDLE_LOADER = "$(TEST_HOST)";
				CLANG_ENABLE_OBJC_WEAK = NO;
				CODE_SIGN_STYLE = Automatic;
				DEVELOPMENT_TEAM = HR24WHR326;
				GENERATE_INFOPLIST_FILE = YES;
				IPHONEOS_DEPLOYMENT_TARGET = 17.0;
				PRODUCT_BUNDLE_IDENTIFIER = com.emanueledipietro.AtticMobileTests;
				SDKROOT = iphoneos;
				SUPPORTED_PLATFORMS = "iphoneos iphonesimulator";
				SWIFT_STRICT_CONCURRENCY = minimal;
				SWIFT_VERSION = 5.0;
				TARGETED_DEVICE_FAMILY = 1;
				TEST_HOST = "$(BUILT_PRODUCTS_DIR)/AtticMobile.app/AtticMobile";
				VALIDATE_PRODUCT = YES;
			};
			name = Release;
		};
		CC8766B360A5EBA138275C4C2B029DB3 /* Local */ = {
			isa = XCBuildConfiguration;
			buildSettings = {
				BUNDLE_LOADER = "$(TEST_HOST)";
				CODE_SIGN_STYLE = Automatic;
				DEVELOPMENT_TEAM = HR24WHR326;
				GENERATE_INFOPLIST_FILE = YES;
				MACOSX_DEPLOYMENT_TARGET = 14.0;
				PRODUCT_BUNDLE_IDENTIFIER = com.emanueledipietro.AtticTests;
				SDKROOT = macosx;
				SWIFT_STRICT_CONCURRENCY = minimal;
				SWIFT_VERSION = 5.0;
				TEST_HOST = "$(BUILT_PRODUCTS_DIR)/Attic.app/Contents/MacOS/Attic";
			};
			name = Local;
		};
		D74ED9EDE3D0D2D3A9D01CC5D0F16E51 /* Debug */ = {
			isa = XCBuildConfiguration;
			buildSettings = {
				BUNDLE_LOADER = "$(TEST_HOST)";
				CLANG_ENABLE_OBJC_WEAK = NO;
				CODE_SIGN_STYLE = Automatic;
				DEVELOPMENT_TEAM = HR24WHR326;
				GENERATE_INFOPLIST_FILE = YES;
				IPHONEOS_DEPLOYMENT_TARGET = 17.0;
				PRODUCT_BUNDLE_IDENTIFIER = com.emanueledipietro.AtticMobileTests;
				SDKROOT = iphoneos;
				SUPPORTED_PLATFORMS = "iphoneos iphonesimulator";
				SWIFT_STRICT_CONCURRENCY = minimal;
				SWIFT_VERSION = 5.0;
				TARGETED_DEVICE_FAMILY = 1;
				TEST_HOST = "$(BUILT_PRODUCTS_DIR)/AtticMobile.app/AtticMobile";
			};
			name = Debug;
		};
		E0253AB16DC6568C157EB6B7FF3C3435 /* Local */ = {
			isa = XCBuildConfiguration;
			buildSettings = {
				CODE_SIGN_STYLE = Automatic;
				DEVELOPMENT_TEAM = HR24WHR326;
				GENERATE_INFOPLIST_FILE = YES;
				MACOSX_DEPLOYMENT_TARGET = 14.0;
				PRODUCT_BUNDLE_IDENTIFIER = com.emanueledipietro.AtticUITests;
				SDKROOT = macosx;
				SWIFT_STRICT_CONCURRENCY = minimal;
				SWIFT_VERSION = 5.0;
				TEST_TARGET_NAME = Attic;
			};
			name = Local;
		};
		E10F037DD55DB25E449D44E92BB37B82 /* Local */ = {
			isa = XCBuildConfiguration;
			buildSettings = {
				APS_ENVIRONMENT = development;
				ASSETCATALOG_COMPILER_APPICON_NAME = AppIcon;
				ASSETCATALOG_COMPILER_GLOBAL_ACCENT_COLOR_NAME = AccentColor;
				CLANG_ENABLE_OBJC_WEAK = NO;
				CODE_SIGN_ENTITLEMENTS = AtticMobile/AtticMobile.entitlements;
				CODE_SIGN_STYLE = Automatic;
				CURRENT_PROJECT_VERSION = 9;
				DEVELOPMENT_TEAM = HR24WHR326;
				GENERATE_INFOPLIST_FILE = NO;
				ICLOUD_CONTAINER_ENVIRONMENT = Development;
				INFOPLIST_FILE = AtticMobile/Info.plist;
				IPHONEOS_DEPLOYMENT_TARGET = 17.0;
				LD_RUNPATH_SEARCH_PATHS = (
					"$(inherited)",
					"@executable_path/Frameworks",
				);
				MARKETING_VERSION = 1.0;
				PRODUCT_BUNDLE_IDENTIFIER = com.emanueledipietro.Attic;
				PRODUCT_MODULE_NAME = AtticMobile;
				PRODUCT_NAME = "$(TARGET_NAME)";
				SDKROOT = iphoneos;
				SUPPORTED_PLATFORMS = "iphoneos iphonesimulator";
				SUPPORTS_MACCATALYST = NO;
				SWIFT_EMIT_LOC_STRINGS = YES;
				SWIFT_STRICT_CONCURRENCY = minimal;
				SWIFT_VERSION = 5.0;
				TARGETED_DEVICE_FAMILY = 1;
			};
			name = Local;
		};
		E8C715FF0700DC7BCA23AE3473C0F9D6 /* Release */ = {
			isa = XCBuildConfiguration;
			buildSettings = {
				CLANG_ENABLE_OBJC_WEAK = NO;
				CODE_SIGN_STYLE = Automatic;
				DEVELOPMENT_TEAM = HR24WHR326;
				GENERATE_INFOPLIST_FILE = YES;
				IPHONEOS_DEPLOYMENT_TARGET = 17.0;
				PRODUCT_BUNDLE_IDENTIFIER = com.emanueledipietro.AtticMobileUITests;
				SDKROOT = iphoneos;
				SUPPORTED_PLATFORMS = "iphoneos iphonesimulator";
				SWIFT_STRICT_CONCURRENCY = minimal;
				SWIFT_VERSION = 5.0;
				TARGETED_DEVICE_FAMILY = 1;
				TEST_TARGET_NAME = AtticMobile;
				VALIDATE_PRODUCT = YES;
			};
			name = Release;
		};
/* End XCBuildConfiguration section */

/* Begin XCConfigurationList section */
		18AF673B7ED81F6638954AE064EF2025 /* Build configuration list for PBXNativeTarget "AtticUITests" */ = {
			isa = XCConfigurationList;
			buildConfigurations = (
				A48FA97AC8812372D7059B2BE003D4C0 /* Release */,
				7EBB1B491046C2FDE73854E2450555C0 /* Debug */,
				E0253AB16DC6568C157EB6B7FF3C3435 /* Local */,
			);
			defaultConfigurationIsVisible = 0;
			defaultConfigurationName = Release;
		};
		2000F6D51528A1872191A9C1D1C859EA /* Build configuration list for PBXProject "Attic" */ = {
			isa = XCConfigurationList;
			buildConfigurations = (
				104CC9CD50207B61362539A50FDB1D97 /* Debug */,
				43A5C444A26C6EAE074B0FF15D2F9559 /* Release */,
				A245B3229F3E0A48FA25ACBA7E84500D /* Local */,
			);
			defaultConfigurationIsVisible = 0;
			defaultConfigurationName = Release;
		};
		5622A912A57C152CFA829B94BA61FE04 /* Build configuration list for PBXNativeTarget "AtticMobile" */ = {
			isa = XCConfigurationList;
			buildConfigurations = (
				950E607D73157F3E9829318DA71F98FF /* Release */,
				7E6B5924C4225A51FD7477E477DBE87C /* Debug */,
				E10F037DD55DB25E449D44E92BB37B82 /* Local */,
			);
			defaultConfigurationIsVisible = 0;
			defaultConfigurationName = Release;
		};
		56DCB616B85CE20E17E96880AD23B8E0 /* Build configuration list for PBXNativeTarget "AtticMobileTests" */ = {
			isa = XCConfigurationList;
			buildConfigurations = (
				C9D688D08DCB0E1858CFD545B9D1F0D9 /* Release */,
				D74ED9EDE3D0D2D3A9D01CC5D0F16E51 /* Debug */,
				B1CBB6FBE3FB7CBC506C167C5D2A7C35 /* Local */,
			);
			defaultConfigurationIsVisible = 0;
			defaultConfigurationName = Release;
		};
		819D4447BF149DDEB514D8C2D0EE86F1 /* Build configuration list for PBXNativeTarget "Attic" */ = {
			isa = XCConfigurationList;
			buildConfigurations = (
				0BC93B620888AA38174153A412CE18AE /* Release */,
				26D8012DD1B964F136B4BF702730CBB3 /* Debug */,
				427FBAC4C3B2821F79D09FEDD6781CFF /* Local */,
			);
			defaultConfigurationIsVisible = 0;
			defaultConfigurationName = Release;
		};
		8BBB8AACD59E7263D36DC4DF33554422 /* Build configuration list for PBXNativeTarget "AtticTests" */ = {
			isa = XCConfigurationList;
			buildConfigurations = (
				62823BCCA9B9110E96B3B4A98AE91F23 /* Release */,
				6055BF58D15295F576C0270C8DD4798F /* Debug */,
				CC8766B360A5EBA138275C4C2B029DB3 /* Local */,
			);
			defaultConfigurationIsVisible = 0;
			defaultConfigurationName = Release;
		};
		C6A5BBEA4B428A6A322EB1DC7B16F5CA /* Build configuration list for PBXNativeTarget "AtticMobileUITests" */ = {
			isa = XCConfigurationList;
			buildConfigurations = (
				E8C715FF0700DC7BCA23AE3473C0F9D6 /* Release */,
				6BE07A317AC1A793C251B63D47E7FD1D /* Debug */,
				637E3A28B826F83FC922585FBCC21562 /* Local */,
			);
			defaultConfigurationIsVisible = 0;
			defaultConfigurationName = Release;
		};
/* End XCConfigurationList section */
	};
	rootObject = DA958AEF55466F70E6607154738295C0 /* Project object */;
}
