// !$*UTF8*$!
{
	archiveVersion = 1;
	classes = {
	};
	objectVersion = 71;
	objects = {

/* Begin PBXBuildFile section */
		01EA22ED18C799993800527104A0A14D /* CanvasDomainTests.swift in Sources */ = {isa = PBXBuildFile; fileRef = 9730EE9382123402EED26B8505460875 /* CanvasDomainTests.swift */; };
		040759CBA72CCA049C9D1E2890673685 /* MobileAppRoot.swift in Sources */ = {isa = PBXBuildFile; fileRef = 399A2BC245E15EF6E4EB7D9EF7CB605B /* MobileAppRoot.swift */; };
		0678828853BEAB49760BC47858D68A0F /* DailyCleanupServiceTests.swift in Sources */ = {isa = PBXBuildFile; fileRef = 717C4A53C1AC87445DF8752F1B5D0793 /* DailyCleanupServiceTests.swift */; };
		06FA506B9844211EE634E3CDBBE88C36 /* MenuBarView.swift in Sources */ = {isa = PBXBuildFile; fileRef = CC0D31D8DFE1D7EE81BC93141EF01D2F /* MenuBarView.swift */; };
		0D1E7CE0E4F2CDC9E5C0ED4CA3906FF8 /* CanvasControls.swift in Sources */ = {isa = PBXBuildFile; fileRef = 02EDB25142E9DE7C8E7A5BA0568E83B8 /* CanvasControls.swift */; };
		0D210DF192E30C36804A8C517356C179 /* CanvasStore.swift in Sources */ = {isa = PBXBuildFile; fileRef = 8B24173C4421E836F6783B7CE3C5FEDD /* CanvasStore.swift */; };
		14488B72BEB6BCF19511DD06599073B5 /* TaskActionsMenu.swift in Sources */ = {isa = PBXBuildFile; fileRef = 5011140AA82589235B7282DD228F55CE /* TaskActionsMenu.swift */; };
		17508808347529F618D07512D05F6C0A /* CanvasSurfaceRenderer.swift in Sources */ = {isa = PBXBuildFile; fileRef = 22BAA8701FE1AF3BDC8F9F0B3DB7048C /* CanvasSurfaceRenderer.swift */; };
		176155543580DD12B192162EF58E0590 /* PrivacyInfo.xcprivacy in Resources */ = {isa = PBXBuildFile; fileRef = 2EA181061C51E7B18BDF27AD49A95190 /* PrivacyInfo.xcprivacy */; };
		19142EA6AE0704D99D0DE1F4E4D1957E /* AppSettingsTests.swift in Sources */ = {isa = PBXBuildFile; fileRef = 66851305D930056B87DDF69353B972A7 /* AppSettingsTests.swift */; };
		1B5A3F4771946AE4EF80177468A3757B /* Squircle.swift in Sources */ = {isa = PBXBuildFile; fileRef = 67A48CC27503AB00B204F5401ECAD854 /* Squircle.swift */; };
		1D6ECE6706CA4CE194378F7164F711ED /* CanvasStoreTests.swift in Sources */ = {isa = PBXBuildFile; fileRef = 1DAF3BBE9A1774D065415F90EE64411D /* CanvasStoreTests.swift */; };
		1DB9393F5E6648197F1E1C248B3886A2 /* TaskItem.swift in Sources */ = {isa = PBXBuildFile; fileRef = 4D6DEEFB94B47F2EA34DD123E38D8832 /* TaskItem.swift */; };
		2068E5879AF5072E0A5305310FFD652E /* PanelSquircleGeometryTests.swift in Sources */ = {isa = PBXBuildFile; fileRef = 1556630E0F0E3F7E68C92958EA40BA95 /* PanelSquircleGeometryTests.swift */; };
		20C1049E1D59E4009209B821C6956B61 /* CanvasTypes.swift in Sources */ = {isa = PBXBuildFile; fileRef = D97AE6D437FA016EA1BD1436AF8E0180 /* CanvasTypes.swift */; };
		218EEBA224F04F5B56B76AFFE3CD0AD0 /* MobileTaskListScreen.swift in Sources */ = {isa = PBXBuildFile; fileRef = F6B60EDF16B349D396E40917750D885B /* MobileTaskListScreen.swift */; };
		22CE90B62E05C6F2C807EF3C3A6F9DB7 /* AppDelegate.swift in Sources */ = {isa = PBXBuildFile; fileRef = E42A53BC6B1F825AF7EC8F887A39E0B1 /* AppDelegate.swift */; };
		2BCA999DC411C5AAFB97CED087665F5A /* CanvasMobileUITests.swift in Sources */ = {isa = PBXBuildFile; fileRef = 2F8D3206710688D91D7EF5E9243743D2 /* CanvasMobileUITests.swift */; };
		2D0FFC4936F4B694E6A22164306659A5 /* TaskTypes.swift in Sources */ = {isa = PBXBuildFile; fileRef = D205CD849A68369D0C77F97A018CDC13 /* TaskTypes.swift */; };
		3018A316FDC9EBC24567D91AE5EE578C /* TaskStatusButton.swift in Sources */ = {isa = PBXBuildFile; fileRef = 84769ECCAD8A1F5D32FD33A58990E6F2 /* TaskStatusButton.swift */; };
		380CA93595C4439ADA102261B438229A /* CanvasUITestStoreTests.swift in Sources */ = {isa = PBXBuildFile; fileRef = 5B4264A78ABF9C55658F29D7699C71F4 /* CanvasUITestStoreTests.swift */; };
		3B90C2637F80611BFABF6D77C60D5792 /* NoteItem.swift in Sources */ = {isa = PBXBuildFile; fileRef = 7D0AC9EA0B0C2F5D2D0AD2B6F6BF8799 /* NoteItem.swift */; };
		3BE0E3EC2FFEDEB3979056A8ECA7A8E6 /* CornerHoverMonitor.swift in Sources */ = {isa = PBXBuildFile; fileRef = F09CFDC6158784BEBF1A53B1354E968C /* CornerHoverMonitor.swift */; };
		3C3B9A5877AEE87CB494B9C0CCABCDA8 /* Cocoa.framework in Frameworks */ = {isa = PBXBuildFile; fileRef = D8359BE3DE730EB8FDA12CE6178D83DD /* Cocoa.framework */; };
		3DBEF4A21B5D7638BA98915958F13450 /* CanvasSessionTests.swift in Sources */ = {isa = PBXBuildFile; fileRef = 22E0425DE32EFD6E5CE782E2613171F4 /* CanvasSessionTests.swift */; };
		3F810D471A07FD77423EA42D1D7F0EF4 /* SettingsView.swift in Sources */ = {isa = PBXBuildFile; fileRef = 00BC486AD95ABA15F562718C47E5CEF4 /* SettingsView.swift */; };
		3FF8C9CB431ED4384368EBDC4E856118 /* CanvasStrokeItem.swift in Sources */ = {isa = PBXBuildFile; fileRef = 90D9442DAF475F8F5C426561171B23B4 /* CanvasStrokeItem.swift */; };
		406BAF2FBFCBEBB93EFDF71D0CB28AFD /* TaskStore.swift in Sources */ = {isa = PBXBuildFile; fileRef = 43F74BA62DBB395D8E40D6C8FA8614DB /* TaskStore.swift */; };
		4130E58E8C4424583833C66CF15F9FAC /* MobileTaskEditor.swift in Sources */ = {isa = PBXBuildFile; fileRef = 724CF54D76481838C73AF5AC555F93CC /* MobileTaskEditor.swift */; };
		419C292F284AA425DB468D33C5F9E31B /* DailyCleanupService.swift in Sources */ = {isa = PBXBuildFile; fileRef = AA97A1FF0498894564015D3946844298 /* DailyCleanupService.swift */; };
		45BB5A85D43F0AD707D5DF2625E41246 /* CanvasSurfaceInteraction.swift in Sources */ = {isa = PBXBuildFile; fileRef = BCD8FA032992CAED86DD18CA31987390 /* CanvasSurfaceInteraction.swift */; };
		46379DCC53899FD81ABA5F94507A3582 /* TaskDragPayload.swift in Sources */ = {isa = PBXBuildFile; fileRef = B172F4BF904C19853EE4619934736E90 /* TaskDragPayload.swift */; };
		46BE8EADE3C76010146C3BBF660FA365 /* PanelGeometryTests.swift in Sources */ = {isa = PBXBuildFile; fileRef = 01AFA44C039A6911D3E8A002AE1FE0D0 /* PanelGeometryTests.swift */; };
		4CE9CA6274C5360ED67CB6415BCA3457 /* Cocoa.framework in Frameworks */ = {isa = PBXBuildFile; fileRef = D8359BE3DE730EB8FDA12CE6178D83DD /* Cocoa.framework */; };
		532AC8BE345F3B631890849BB0DFD4AA /* AtticMobileUITests.swift in Sources */ = {isa = PBXBuildFile; fileRef = 35C809DC71DEF8FCA798AA6D24B4229B /* AtticMobileUITests.swift */; };
		5A3C94879C767FC957A7482CD38EF63C /* NoteStore.swift in Sources */ = {isa = PBXBuildFile; fileRef = 9490C2C86B74928F2CCD7D9E220CF83D /* NoteStore.swift */; };
		5ABE43E2EFDEEE829825B1CE3EFEA69D /* TaskActionsMenu.swift in Sources */ = {isa = PBXBuildFile; fileRef = 5011140AA82589235B7282DD228F55CE /* TaskActionsMenu.swift */; };
		5BB7D154781CAEB96B8644D23951B56E /* PersistenceController.swift in Sources */ = {isa = PBXBuildFile; fileRef = CCD289B80CA90F2A176F4229F649F406 /* PersistenceController.swift */; };
		5C1237074A2CB5D7E561628EAD939755 /* PersistenceController.swift in Sources */ = {isa = PBXBuildFile; fileRef = CCD289B80CA90F2A176F4229F649F406 /* PersistenceController.swift */; };
		5CEB200DA340BE1931A249385039BDB2 /* GlobalHotKey.swift in Sources */ = {isa = PBXBuildFile; fileRef = 125E17F2D923E625638DCC8E821F4CDE /* GlobalHotKey.swift */; };
		5EEF7C3AA5CF404972798CB9596494CF /* TaskComposerView.swift in Sources */ = {isa = PBXBuildFile; fileRef = F92E2840726678E6A5C53C23249D9E7A /* TaskComposerView.swift */; };
		613E85771A67EE5413E29A1CDDE6FD79 /* CanvasBoardItem.swift in Sources */ = {isa = PBXBuildFile; fileRef = A3C4B94A2917F084F41FB90CBD13F6CC /* CanvasBoardItem.swift */; };
		61CA4A756499848B3FFF504C398877AA /* AtticUITests.swift in Sources */ = {isa = PBXBuildFile; fileRef = 1A4611B885F3EDB338412178CC8F9158 /* AtticUITests.swift */; };
		6350F6284DEB0AEABCFCBBF332A36F2E /* AtticPanelView.swift in Sources */ = {isa = PBXBuildFile; fileRef = 93C08FD5B56FD8421DC30240979852F8 /* AtticPanelView.swift */; };
		635E831514ADBD36E205F4D2E2F8DBE1 /* LoginItemService.swift in Sources */ = {isa = PBXBuildFile; fileRef = B31E294E924347BF07EB0417A1851829 /* LoginItemService.swift */; };
		6444C5819ED6A1D60EC080C66FADD735 /* MobileTaskRow.swift in Sources */ = {isa = PBXBuildFile; fileRef = B4DD997ECC69A1FCE761FFE6F8EEAEF1 /* MobileTaskRow.swift */; };
		6628165F8FF0EB78100832330906B875 /* AtticStyle.swift in Sources */ = {isa = PBXBuildFile; fileRef = 46DDBF75996ED7F991D16F1F6D16E669 /* AtticStyle.swift */; };
		6AB59AEBCB287DA5DBB592B8D400D467 /* CanvasSurfaceMac.swift in Sources */ = {isa = PBXBuildFile; fileRef = 322C92BCA01FB477C18A6099702313F8 /* CanvasSurfaceMac.swift */; };
		6CD1F8EE07CE1D8E64C7E73BE890899E /* AgentHTTPRequest.swift in Sources */ = {isa = PBXBuildFile; fileRef = 4D6A612163D8E89AFA6CC0948DF3AECF /* AgentHTTPRequest.swift */; };
		6D17C794494F41EF06621EE308F22D3B /* AtticMobileApp.swift in Sources */ = {isa = PBXBuildFile; fileRef = 9A38AC68695C6887E76AFF37FB7705D9 /* AtticMobileApp.swift */; };
		74A406E34352A64818A84687BD3C0A2B /* NoteStore.swift in Sources */ = {isa = PBXBuildFile; fileRef = 9490C2C86B74928F2CCD7D9E220CF83D /* NoteStore.swift */; };
		7D30354D68D2F6CB6DC17C2CF178BA27 /* TaskStoreTests.swift in Sources */ = {isa = PBXBuildFile; fileRef = 5BB4E9EBA699C9EB5DB45510A8515175 /* TaskStoreTests.swift */; };
		7D33805C1F39259EE5D0E699640A4613 /* AtticTheme.swift in Sources */ = {isa = PBXBuildFile; fileRef = BF592F0513E65C4487ECC5B3FEEB581E /* AtticTheme.swift */; };
		7DEEB07D9B0E60C5AEB4EF64EA4B6426 /* CanvasSurfaceIOS.swift in Sources */ = {isa = PBXBuildFile; fileRef = 49D90407AF629944AB217C2CDF97C1E9 /* CanvasSurfaceIOS.swift */; };
		8220546A667363CBFF68C029AFE0AC8C /* NoteStoreMobileTests.swift in Sources */ = {isa = PBXBuildFile; fileRef = 5FC2A296652FD7F54BB165EB955668A6 /* NoteStoreMobileTests.swift */; };
		84BF40FD2D8CBEB0A752EDA1525C4AB8 /* AppCoordinator.swift in Sources */ = {isa = PBXBuildFile; fileRef = 93B277F9623D67F06B53F5E91E8A3EE8 /* AppCoordinator.swift */; };
		8520970ED7D0355D94FE46E0DB6FAF12 /* AppSettings.swift in Sources */ = {isa = PBXBuildFile; fileRef = 7515DFDD7A21CF5893B89EF507E7C05C /* AppSettings.swift */; };
		874D887938FDCAF9441EC3CCB2ED8AC4 /* NoteStoreTests.swift in Sources */ = {isa = PBXBuildFile; fileRef = 2BD9BE1E0150CFABFC8ADAFC44F13637 /* NoteStoreTests.swift */; };
		960D1E240D53F08343EDE45C85CA93E1 /* AgentTaskTools.swift in Sources */ = {isa = PBXBuildFile; fileRef = 3AC26E39295ED45506DD61DE3496A1B8 /* AgentTaskTools.swift */; };
		970C86CB5C72D77B34AE9BEAA4A0F65C /* PanelUIState.swift in Sources */ = {isa = PBXBuildFile; fileRef = 40C13C7D6C2ACE692F1B927B9A33351B /* PanelUIState.swift */; };
		9858A8FF9B67E277F2DA2E492E1BAE14 /* TaskItem.swift in Sources */ = {isa = PBXBuildFile; fileRef = 4D6DEEFB94B47F2EA34DD123E38D8832 /* TaskItem.swift */; };
		9A35DE5B935B08A471108BDEE60337E3 /* AgentServer.swift in Sources */ = {isa = PBXBuildFile; fileRef = 1BF797D2DF1847BF3835CB55702DB2C3 /* AgentServer.swift */; };
		9FBEA2C79F608B72CA04486FD8429DD3 /* CanvasInputStateMachine.swift in Sources */ = {isa = PBXBuildFile; fileRef = 260C5324C82D37AC4A85EBE19F465770 /* CanvasInputStateMachine.swift */; };
		A0667B356EA3460ED630BD9BC755D1A8 /* CanvasPanelContent.swift in Sources */ = {isa = PBXBuildFile; fileRef = 16E5FD250C3F630268244C9FD945D0AC /* CanvasPanelContent.swift */; };
		A1CA7040A04320AEAADCA5D874776B97 /* Foundation.framework in Frameworks */ = {isa = PBXBuildFile; fileRef = EADA223201BD18D2E5FFF1DE28821A67 /* Foundation.framework */; };
		A4C82BE32CC2DD811E119469768AE1F0 /* MCPRequestHandlerTests.swift in Sources */ = {isa = PBXBuildFile; fileRef = 746109D6D9EDE01596752476899424BF /* MCPRequestHandlerTests.swift */; };
		A8E4F99104C2DAEA99D666D09612DD59 /* CanvasUITests.swift in Sources */ = {isa = PBXBuildFile; fileRef = 80AC4894F48EAA1B5C288C1C5E1F726D /* CanvasUITests.swift */; };
		AA39887CC7F57E93C1B8C1B9FA7DB9F8 /* MCPRequestHandler.swift in Sources */ = {isa = PBXBuildFile; fileRef = E13DD5023DD3D297A9986C440FDFFA37 /* MCPRequestHandler.swift */; };
		ABA4D5D744846D7B86929BD8F5AF9A34 /* Foundation.framework in Frameworks */ = {isa = PBXBuildFile; fileRef = EADA223201BD18D2E5FFF1DE28821A67 /* Foundation.framework */; };
		AC02C93EDB9621F34A684184A0A40540 /* AtticTheme.swift in Sources */ = {isa = PBXBuildFile; fileRef = BF592F0513E65C4487ECC5B3FEEB581E /* AtticTheme.swift */; };
		AC22B033F89C8DF1B45F0FEECEC09AA6 /* TaskSectionView.swift in Sources */ = {isa = PBXBuildFile; fileRef = 48889CB90E26AD69A564E83AB5C5EC1E /* TaskSectionView.swift */; };
		B338F7C68E4654503DAA072748D6E824 /* TaskStore.swift in Sources */ = {isa = PBXBuildFile; fileRef = 43F74BA62DBB395D8E40D6C8FA8614DB /* TaskStore.swift */; };
		B69895055E9549F7E078664B68F2D596 /* Foundation.framework in Frameworks */ = {isa = PBXBuildFile; fileRef = EADA223201BD18D2E5FFF1DE28821A67 /* Foundation.framework */; };
		B6C0BF267F08E3CC8271D9CDAE6C672F /* MobileNotesScreen.swift in Sources */ = {isa = PBXBuildFile; fileRef = D36595D74FAD9B6F6DDC53EFF28D56D7 /* MobileNotesScreen.swift */; };
		B7933BEDDDFBB0EE2B28E0A3E1754DB5 /* PanelGeometry.swift in Sources */ = {isa = PBXBuildFile; fileRef = 0D7444C0637F8AC8B33A081629EBCEFB /* PanelGeometry.swift */; };
		B795828C034E5E87C4AAF17C950A2BBC /* NoteItem.swift in Sources */ = {isa = PBXBuildFile; fileRef = 7D0AC9EA0B0C2F5D2D0AD2B6F6BF8799 /* NoteItem.swift */; };
		B7C20B343AF1DC3C31C17071127D3D81 /* CanvasStrokeCodec.swift in Sources */ = {isa = PBXBuildFile; fileRef = 5F0AEE16134C960740FB096D7FC9D414 /* CanvasStrokeCodec.swift */; };
		B878ED98A5A470395370A955DF08FCF2 /* CornerHoverStateMachineTests.swift in Sources */ = {isa = PBXBuildFile; fileRef = 86C1D3ED234F4B29A4887C78814CBA77 /* CornerHoverStateMachineTests.swift */; };
		B97D192E4025435AA33E9B4BD2C8F1C0 /* Assets.xcassets in Resources */ = {isa = PBXBuildFile; fileRef = A8D392D63C714A2521E426E6CFE0084B /* Assets.xcassets */; };
		BECDA1FAD4F602CD01EC4619391F74FC /* TaskTypes.swift in Sources */ = {isa = PBXBuildFile; fileRef = D205CD849A68369D0C77F97A018CDC13 /* TaskTypes.swift */; };
		C1A8B03D0E0EA6F8C4B8F35707EFFAB9 /* NoteDraftControllerTests.swift in Sources */ = {isa = PBXBuildFile; fileRef = 411C6D51DAB4C8649DF37E7E416891AD /* NoteDraftControllerTests.swift */; };
		C2E5C14732442D0A6A04386144971FB6 /* NoteDraftController.swift in Sources */ = {isa = PBXBuildFile; fileRef = 28779C8C43040FAFBFD2E89142FC4D23 /* NoteDraftController.swift */; };
		C4A37CC63AA2469814CF2C0566B20EEC /* NotesPanelContent.swift in Sources */ = {isa = PBXBuildFile; fileRef = 931A4D5237C31167AAF61E487657EC32 /* NotesPanelContent.swift */; };
		C68EA3DAC32EC7F28B7F0A4F2DA62697 /* MobileCanvasScreen.swift in Sources */ = {isa = PBXBuildFile; fileRef = 88215AB1D99B7CF6A709FDBF2155203E /* MobileCanvasScreen.swift */; };
		C923D90111219823DD53A4702C03CF23 /* AgentAccessTokenStore.swift in Sources */ = {isa = PBXBuildFile; fileRef = 38791B43585D10D7C504168E7F36E3CD /* AgentAccessTokenStore.swift */; };
		CF35CCEE96D14A09B77A6A6E3B9F76BC /* TaskStoreMobileTests.swift in Sources */ = {isa = PBXBuildFile; fileRef = 64B7A949AB67E79B7F59707B62118ABB /* TaskStoreMobileTests.swift */; };
		CF9AEC3D261C59C3D14EFD21C5A1496B /* CornerPicker.swift in Sources */ = {isa = PBXBuildFile; fileRef = 8A8C0A01A31AFE6288CA63A075370D14 /* CornerPicker.swift */; };
		D08104D4BDA81976F334FEF781B07DC1 /* SettingsWindowController.swift in Sources */ = {isa = PBXBuildFile; fileRef = 70AFE4C12AEE0043AFEACBB1937E4199 /* SettingsWindowController.swift */; };
		D54A221E4D0F7088F59298647E4542FA /* CanvasSurface.swift in Sources */ = {isa = PBXBuildFile; fileRef = D3810B3B57C349FE0E0A2B6485AEDCA6 /* CanvasSurface.swift */; };
		D743C55F7EF0BDC5314AFC5EE0EBF95E /* TestSupport.swift in Sources */ = {isa = PBXBuildFile; fileRef = 9094699771D6A713ACBED9CAFE861F39 /* TestSupport.swift */; };
		DCCBC506F244EA9CD8D5436E9D621A68 /* AtticPanel.swift in Sources */ = {isa = PBXBuildFile; fileRef = 0DDA15A7F886DFBC0EDEEF6EF300BF23 /* AtticPanel.swift */; };
		DD4B2B769B182B7A16CD9064955108C5 /* AtticPanelController.swift in Sources */ = {isa = PBXBuildFile; fileRef = 3099C8DD31EEF7637F41D1117A39F2C1 /* AtticPanelController.swift */; };
		DEDC226A8A850565ECC3703201522241 /* PanelSquircleSettingsTests.swift in Sources */ = {isa = PBXBuildFile; fileRef = 7BE0921F1F7ABCA73D0F0750F8464144 /* PanelSquircleSettingsTests.swift */; };
		E1495D817FC8C56D8DBCC2E3DDACA95C /* CornerHoverStateMachine.swift in Sources */ = {isa = PBXBuildFile; fileRef = 752DFC0D8690C313BABCE9B064086194 /* CornerHoverStateMachine.swift */; };
		E401AE894111EE1AEA85E60DD39285A6 /* PanelSection.swift in Sources */ = {isa = PBXBuildFile; fileRef = 18C5E5F05410C4FEF59CBCF72060B098 /* PanelSection.swift */; };
		E8FBB7AB6F33F32CBBF28606D0499DE4 /* MobileAppModel.swift in Sources */ = {isa = PBXBuildFile; fileRef = D3AE47FEE281D8DD8C8F52C57284CDFA /* MobileAppModel.swift */; };
		ED3CF4C9614855AAC5E2E1D680276FB0 /* CanvasViewport.swift in Sources */ = {isa = PBXBuildFile; fileRef = 09905B5C9BD68ABA559DB2486DDFF10C /* CanvasViewport.swift */; };
		EE0FD3C7F01C6DF32E945D2574B695C6 /* Cocoa.framework in Frameworks */ = {isa = PBXBuildFile; fileRef = D8359BE3DE730EB8FDA12CE6178D83DD /* Cocoa.framework */; };
		EED7C6DF1E77981647464311677C8A6E /* PrivacyInfo.xcprivacy in Resources */ = {isa = PBXBuildFile; fileRef = 2EA181061C51E7B18BDF27AD49A95190 /* PrivacyInfo.xcprivacy */; };
		F3D865E459FBEE24C4D8E544DB17554E /* CanvasSession.swift in Sources */ = {isa = PBXBuildFile; fileRef = F565012020418C51A28D84E281F0F548 /* CanvasSession.swift */; };
		F49607AA921CB306B7BE14BE115BE493 /* TaskRowView.swift in Sources */ = {isa = PBXBuildFile; fileRef = 984216A78B8AF906446D0C452F4F8200 /* TaskRowView.swift */; };
		F9D3BB34CE4C58F8E9004BC6F8B83C71 /* AtticApp.swift in Sources */ = {isa = PBXBuildFile; fileRef = BA54015B80749EC3C5ABB788E284EDE3 /* AtticApp.swift */; };
		FA0D48973383B8F1EF03AACFCEDDA921 /* Assets.xcassets in Resources */ = {isa = PBXBuildFile; fileRef = A8D392D63C714A2521E426E6CFE0084B /* Assets.xcassets */; };
		FBFCBDDBB56AC58C713985049AA62BE4 /* CanvasRenderCacheTests.swift in Sources */ = {isa = PBXBuildFile; fileRef = 0D1920F18D341C09A901CC5273485568 /* CanvasRenderCacheTests.swift */; };
		FE8ED337FE21300844B57D9B448146BE /* AgentHTTPRequestTests.swift in Sources */ = {isa = PBXBuildFile; fileRef = BDADF9BB6E08E3DBF6C9BB47B790B9FE /* AgentHTTPRequestTests.swift */; };
/* End PBXBuildFile section */

/* Begin PBXContainerItemProxy section */
		25AD53E15508A27D20B9DDD6416C54B3 /* PBXContainerItemProxy */ = {
			isa = PBXContainerItemProxy;
			containerPortal = DA958AEF55466F70E6607154738295C0 /* Project object */;
			proxyType = 1;
			remoteGlobalIDString = 6A9C0775F09BF19B3C70496EEC4AF237;
			remoteInfo = AtticMobile;
		};
		6839364CB52F0BBEDD72FAB2697AAEEC /* PBXContainerItemProxy */ = {
			isa = PBXContainerItemProxy;
			containerPortal = DA958AEF55466F70E6607154738295C0 /* Project object */;
			proxyType = 1;
			remoteGlobalIDString = A7714C2169D9DBD5A01DC94837E1C051;
			remoteInfo = Attic;
		};
		8DA970D0A4727F03DC9A53C9899BE36D /* PBXContainerItemProxy */ = {
			isa = PBXContainerItemProxy;
			containerPortal = DA958AEF55466F70E6607154738295C0 /* Project object */;
			proxyType = 1;
			remoteGlobalIDString = A7714C2169D9DBD5A01DC94837E1C051;
			remoteInfo = Attic;
		};
		C360DB55EE6C1DA6E09845349014A993 /* PBXContainerItemProxy */ = {
			isa = PBXContainerItemProxy;
			containerPortal = DA958AEF55466F70E6607154738295C0 /* Project object */;
			proxyType = 1;
			remoteGlobalIDString = 6A9C0775F09BF19B3C70496EEC4AF237;
			remoteInfo = AtticMobile;
		};
/* End PBXContainerItemProxy section */

/* Begin PBXFileReference section */
		00BC486AD95ABA15F562718C47E5CEF4 /* SettingsView.swift */ = {isa = PBXFileReference; includeInIndex = 1; lastKnownFileType = sourcecode.swift; name = SettingsView.swift; path = Views/Settings/SettingsView.swift; sourceTree = "<group>"; };
		01AFA44C039A6911D3E8A002AE1FE0D0 /* PanelGeometryTests.swift */ = {isa = PBXFileReference; includeInIndex = 1; lastKnownFileType = sourcecode.swift; path = PanelGeometryTests.swift; sourceTree = "<group>"; };
		02EDB25142E9DE7C8E7A5BA0568E83B8 /* CanvasControls.swift */ = {isa = PBXFileReference; includeInIndex = 1; lastKnownFileType = sourcecode.swift; name = CanvasControls.swift; path = Canvas/CanvasControls.swift; sourceTree = "<group>"; };
		0547A3C017B9D8853B68105DFE3A6489 /* AtticNotesLocal.entitlements */ = {isa = PBXFileReference; includeInIndex = 1; lastKnownFileType = text.plist.entitlements; path = AtticNotesLocal.entitlements; sourceTree = "<group>"; };
		09905B5C9BD68ABA559DB2486DDFF10C /* CanvasViewport.swift */ = {isa = PBXFileReference; includeInIndex = 1; lastKnownFileType = sourcecode.swift; name = CanvasViewport.swift; path = Canvas/CanvasViewport.swift; sourceTree = "<group>"; };
		0D1920F18D341C09A901CC5273485568 /* CanvasRenderCacheTests.swift */ = {isa = PBXFileReference; includeInIndex = 1; lastKnownFileType = sourcecode.swift; path = CanvasRenderCacheTests.swift; sourceTree = "<group>"; };
		0D7444C0637F8AC8B33A081629EBCEFB /* PanelGeometry.swift */ = {isa = PBXFileReference; includeInIndex = 1; lastKnownFileType = sourcecode.swift; name = PanelGeometry.swift; path = Services/PanelGeometry.swift; sourceTree = "<group>"; };
		0DDA15A7F886DFBC0EDEEF6EF300BF23 /* AtticPanel.swift */ = {isa = PBXFileReference; includeInIndex = 1; lastKnownFileType = sourcecode.swift; name = AtticPanel.swift; path = Window/AtticPanel.swift; sourceTree = "<group>"; };
		125E17F2D923E625638DCC8E821F4CDE /* GlobalHotKey.swift */ = {isa = PBXFileReference; includeInIndex = 1; lastKnownFileType = sourcecode.swift; name = GlobalHotKey.swift; path = Services/GlobalHotKey.swift; sourceTree = "<group>"; };
		1556630E0F0E3F7E68C92958EA40BA95 /* PanelSquircleGeometryTests.swift */ = {isa = PBXFileReference; includeInIndex = 1; lastKnownFileType = sourcecode.swift; path = PanelSquircleGeometryTests.swift; sourceTree = "<group>"; };
		16E5FD250C3F630268244C9FD945D0AC /* CanvasPanelContent.swift */ = {isa = PBXFileReference; includeInIndex = 1; lastKnownFileType = sourcecode.swift; name = CanvasPanelContent.swift; path = Views/Panel/CanvasPanelContent.swift; sourceTree = "<group>"; };
		18C5E5F05410C4FEF59CBCF72060B098 /* PanelSection.swift */ = {isa = PBXFileReference; includeInIndex = 1; lastKnownFileType = sourcecode.swift; name = PanelSection.swift; path = Window/PanelSection.swift; sourceTree = "<group>"; };
		1A4611B885F3EDB338412178CC8F9158 /* AtticUITests.swift */ = {isa = PBXFileReference; includeInIndex = 1; lastKnownFileType = sourcecode.swift; path = AtticUITests.swift; sourceTree = "<group>"; };
		1BF797D2DF1847BF3835CB55702DB2C3 /* AgentServer.swift */ = {isa = PBXFileReference; includeInIndex = 1; lastKnownFileType = sourcecode.swift; name = AgentServer.swift; path = Services/AgentServer/AgentServer.swift; sourceTree = "<group>"; };
		1DAF3BBE9A1774D065415F90EE64411D /* CanvasStoreTests.swift */ = {isa = PBXFileReference; includeInIndex = 1; lastKnownFileType = sourcecode.swift; path = CanvasStoreTests.swift; sourceTree = "<group>"; };
		202E07D5B85798E2D9A5C7D49CC7C5C5 /* Attic.app */ = {isa = PBXFileReference; explicitFileType = wrapper.application; includeInIndex = 0; path = Attic.app; sourceTree = BUILT_PRODUCTS_DIR; };
		22BAA8701FE1AF3BDC8F9F0B3DB7048C /* CanvasSurfaceRenderer.swift */ = {isa = PBXFileReference; includeInIndex = 1; lastKnownFileType = sourcecode.swift; name = CanvasSurfaceRenderer.swift; path = Canvas/CanvasSurfaceRenderer.swift; sourceTree = "<group>"; };
		22E0425DE32EFD6E5CE782E2613171F4 /* CanvasSessionTests.swift */ = {isa = PBXFileReference; includeInIndex = 1; lastKnownFileType = sourcecode.swift; path = CanvasSessionTests.swift; sourceTree = "<group>"; };
		260C5324C82D37AC4A85EBE19F465770 /* CanvasInputStateMachine.swift */ = {isa = PBXFileReference; includeInIndex = 1; lastKnownFileType = sourcecode.swift; name = CanvasInputStateMachine.swift; path = Canvas/CanvasInputStateMachine.swift; sourceTree = "<group>"; };
		28779C8C43040FAFBFD2E89142FC4D23 /* NoteDraftController.swift */ = {isa = PBXFileReference; includeInIndex = 1; lastKnownFileType = sourcecode.swift; name = NoteDraftController.swift; path = Services/NoteDraftController.swift; sourceTree = "<group>"; };
		2BD9BE1E0150CFABFC8ADAFC44F13637 /* NoteStoreTests.swift */ = {isa = PBXFileReference; includeInIndex = 1; lastKnownFileType = sourcecode.swift; path = NoteStoreTests.swift; sourceTree = "<group>"; };
		2EA181061C51E7B18BDF27AD49A95190 /* PrivacyInfo.xcprivacy */ = {isa = PBXFileReference; includeInIndex = 1; name = PrivacyInfo.xcprivacy; path = Resources/PrivacyInfo.xcprivacy; sourceTree = "<group>"; };
		2F8D3206710688D91D7EF5E9243743D2 /* CanvasMobileUITests.swift */ = {isa = PBXFileReference; includeInIndex = 1; lastKnownFileType = sourcecode.swift; path = CanvasMobileUITests.swift; sourceTree = "<group>"; };
		3099C8DD31EEF7637F41D1117A39F2C1 /* AtticPanelController.swift */ = {isa = PBXFileReference; includeInIndex = 1; lastKnownFileType = sourcecode.swift; name = AtticPanelController.swift; path = Window/AtticPanelController.swift; sourceTree = "<group>"; };
		322C92BCA01FB477C18A6099702313F8 /* CanvasSurfaceMac.swift */ = {isa = PBXFileReference; includeInIndex = 1; lastKnownFileType = sourcecode.swift; name = CanvasSurfaceMac.swift; path = Canvas/CanvasSurfaceMac.swift; sourceTree = "<group>"; };
		35C809DC71DEF8FCA798AA6D24B4229B /* AtticMobileUITests.swift */ = {isa = PBXFileReference; includeInIndex = 1; lastKnownFileType = sourcecode.swift; path = AtticMobileUITests.swift; sourceTree = "<group>"; };
		38791B43585D10D7C504168E7F36E3CD /* AgentAccessTokenStore.swift */ = {isa = PBXFileReference; includeInIndex = 1; lastKnownFileType = sourcecode.swift; name = AgentAccessTokenStore.swift; path = Services/AgentServer/AgentAccessTokenStore.swift; sourceTree = "<group>"; };
		399A2BC245E15EF6E4EB7D9EF7CB605B /* MobileAppRoot.swift */ = {isa = PBXFileReference; includeInIndex = 1; lastKnownFileType = sourcecode.swift; name = MobileAppRoot.swift; path = Views/MobileAppRoot.swift; sourceTree = "<group>"; };
		3AC26E39295ED45506DD61DE3496A1B8 /* AgentTaskTools.swift */ = {isa = PBXFileReference; includeInIndex = 1; lastKnownFileType = sourcecode.swift; name = AgentTaskTools.swift; path = Services/AgentServer/AgentTaskTools.swift; sourceTree = "<group>"; };
		40C13C7D6C2ACE692F1B927B9A33351B /* PanelUIState.swift */ = {isa = PBXFileReference; includeInIndex = 1; lastKnownFileType = sourcecode.swift; name = PanelUIState.swift; path = Window/PanelUIState.swift; sourceTree = "<group>"; };
		411C6D51DAB4C8649DF37E7E416891AD /* NoteDraftControllerTests.swift */ = {isa = PBXFileReference; includeInIndex = 1; lastKnownFileType = sourcecode.swift; path = NoteDraftControllerTests.swift; sourceTree = "<group>"; };
		43F74BA62DBB395D8E40D6C8FA8614DB /* TaskStore.swift */ = {isa = PBXFileReference; includeInIndex = 1; lastKnownFileType = sourcecode.swift; name = TaskStore.swift; path = Services/TaskStore.swift; sourceTree = "<group>"; };
		46DDBF75996ED7F991D16F1F6D16E669 /* AtticStyle.swift */ = {isa = PBXFileReference; includeInIndex = 1; lastKnownFileType = sourcecode.swift; name = AtticStyle.swift; path = Design/AtticStyle.swift; sourceTree = "<group>"; };
		48889CB90E26AD69A564E83AB5C5EC1E /* TaskSectionView.swift */ = {isa = PBXFileReference; includeInIndex = 1; lastKnownFileType = sourcecode.swift; name = TaskSectionView.swift; path = Views/Panel/TaskSectionView.swift; sourceTree = "<group>"; };
		49D90407AF629944AB217C2CDF97C1E9 /* CanvasSurfaceIOS.swift */ = {isa = PBXFileReference; includeInIndex = 1; lastKnownFileType = sourcecode.swift; name = CanvasSurfaceIOS.swift; path = Canvas/CanvasSurfaceIOS.swift; sourceTree = "<group>"; };
		4D6A612163D8E89AFA6CC0948DF3AECF /* AgentHTTPRequest.swift */ = {isa = PBXFileReference; includeInIndex = 1; lastKnownFileType = sourcecode.swift; name = AgentHTTPRequest.swift; path = Services/AgentServer/AgentHTTPRequest.swift; sourceTree = "<group>"; };
		4D6DEEFB94B47F2EA34DD123E38D8832 /* TaskItem.swift */ = {isa = PBXFileReference; includeInIndex = 1; lastKnownFileType = sourcecode.swift; name = TaskItem.swift; path = Models/TaskItem.swift; sourceTree = "<group>"; };
		5011140AA82589235B7282DD228F55CE /* TaskActionsMenu.swift */ = {isa = PBXFileReference; includeInIndex = 1; lastKnownFileType = sourcecode.swift; name = TaskActionsMenu.swift; path = Design/TaskActionsMenu.swift; sourceTree = "<group>"; };
		51CBB9C312A1E6CEBA03D1AFF605BFCE /* AtticMobile.entitlements */ = {isa = PBXFileReference; includeInIndex = 1; lastKnownFileType = text.plist.entitlements; path = AtticMobile.entitlements; sourceTree = "<group>"; };
		5A2D63ABEB6B2D64CA8C1D748FA53C02 /* AtticLocal.entitlements */ = {isa = PBXFileReference; includeInIndex = 1; lastKnownFileType = text.plist.entitlements; path = AtticLocal.entitlements; sourceTree = "<group>"; };
		5B4264A78ABF9C55658F29D7699C71F4 /* CanvasUITestStoreTests.swift */ = {isa = PBXFileReference; includeInIndex = 1; lastKnownFileType = sourcecode.swift; path = CanvasUITestStoreTests.swift; sourceTree = "<group>"; };
		5BB4E9EBA699C9EB5DB45510A8515175 /* TaskStoreTests.swift */ = {isa = PBXFileReference; includeInIndex = 1; lastKnownFileType = sourcecode.swift; path = TaskStoreTests.swift; sourceTree = "<group>"; };
		5F0AEE16134C960740FB096D7FC9D414 /* CanvasStrokeCodec.swift */ = {isa = PBXFileReference; includeInIndex = 1; lastKnownFileType = sourcecode.swift; name = CanvasStrokeCodec.swift; path = Canvas/CanvasStrokeCodec.swift; sourceTree = "<group>"; };
		5FC2A296652FD7F54BB165EB955668A6 /* NoteStoreMobileTests.swift */ = {isa = PBXFileReference; includeInIndex = 1; lastKnownFileType = sourcecode.swift; path = NoteStoreMobileTests.swift; sourceTree = "<group>"; };
		64B7A949AB67E79B7F59707B62118ABB /* TaskStoreMobileTests.swift */ = {isa = PBXFileReference; includeInIndex = 1; lastKnownFileType = sourcecode.swift; path = TaskStoreMobileTests.swift; sourceTree = "<group>"; };
		66851305D930056B87DDF69353B972A7 /* AppSettingsTests.swift */ = {isa = PBXFileReference; includeInIndex = 1; lastKnownFileType = sourcecode.swift; path = AppSettingsTests.swift; sourceTree = "<group>"; };
		67A48CC27503AB00B204F5401ECAD854 /* Squircle.swift */ = {isa = PBXFileReference; includeInIndex = 1; lastKnownFileType = sourcecode.swift; name = Squircle.swift; path = Design/Squircle.swift; sourceTree = "<group>"; };
		6E1CC42FCF216AECF9115B7DCE3E060E /* Attic.entitlements */ = {isa = PBXFileReference; includeInIndex = 1; lastKnownFileType = text.plist.entitlements; path = Attic.entitlements; sourceTree = "<group>"; };
		70AFE4C12AEE0043AFEACBB1937E4199 /* SettingsWindowController.swift */ = {isa = PBXFileReference; includeInIndex = 1; lastKnownFileType = sourcecode.swift; name = SettingsWindowController.swift; path = Window/SettingsWindowController.swift; sourceTree = "<group>"; };
		717C4A53C1AC87445DF8752F1B5D0793 /* DailyCleanupServiceTests.swift */ = {isa = PBXFileReference; includeInIndex = 1; lastKnownFileType = sourcecode.swift; path = DailyCleanupServiceTests.swift; sourceTree = "<group>"; };
		724CF54D76481838C73AF5AC555F93CC /* MobileTaskEditor.swift */ = {isa = PBXFileReference; includeInIndex = 1; lastKnownFileType = sourcecode.swift; name = MobileTaskEditor.swift; path = Views/MobileTaskEditor.swift; sourceTree = "<group>"; };
		73328E5CFA07D67D8F0F8CC2577318D3 /* AtticDebug.entitlements */ = {isa = PBXFileReference; includeInIndex = 1; lastKnownFileType = text.plist.entitlements; path = AtticDebug.entitlements; sourceTree = "<group>"; };
		746109D6D9EDE01596752476899424BF /* MCPRequestHandlerTests.swift */ = {isa = PBXFileReference; includeInIndex = 1; lastKnownFileType = sourcecode.swift; path = MCPRequestHandlerTests.swift; sourceTree = "<group>"; };
		7515DFDD7A21CF5893B89EF507E7C05C /* AppSettings.swift */ = {isa = PBXFileReference; includeInIndex = 1; lastKnownFileType = sourcecode.swift; name = AppSettings.swift; path = Services/AppSettings.swift; sourceTree = "<group>"; };
		752DFC0D8690C313BABCE9B064086194 /* CornerHoverStateMachine.swift */ = {isa = PBXFileReference; includeInIndex = 1; lastKnownFileType = sourcecode.swift; name = CornerHoverStateMachine.swift; path = Services/CornerHoverStateMachine.swift; sourceTree = "<group>"; };
		7BE0921F1F7ABCA73D0F0750F8464144 /* PanelSquircleSettingsTests.swift */ = {isa = PBXFileReference; includeInIndex = 1; lastKnownFileType = sourcecode.swift; path = PanelSquircleSettingsTests.swift; sourceTree = "<group>"; };
		7D0AC9EA0B0C2F5D2D0AD2B6F6BF8799 /* NoteItem.swift */ = {isa = PBXFileReference; includeInIndex = 1; lastKnownFileType = sourcecode.swift; name = NoteItem.swift; path = Models/NoteItem.swift; sourceTree = "<group>"; };
		80AC4894F48EAA1B5C288C1C5E1F726D /* CanvasUITests.swift */ = {isa = PBXFileReference; includeInIndex = 1; lastKnownFileType = sourcecode.swift; path = CanvasUITests.swift; sourceTree = "<group>"; };
		84769ECCAD8A1F5D32FD33A58990E6F2 /* TaskStatusButton.swift */ = {isa = PBXFileReference; includeInIndex = 1; lastKnownFileType = sourcecode.swift; name = TaskStatusButton.swift; path = Views/Panel/TaskStatusButton.swift; sourceTree = "<group>"; };
		86C1D3ED234F4B29A4887C78814CBA77 /* CornerHoverStateMachineTests.swift */ = {isa = PBXFileReference; includeInIndex = 1; lastKnownFileType = sourcecode.swift; path = CornerHoverStateMachineTests.swift; sourceTree = "<group>"; };
		88215AB1D99B7CF6A709FDBF2155203E /* MobileCanvasScreen.swift */ = {isa = PBXFileReference; includeInIndex = 1; lastKnownFileType = sourcecode.swift; name = MobileCanvasScreen.swift; path = Views/MobileCanvasScreen.swift; sourceTree = "<group>"; };
		892FDC1BD26B6623EC8E19B1298293BD /* Info.plist */ = {isa = PBXFileReference; includeInIndex = 1; lastKnownFileType = text.plist.xml; path = Info.plist; sourceTree = "<group>"; };
		8A8C0A01A31AFE6288CA63A075370D14 /* CornerPicker.swift */ = {isa = PBXFileReference; includeInIndex = 1; lastKnownFileType = sourcecode.swift; name = CornerPicker.swift; path = Views/Settings/CornerPicker.swift; sourceTree = "<group>"; };
		8B24173C4421E836F6783B7CE3C5FEDD /* CanvasStore.swift */ = {isa = PBXFileReference; includeInIndex = 1; lastKnownFileType = sourcecode.swift; name = CanvasStore.swift; path = Services/CanvasStore.swift; sourceTree = "<group>"; };
		9094699771D6A713ACBED9CAFE861F39 /* TestSupport.swift */ = {isa = PBXFileReference; includeInIndex = 1; lastKnownFileType = sourcecode.swift; path = TestSupport.swift; sourceTree = "<group>"; };
		90D9442DAF475F8F5C426561171B23B4 /* CanvasStrokeItem.swift */ = {isa = PBXFileReference; includeInIndex = 1; lastKnownFileType = sourcecode.swift; name = CanvasStrokeItem.swift; path = Models/CanvasStrokeItem.swift; sourceTree = "<group>"; };
		931A4D5237C31167AAF61E487657EC32 /* NotesPanelContent.swift */ = {isa = PBXFileReference; includeInIndex = 1; lastKnownFileType = sourcecode.swift; name = NotesPanelContent.swift; path = Views/Panel/NotesPanelContent.swift; sourceTree = "<group>"; };
		93B277F9623D67F06B53F5E91E8A3EE8 /* AppCoordinator.swift */ = {isa = PBXFileReference; includeInIndex = 1; lastKnownFileType = sourcecode.swift; name = AppCoordinator.swift; path = App/AppCoordinator.swift; sourceTree = "<group>"; };
		93C08FD5B56FD8421DC30240979852F8 /* AtticPanelView.swift */ = {isa = PBXFileReference; includeInIndex = 1; lastKnownFileType = sourcecode.swift; name = AtticPanelView.swift; path = Views/Panel/AtticPanelView.swift; sourceTree = "<group>"; };
		9490C2C86B74928F2CCD7D9E220CF83D /* NoteStore.swift */ = {isa = PBXFileReference; includeInIndex = 1; lastKnownFileType = sourcecode.swift; name = NoteStore.swift; path = Services/NoteStore.swift; sourceTree = "<group>"; };
		9586F152EE89B60164E8EBA448CC3FB8 /* Info.plist */ = {isa = PBXFileReference; includeInIndex = 1; lastKnownFileType = text.plist.xml; path = Info.plist; sourceTree = "<group>"; };
		9730EE9382123402EED26B8505460875 /* CanvasDomainTests.swift */ = {isa = PBXFileReference; includeInIndex = 1; lastKnownFileType = sourcecode.swift; path = CanvasDomainTests.swift; sourceTree = "<group>"; };
		984216A78B8AF906446D0C452F4F8200 /* TaskRowView.swift */ = {isa = PBXFileReference; includeInIndex = 1; lastKnownFileType = sourcecode.swift; name = TaskRowView.swift; path = Views/Panel/TaskRowView.swift; sourceTree = "<group>"; };
		9A38AC68695C6887E76AFF37FB7705D9 /* AtticMobileApp.swift */ = {isa = PBXFileReference; includeInIndex = 1; lastKnownFileType = sourcecode.swift; name = AtticMobileApp.swift; path = App/AtticMobileApp.swift; sourceTree = "<group>"; };
		A3C4B94A2917F084F41FB90CBD13F6CC /* CanvasBoardItem.swift */ = {isa = PBXFileReference; includeInIndex = 1; lastKnownFileType = sourcecode.swift; name = CanvasBoardItem.swift; path = Models/CanvasBoardItem.swift; sourceTree = "<group>"; };
		A8891FE18A7E065F90C30D71337E672F /* AtticMobileUITests.xctest */ = {isa = PBXFileReference; explicitFileType = wrapper.cfbundle; includeInIndex = 0; path = AtticMobileUITests.xctest; sourceTree = BUILT_PRODUCTS_DIR; };
		A8D392D63C714A2521E426E6CFE0084B /* Assets.xcassets */ = {isa = PBXFileReference; includeInIndex = 1; lastKnownFileType = folder.assetcatalog; name = Assets.xcassets; path = Resources/Assets.xcassets; sourceTree = "<group>"; };
		AA97A1FF0498894564015D3946844298 /* DailyCleanupService.swift */ = {isa = PBXFileReference; includeInIndex = 1; lastKnownFileType = sourcecode.swift; name = DailyCleanupService.swift; path = Services/DailyCleanupService.swift; sourceTree = "<group>"; };
		B172F4BF904C19853EE4619934736E90 /* TaskDragPayload.swift */ = {isa = PBXFileReference; includeInIndex = 1; lastKnownFileType = sourcecode.swift; name = TaskDragPayload.swift; path = Models/TaskDragPayload.swift; sourceTree = "<group>"; };
		B31E294E924347BF07EB0417A1851829 /* LoginItemService.swift */ = {isa = PBXFileReference; includeInIndex = 1; lastKnownFileType = sourcecode.swift; name = LoginItemService.swift; path = Services/LoginItemService.swift; sourceTree = "<group>"; };
		B4DD997ECC69A1FCE761FFE6F8EEAEF1 /* MobileTaskRow.swift */ = {isa = PBXFileReference; includeInIndex = 1; lastKnownFileType = sourcecode.swift; name = MobileTaskRow.swift; path = Views/MobileTaskRow.swift; sourceTree = "<group>"; };
		B5EB3D8A5FA9D6C5324791251955F025 /* AtticMobileTests.xctest */ = {isa = PBXFileReference; explicitFileType = wrapper.cfbundle; includeInIndex = 0; path = AtticMobileTests.xctest; sourceTree = BUILT_PRODUCTS_DIR; };
		BA54015B80749EC3C5ABB788E284EDE3 /* AtticApp.swift */ = {isa = PBXFileReference; includeInIndex = 1; lastKnownFileType = sourcecode.swift; name = AtticApp.swift; path = App/AtticApp.swift; sourceTree = "<group>"; };
		BCD8FA032992CAED86DD18CA31987390 /* CanvasSurfaceInteraction.swift */ = {isa = PBXFileReference; includeInIndex = 1; lastKnownFileType = sourcecode.swift; name = CanvasSurfaceInteraction.swift; path = Canvas/CanvasSurfaceInteraction.swift; sourceTree = "<group>"; };
		BDADF9BB6E08E3DBF6C9BB47B790B9FE /* AgentHTTPRequestTests.swift */ = {isa = PBXFileReference; includeInIndex = 1; lastKnownFileType = sourcecode.swift; path = AgentHTTPRequestTests.swift; sourceTree = "<group>"; };
		BF592F0513E65C4487ECC5B3FEEB581E /* AtticTheme.swift */ = {isa = PBXFileReference; includeInIndex = 1; lastKnownFileType = sourcecode.swift; name = AtticTheme.swift; path = Design/AtticTheme.swift; sourceTree = "<group>"; };
		CC0D31D8DFE1D7EE81BC93141EF01D2F /* MenuBarView.swift */ = {isa = PBXFileReference; includeInIndex = 1; lastKnownFileType = sourcecode.swift; name = MenuBarView.swift; path = Views/MenuBarView.swift; sourceTree = "<group>"; };
		CCD289B80CA90F2A176F4229F649F406 /* PersistenceController.swift */ = {isa = PBXFileReference; includeInIndex = 1; lastKnownFileType = sourcecode.swift; name = PersistenceController.swift; path = Services/PersistenceController.swift; sourceTree = "<group>"; };
		D205CD849A68369D0C77F97A018CDC13 /* TaskTypes.swift */ = {isa = PBXFileReference; includeInIndex = 1; lastKnownFileType = sourcecode.swift; name = TaskTypes.swift; path = Models/TaskTypes.swift; sourceTree = "<group>"; };
		D36595D74FAD9B6F6DDC53EFF28D56D7 /* MobileNotesScreen.swift */ = {isa = PBXFileReference; includeInIndex = 1; lastKnownFileType = sourcecode.swift; name = MobileNotesScreen.swift; path = Views/MobileNotesScreen.swift; sourceTree = "<group>"; };
		D3810B3B57C349FE0E0A2B6485AEDCA6 /* CanvasSurface.swift */ = {isa = PBXFileReference; includeInIndex = 1; lastKnownFileType = sourcecode.swift; name = CanvasSurface.swift; path = Canvas/CanvasSurface.swift; sourceTree = "<group>"; };
		D3AE47FEE281D8DD8C8F52C57284CDFA /* MobileAppModel.swift */ = {isa = PBXFileReference; includeInIndex = 1; lastKnownFileType = sourcecode.swift; name = MobileAppModel.swift; path = App/MobileAppModel.swift; sourceTree = "<group>"; };
		D8359BE3DE730EB8FDA12CE6178D83DD /* Cocoa.framework */ = {isa = PBXFileReference; lastKnownFileType = wrapper.framework; name = Cocoa.framework; path = Platforms/MacOSX.platform/Developer/SDKs/MacOSX15.0.sdk/System/Library/Frameworks/Cocoa.framework; sourceTree = DEVELOPER_DIR; };
		D86B30B1BFC57D704A3E1A1BBC18E5CC /* AtticUITests.xctest */ = {isa = PBXFileReference; explicitFileType = wrapper.cfbundle; includeInIndex = 0; path = AtticUITests.xctest; sourceTree = BUILT_PRODUCTS_DIR; };
		D97AE6D437FA016EA1BD1436AF8E0180 /* CanvasTypes.swift */ = {isa = PBXFileReference; includeInIndex = 1; lastKnownFileType = sourcecode.swift; name = CanvasTypes.swift; path = Canvas/CanvasTypes.swift; sourceTree = "<group>"; };
		E13DD5023DD3D297A9986C440FDFFA37 /* MCPRequestHandler.swift */ = {isa = PBXFileReference; includeInIndex = 1; lastKnownFileType = sourcecode.swift; name = MCPRequestHandler.swift; path = Services/AgentServer/MCPRequestHandler.swift; sourceTree = "<group>"; };
		E42A53BC6B1F825AF7EC8F887A39E0B1 /* AppDelegate.swift */ = {isa = PBXFileReference; includeInIndex = 1; lastKnownFileType = sourcecode.swift; name = AppDelegate.swift; path = App/AppDelegate.swift; sourceTree = "<group>"; };
		EADA223201BD18D2E5FFF1DE28821A67 /* Foundation.framework */ = {isa = PBXFileReference; lastKnownFileType = wrapper.framework; name = Foundation.framework; path = Platforms/iPhoneOS.platform/Developer/SDKs/iPhoneOS18.0.sdk/System/Library/Frameworks/Foundation.framework; sourceTree = DEVELOPER_DIR; };
		ED1844739C3F5556E80C3747F801FD85 /* AtticMobile.app */ = {isa = PBXFileReference; explicitFileType = wrapper.application; includeInIndex = 0; path = AtticMobile.app; sourceTree = BUILT_PRODUCTS_DIR; };
		F09CFDC6158784BEBF1A53B1354E968C /* CornerHoverMonitor.swift */ = {isa = PBXFileReference; includeInIndex = 1; lastKnownFileType = sourcecode.swift; name = CornerHoverMonitor.swift; path = Services/CornerHoverMonitor.swift; sourceTree = "<group>"; };
		F565012020418C51A28D84E281F0F548 /* CanvasSession.swift */ = {isa = PBXFileReference; includeInIndex = 1; lastKnownFileType = sourcecode.swift; name = CanvasSession.swift; path = Canvas/CanvasSession.swift; sourceTree = "<group>"; };
		F6B60EDF16B349D396E40917750D885B /* MobileTaskListScreen.swift */ = {isa = PBXFileReference; includeInIndex = 1; lastKnownFileType = sourcecode.swift; name = MobileTaskListScreen.swift; path = Views/MobileTaskListScreen.swift; sourceTree = "<group>"; };
		F92E2840726678E6A5C53C23249D9E7A /* TaskComposerView.swift */ = {isa = PBXFileReference; includeInIndex = 1; lastKnownFileType = sourcecode.swift; name = TaskComposerView.swift; path = Views/Panel/TaskComposerView.swift; sourceTree = "<group>"; };
		FD6591C171BA7256A2A3DD06F1BDDBED /* AtticTests.xctest */ = {isa = PBXFileReference; explicitFileType = wrapper.cfbundle; includeInIndex = 0; path = AtticTests.xctest; sourceTree = BUILT_PRODUCTS_DIR; };
/* End PBXFileReference section */

/* Begin PBXFrameworksBuildPhase section */
		084C364126989352D4F817CD44920AC7 /* Frameworks */ = {
			isa = PBXFrameworksBuildPhase;
			buildActionMask = 2147483647;
			files = (
				4CE9CA6274C5360ED67CB6415BCA3457 /* Cocoa.framework in Frameworks */,
			);
			runOnlyForDeploymentPostprocessing = 0;
		};
		3DB64A571EE674C53AB833E03C5DDA85 /* Frameworks */ = {
			isa = PBXFrameworksBuildPhase;
			buildActionMask = 2147483647;
			files = (
				3C3B9A5877AEE87CB494B9C0CCABCDA8 /* Cocoa.framework in Frameworks */,
			);
			runOnlyForDeploymentPostprocessing = 0;
		};
		5F3752D39EBBFBB1F62E2E357585B5BA /* Frameworks */ = {
			isa = PBXFrameworksBuildPhase;
			buildActionMask = 2147483647;
			files = (
				B69895055E9549F7E078664B68F2D596 /* Foundation.framework in Frameworks */,
			);
			runOnlyForDeploymentPostprocessing = 0;
		};
		958644A6C087C5446ED5B2E1DAB7B6DC /* Frameworks */ = {
			isa = PBXFrameworksBuildPhase;
			buildActionMask = 2147483647;
			files = (
				EE0FD3C7F01C6DF32E945D2574B695C6 /* Cocoa.framework in Frameworks */,
			);
			runOnlyForDeploymentPostprocessing = 0;
		};
		A2E41B10176D3256D5F5967318AE57F6 /* Frameworks */ = {
			isa = PBXFrameworksBuildPhase;
			buildActionMask = 2147483647;
			files = (
				A1CA7040A04320AEAADCA5D874776B97 /* Foundation.framework in Frameworks */,
			);
			runOnlyForDeploymentPostprocessing = 0;
		};
		E994122B6EB2F561C8A85A174F27E76F /* Frameworks */ = {
			isa = PBXFrameworksBuildPhase;
			buildActionMask = 2147483647;
			files = (
				ABA4D5D744846D7B86929BD8F5AF9A34 /* Foundation.framework in Frameworks */,
			);
			runOnlyForDeploymentPostprocessing = 0;
		};
/* End PBXFrameworksBuildPhase section */

/* Begin PBXGroup section */
		127B733E507A72D3E328E349906D7202 /* Attic */ = {
			isa = PBXGroup;
			children = (
				93B277F9623D67F06B53F5E91E8A3EE8 /* AppCoordinator.swift */,
				E42A53BC6B1F825AF7EC8F887A39E0B1 /* AppDelegate.swift */,
				BA54015B80749EC3C5ABB788E284EDE3 /* AtticApp.swift */,
				02EDB25142E9DE7C8E7A5BA0568E83B8 /* CanvasControls.swift */,
				260C5324C82D37AC4A85EBE19F465770 /* CanvasInputStateMachine.swift */,
				F565012020418C51A28D84E281F0F548 /* CanvasSession.swift */,
				5F0AEE16134C960740FB096D7FC9D414 /* CanvasStrokeCodec.swift */,
				D3810B3B57C349FE0E0A2B6485AEDCA6 /* CanvasSurface.swift */,
				49D90407AF629944AB217C2CDF97C1E9 /* CanvasSurfaceIOS.swift */,
				BCD8FA032992CAED86DD18CA31987390 /* CanvasSurfaceInteraction.swift */,
				322C92BCA01FB477C18A6099702313F8 /* CanvasSurfaceMac.swift */,
				22BAA8701FE1AF3BDC8F9F0B3DB7048C /* CanvasSurfaceRenderer.swift */,
				D97AE6D437FA016EA1BD1436AF8E0180 /* CanvasTypes.swift */,
				09905B5C9BD68ABA559DB2486DDFF10C /* CanvasViewport.swift */,
				46DDBF75996ED7F991D16F1F6D16E669 /* AtticStyle.swift */,
				BF592F0513E65C4487ECC5B3FEEB581E /* AtticTheme.swift */,
				67A48CC27503AB00B204F5401ECAD854 /* Squircle.swift */,
				5011140AA82589235B7282DD228F55CE /* TaskActionsMenu.swift */,
				A3C4B94A2917F084F41FB90CBD13F6CC /* CanvasBoardItem.swift */,
				90D9442DAF475F8F5C426561171B23B4 /* CanvasStrokeItem.swift */,
				7D0AC9EA0B0C2F5D2D0AD2B6F6BF8799 /* NoteItem.swift */,
				B172F4BF904C19853EE4619934736E90 /* TaskDragPayload.swift */,
				4D6DEEFB94B47F2EA34DD123E38D8832 /* TaskItem.swift */,
				D205CD849A68369D0C77F97A018CDC13 /* TaskTypes.swift */,
				38791B43585D10D7C504168E7F36E3CD /* AgentAccessTokenStore.swift */,
				4D6A612163D8E89AFA6CC0948DF3AECF /* AgentHTTPRequest.swift */,
				1BF797D2DF1847BF3835CB55702DB2C3 /* AgentServer.swift */,
				3AC26E39295ED45506DD61DE3496A1B8 /* AgentTaskTools.swift */,
				E13DD5023DD3D297A9986C440FDFFA37 /* MCPRequestHandler.swift */,
				7515DFDD7A21CF5893B89EF507E7C05C /* AppSettings.swift */,
				8B24173C4421E836F6783B7CE3C5FEDD /* CanvasStore.swift */,
				F09CFDC6158784BEBF1A53B1354E968C /* CornerHoverMonitor.swift */,
				752DFC0D8690C313BABCE9B064086194 /* CornerHoverStateMachine.swift */,
				AA97A1FF0498894564015D3946844298 /* DailyCleanupService.swift */,
				125E17F2D923E625638DCC8E821F4CDE /* GlobalHotKey.swift */,
				B31E294E924347BF07EB0417A1851829 /* LoginItemService.swift */,
				28779C8C43040FAFBFD2E89142FC4D23 /* NoteDraftController.swift */,
				9490C2C86B74928F2CCD7D9E220CF83D /* NoteStore.swift */,
				0D7444C0637F8AC8B33A081629EBCEFB /* PanelGeometry.swift */,
				CCD289B80CA90F2A176F4229F649F406 /* PersistenceController.swift */,
				43F74BA62DBB395D8E40D6C8FA8614DB /* TaskStore.swift */,
				CC0D31D8DFE1D7EE81BC93141EF01D2F /* MenuBarView.swift */,
				93C08FD5B56FD8421DC30240979852F8 /* AtticPanelView.swift */,
				16E5FD250C3F630268244C9FD945D0AC /* CanvasPanelContent.swift */,
				931A4D5237C31167AAF61E487657EC32 /* NotesPanelContent.swift */,
				F92E2840726678E6A5C53C23249D9E7A /* TaskComposerView.swift */,
				984216A78B8AF906446D0C452F4F8200 /* TaskRowView.swift */,
				48889CB90E26AD69A564E83AB5C5EC1E /* TaskSectionView.swift */,
				84769ECCAD8A1F5D32FD33A58990E6F2 /* TaskStatusButton.swift */,
				8A8C0A01A31AFE6288CA63A075370D14 /* CornerPicker.swift */,
				00BC486AD95ABA15F562718C47E5CEF4 /* SettingsView.swift */,
				0DDA15A7F886DFBC0EDEEF6EF300BF23 /* AtticPanel.swift */,
				3099C8DD31EEF7637F41D1117A39F2C1 /* AtticPanelController.swift */,
				18C5E5F05410C4FEF59CBCF72060B098 /* PanelSection.swift */,
				40C13C7D6C2ACE692F1B927B9A33351B /* PanelUIState.swift */,
				70AFE4C12AEE0043AFEACBB1937E4199 /* SettingsWindowController.swift */,
				A8D392D63C714A2521E426E6CFE0084B /* Assets.xcassets */,
				2EA181061C51E7B18BDF27AD49A95190 /* PrivacyInfo.xcprivacy */,
				6E1CC42FCF216AECF9115B7DCE3E060E /* Attic.entitlements */,
				73328E5CFA07D67D8F0F8CC2577318D3 /* AtticDebug.entitlements */,
				5A2D63ABEB6B2D64CA8C1D748FA53C02 /* AtticLocal.entitlements */,
				0547A3C017B9D8853B68105DFE3A6489 /* AtticNotesLocal.entitlements */,
				892FDC1BD26B6623EC8E19B1298293BD /* Info.plist */,
			);
			name = Attic;
			path = Attic;
			sourceTree = "<group>";
		};
		14D94F3B6E42EEC8F65583320C4E1F2E /* AtticMobileUITests */ = {
			isa = PBXGroup;
			children = (
				35C809DC71DEF8FCA798AA6D24B4229B /* AtticMobileUITests.swift */,
				2F8D3206710688D91D7EF5E9243743D2 /* CanvasMobileUITests.swift */,
			);
			name = AtticMobileUITests;
			path = AtticMobileUITests;
			sourceTree = "<group>";
		};
		3259EFB1B6DA0C3406CC9EA07AAC8112 /* Frameworks */ = {
			isa = PBXGroup;
			children = (
				A1BDC31FFE317D64381A9D0B12BCAF52 /* OS X */,
				56F5294C8EC32A5DCC377E6ADEFBD4E4 /* iOS */,
			);
			name = Frameworks;
			sourceTree = "<group>";
		};
		56F5294C8EC32A5DCC377E6ADEFBD4E4 /* iOS */ = {
			isa = PBXGroup;
			children = (
				EADA223201BD18D2E5FFF1DE28821A67 /* Foundation.framework */,
			);
			name = iOS;
			sourceTree = "<group>";
		};
		7A363E0053759195937F5D8ACDBFAFD6 /* AtticTests */ = {
			isa = PBXGroup;
			children = (
				BDADF9BB6E08E3DBF6C9BB47B790B9FE /* AgentHTTPRequestTests.swift */,
				66851305D930056B87DDF69353B972A7 /* AppSettingsTests.swift */,
				9730EE9382123402EED26B8505460875 /* CanvasDomainTests.swift */,
				0D1920F18D341C09A901CC5273485568 /* CanvasRenderCacheTests.swift */,
				22E0425DE32EFD6E5CE782E2613171F4 /* CanvasSessionTests.swift */,
				1DAF3BBE9A1774D065415F90EE64411D /* CanvasStoreTests.swift */,
				5B4264A78ABF9C55658F29D7699C71F4 /* CanvasUITestStoreTests.swift */,
				86C1D3ED234F4B29A4887C78814CBA77 /* CornerHoverStateMachineTests.swift */,
				717C4A53C1AC87445DF8752F1B5D0793 /* DailyCleanupServiceTests.swift */,
				746109D6D9EDE01596752476899424BF /* MCPRequestHandlerTests.swift */,
				411C6D51DAB4C8649DF37E7E416891AD /* NoteDraftControllerTests.swift */,
				2BD9BE1E0150CFABFC8ADAFC44F13637 /* NoteStoreTests.swift */,
				01AFA44C039A6911D3E8A002AE1FE0D0 /* PanelGeometryTests.swift */,
				1556630E0F0E3F7E68C92958EA40BA95 /* PanelSquircleGeometryTests.swift */,
				7BE0921F1F7ABCA73D0F0750F8464144 /* PanelSquircleSettingsTests.swift */,
				5BB4E9EBA699C9EB5DB45510A8515175 /* TaskStoreTests.swift */,
				9094699771D6A713ACBED9CAFE861F39 /* TestSupport.swift */,
			);
			name = AtticTests;
			path = AtticTests;
			sourceTree = "<group>";
		};
		9EF6F9328742506296773AEE13C6F434 = {
			isa = PBXGroup;
			children = (
				B699DC5D2D20A8B8843736F9220381BC /* Products */,
				3259EFB1B6DA0C3406CC9EA07AAC8112 /* Frameworks */,
				127B733E507A72D3E328E349906D7202 /* Attic */,
				7A363E0053759195937F5D8ACDBFAFD6 /* AtticTests */,
				A9ECD55D5A2CF337162E2583344A60CE /* AtticUITests */,
				9F659FCFBB1B5C94CAC807F6F8CD4629 /* AtticMobile */,
				C02FC1869F90D04A9BF93FE9FD4CA69F /* AtticMobileTests */,
				14D94F3B6E42EEC8F65583320C4E1F2E /* AtticMobileUITests */,
			);
			sourceTree = "<group>";
		};
		9F659FCFBB1B5C94CAC807F6F8CD4629 /* AtticMobile */ = {
			isa = PBXGroup;
			children = (
				9A38AC68695C6887E76AFF37FB7705D9 /* AtticMobileApp.swift */,
				D3AE47FEE281D8DD8C8F52C57284CDFA /* MobileAppModel.swift */,
				399A2BC245E15EF6E4EB7D9EF7CB605B /* MobileAppRoot.swift */,
				88215AB1D99B7CF6A709FDBF2155203E /* MobileCanvasScreen.swift */,
				D36595D74FAD9B6F6DDC53EFF28D56D7 /* MobileNotesScreen.swift */,
				724CF54D76481838C73AF5AC555F93CC /* MobileTaskEditor.swift */,
				F6B60EDF16B349D396E40917750D885B /* MobileTaskListScreen.swift */,
				B4DD997ECC69A1FCE761FFE6F8EEAEF1 /* MobileTaskRow.swift */,
				51CBB9C312A1E6CEBA03D1AFF605BFCE /* AtticMobile.entitlements */,
				9586F152EE89B60164E8EBA448CC3FB8 /* Info.plist */,
			);
			name = AtticMobile;
			path = AtticMobile;
			sourceTree = "<group>";
		};
		A1BDC31FFE317D64381A9D0B12BCAF52 /* OS X */ = {
			isa = PBXGroup;
			children = (
				D8359BE3DE730EB8FDA12CE6178D83DD /* Cocoa.framework */,
			);
			name = "OS X";
			sourceTree = "<group>";
		};
		A9ECD55D5A2CF337162E2583344A60CE /* AtticUITests */ = {
			isa = PBXGroup;
			children = (
				1A4611B885F3EDB338412178CC8F9158 /* AtticUITests.swift */,
				80AC4894F48EAA1B5C288C1C5E1F726D /* CanvasUITests.swift */,
			);
			name = AtticUITests;
			path = AtticUITests;
			sourceTree = "<group>";
		};
		B699DC5D2D20A8B8843736F9220381BC /* Products */ = {
			isa = PBXGroup;
			children = (
				202E07D5B85798E2D9A5C7D49CC7C5C5 /* Attic.app */,
				FD6591C171BA7256A2A3DD06F1BDDBED /* AtticTests.xctest */,
				D86B30B1BFC57D704A3E1A1BBC18E5CC /* AtticUITests.xctest */,
				ED1844739C3F5556E80C3747F801FD85 /* AtticMobile.app */,
				B5EB3D8A5FA9D6C5324791251955F025 /* AtticMobileTests.xctest */,
				A8891FE18A7E065F90C30D71337E672F /* AtticMobileUITests.xctest */,
			);
			name = Products;
			sourceTree = "<group>";
		};
		C02FC1869F90D04A9BF93FE9FD4CA69F /* AtticMobileTests */ = {
			isa = PBXGroup;
			children = (
				5FC2A296652FD7F54BB165EB955668A6 /* NoteStoreMobileTests.swift */,
				64B7A949AB67E79B7F59707B62118ABB /* TaskStoreMobileTests.swift */,
			);
			name = AtticMobileTests;
			path = AtticMobileTests;
			sourceTree = "<group>";
		};
/* End PBXGroup section */

/* Begin PBXNativeTarget section */
		6276F3101BBBD6791E37F0DC63F158C3 /* AtticTests */ = {
			isa = PBXNativeTarget;
			buildConfigurationList = 182288E0CC5FBDA56AFE6B1350CB39F6 /* Build configuration list for PBXNativeTarget "AtticTests" */;
			buildPhases = (
				42F7D4D30556D5C3AAF351CAEC7CED24 /* Sources */,
				958644A6C087C5446ED5B2E1DAB7B6DC /* Frameworks */,
				35BDB03BE5D06736B93409A09C47EB76 /* Resources */,
			);
			buildRules = (
			);
			dependencies = (
				D324DA6AB8A3E2B52DEA8061935E7437 /* PBXTargetDependency */,
			);
			name = AtticTests;
			productName = AtticTests;
			productReference = FD6591C171BA7256A2A3DD06F1BDDBED /* AtticTests.xctest */;
			productType = "com.apple.product-type.bundle.unit-test";
		};
		29D42C445B39133F6CE8ED3394F0BD54 /* AtticUITests */ = {
			isa = PBXNativeTarget;
			buildConfigurationList = 776E2C864C993C0CE72BFB7ED72866E3 /* Build configuration list for PBXNativeTarget "AtticUITests" */;
			buildPhases = (
				DF65B0FEF2C4F462E44D7023326D14CE /* Sources */,
				3DB64A571EE674C53AB833E03C5DDA85 /* Frameworks */,
				B5BC4AA85AFCF798FBA2E88D20E3D7A4 /* Resources */,
			);
			buildRules = (
			);
			dependencies = (
				F9486326FE6A416434B7E24B5F24713E /* PBXTargetDependency */,
			);
			name = AtticUITests;
			productName = AtticUITests;
			productReference = D86B30B1BFC57D704A3E1A1BBC18E5CC /* AtticUITests.xctest */;
			productType = "com.apple.product-type.bundle.ui-testing";
		};
		A7E2FBB4FDEEC93FE643B32D6940915E /* AtticMobileTests */ = {
			isa = PBXNativeTarget;
			buildConfigurationList = 56DCB616B85CE20E17E96880AD23B8E0 /* Build configuration list for PBXNativeTarget "AtticMobileTests" */;
			buildPhases = (
				2CE7D68E0526DEF3A33228F6CFDB3B27 /* Sources */,
				A2E41B10176D3256D5F5967318AE57F6 /* Frameworks */,
				373AA20BD79827522AD57E1666A36F50 /* Resources */,
			);
			buildRules = (
			);
			dependencies = (
				5BDECB4EFC7FEBB5B8A7C1F1C5729E58 /* PBXTargetDependency */,
			);
			name = AtticMobileTests;
			productName = AtticMobileTests;
			productReference = B5EB3D8A5FA9D6C5324791251955F025 /* AtticMobileTests.xctest */;
			productType = "com.apple.product-type.bundle.unit-test";
		};
		6A9C0775F09BF19B3C70496EEC4AF237 /* AtticMobile */ = {
			isa = PBXNativeTarget;
			buildConfigurationList = D745F0897FCBE5BEEB05B1C28129FAFA /* Build configuration list for PBXNativeTarget "AtticMobile" */;
			buildPhases = (
				5DC5B72C69F5061ADCC0983A5C83C251 /* Sources */,
				E994122B6EB2F561C8A85A174F27E76F /* Frameworks */,
				A5FCE1425CDFA0D88A58CA45E15D1D89 /* Resources */,
			);
			buildRules = (
			);
			dependencies = (
			);
			name = AtticMobile;
			productName = AtticMobile;
			productReference = ED1844739C3F5556E80C3747F801FD85 /* AtticMobile.app */;
			productType = "com.apple.product-type.application";
		};
		A7714C2169D9DBD5A01DC94837E1C051 /* Attic */ = {
			isa = PBXNativeTarget;
			buildConfigurationList = 8BEFC44569CA5CF0A1DE9202343FAD9E /* Build configuration list for PBXNativeTarget "Attic" */;
			buildPhases = (
				E99E6CEC8525A9920DE2AD5A324E2AFF /* Sources */,
				084C364126989352D4F817CD44920AC7 /* Frameworks */,
				B3C590EAE7A593E80B43D708483150C5 /* Resources */,
			);
			buildRules = (
			);
			dependencies = (
			);
			name = Attic;
			productName = Attic;
			productReference = 202E07D5B85798E2D9A5C7D49CC7C5C5 /* Attic.app */;
			productType = "com.apple.product-type.application";
		};
		1BD194A0EE08899209C8473CFFD68DA0 /* AtticMobileUITests */ = {
			isa = PBXNativeTarget;
			buildConfigurationList = D0E679E092C25B975DE04F94E478135A /* Build configuration list for PBXNativeTarget "AtticMobileUITests" */;
			buildPhases = (
				3B89D2B321771D662744FCCFEE0CC9C5 /* Sources */,
				5F3752D39EBBFBB1F62E2E357585B5BA /* Frameworks */,
				A893B13B8CD19E0611A7121E8F9B3CC3 /* Resources */,
			);
			buildRules = (
			);
			dependencies = (
				452C25E56EC2FCA46AD133DC1714049E /* PBXTargetDependency */,
			);
			name = AtticMobileUITests;
			productName = AtticMobileUITests;
			productReference = A8891FE18A7E065F90C30D71337E672F /* AtticMobileUITests.xctest */;
			productType = "com.apple.product-type.bundle.ui-testing";
		};
/* End PBXNativeTarget section */

/* Begin PBXProject section */
		DA958AEF55466F70E6607154738295C0 /* Project object */ = {
			isa = PBXProject;
			attributes = {
				LastSwiftUpdateCheck = 2660;
				LastUpgradeCheck = 2660;
				TargetAttributes = {
					6A9C0775F09BF19B3C70496EEC4AF237 = {
						SystemCapabilities = {
							com.apple.BackgroundModes = {
								enabled = 1;
							};
							com.apple.Push = {
								enabled = 1;
							};
							com.apple.iCloud = {
								enabled = 1;
							};
						};
					};
					A7714C2169D9DBD5A01DC94837E1C051 = {
						SystemCapabilities = {
							com.apple.Push = {
								enabled = 1;
							};
							com.apple.iCloud = {
								enabled = 1;
							};
						};
					};
				};
			};
			buildConfigurationList = 2000F6D51528A1872191A9C1D1C859EA /* Build configuration list for PBXProject "Attic" */;
			compatibilityVersion = "Xcode 16.0";
			developmentRegion = en;
			hasScannedForEncodings = 0;
			knownRegions = (
				en,
				Base,
			);
			mainGroup = 9EF6F9328742506296773AEE13C6F434;
			productRefGroup = B699DC5D2D20A8B8843736F9220381BC /* Products */;
			projectDirPath = "";
			projectRoot = "";
			targets = (
				A7714C2169D9DBD5A01DC94837E1C051 /* Attic */,
				6276F3101BBBD6791E37F0DC63F158C3 /* AtticTests */,
				29D42C445B39133F6CE8ED3394F0BD54 /* AtticUITests */,
				6A9C0775F09BF19B3C70496EEC4AF237 /* AtticMobile */,
				A7E2FBB4FDEEC93FE643B32D6940915E /* AtticMobileTests */,
				1BD194A0EE08899209C8473CFFD68DA0 /* AtticMobileUITests */,
			);
		};
/* End PBXProject section */

/* Begin PBXResourcesBuildPhase section */
		35BDB03BE5D06736B93409A09C47EB76 /* Resources */ = {
			isa = PBXResourcesBuildPhase;
			buildActionMask = 2147483647;
			files = (
			);
			runOnlyForDeploymentPostprocessing = 0;
		};
		373AA20BD79827522AD57E1666A36F50 /* Resources */ = {
			isa = PBXResourcesBuildPhase;
			buildActionMask = 2147483647;
			files = (
			);
			runOnlyForDeploymentPostprocessing = 0;
		};
		A5FCE1425CDFA0D88A58CA45E15D1D89 /* Resources */ = {
			isa = PBXResourcesBuildPhase;
			buildActionMask = 2147483647;
			files = (
				FA0D48973383B8F1EF03AACFCEDDA921 /* Assets.xcassets in Resources */,
				176155543580DD12B192162EF58E0590 /* PrivacyInfo.xcprivacy in Resources */,
			);
			runOnlyForDeploymentPostprocessing = 0;
		};
		A893B13B8CD19E0611A7121E8F9B3CC3 /* Resources */ = {
			isa = PBXResourcesBuildPhase;
			buildActionMask = 2147483647;
			files = (
			);
			runOnlyForDeploymentPostprocessing = 0;
		};
		B3C590EAE7A593E80B43D708483150C5 /* Resources */ = {
			isa = PBXResourcesBuildPhase;
			buildActionMask = 2147483647;
			files = (
				B97D192E4025435AA33E9B4BD2C8F1C0 /* Assets.xcassets in Resources */,
				EED7C6DF1E77981647464311677C8A6E /* PrivacyInfo.xcprivacy in Resources */,
			);
			runOnlyForDeploymentPostprocessing = 0;
		};
		B5BC4AA85AFCF798FBA2E88D20E3D7A4 /* Resources */ = {
			isa = PBXResourcesBuildPhase;
			buildActionMask = 2147483647;
			files = (
			);
			runOnlyForDeploymentPostprocessing = 0;
		};
/* End PBXResourcesBuildPhase section */

/* Begin PBXSourcesBuildPhase section */
		2CE7D68E0526DEF3A33228F6CFDB3B27 /* Sources */ = {
			isa = PBXSourcesBuildPhase;
			buildActionMask = 2147483647;
			files = (
				8220546A667363CBFF68C029AFE0AC8C /* NoteStoreMobileTests.swift in Sources */,
				CF35CCEE96D14A09B77A6A6E3B9F76BC /* TaskStoreMobileTests.swift in Sources */,
			);
			runOnlyForDeploymentPostprocessing = 0;
		};
		3B89D2B321771D662744FCCFEE0CC9C5 /* Sources */ = {
			isa = PBXSourcesBuildPhase;
			buildActionMask = 2147483647;
			files = (
				532AC8BE345F3B631890849BB0DFD4AA /* AtticMobileUITests.swift in Sources */,
				2BCA999DC411C5AAFB97CED087665F5A /* CanvasMobileUITests.swift in Sources */,
			);
			runOnlyForDeploymentPostprocessing = 0;
		};
		42F7D4D30556D5C3AAF351CAEC7CED24 /* Sources */ = {
			isa = PBXSourcesBuildPhase;
			buildActionMask = 2147483647;
			files = (
				FE8ED337FE21300844B57D9B448146BE /* AgentHTTPRequestTests.swift in Sources */,
				19142EA6AE0704D99D0DE1F4E4D1957E /* AppSettingsTests.swift in Sources */,
				01EA22ED18C799993800527104A0A14D /* CanvasDomainTests.swift in Sources */,
				FBFCBDDBB56AC58C713985049AA62BE4 /* CanvasRenderCacheTests.swift in Sources */,
				3DBEF4A21B5D7638BA98915958F13450 /* CanvasSessionTests.swift in Sources */,
				1D6ECE6706CA4CE194378F7164F711ED /* CanvasStoreTests.swift in Sources */,
				380CA93595C4439ADA102261B438229A /* CanvasUITestStoreTests.swift in Sources */,
				B878ED98A5A470395370A955DF08FCF2 /* CornerHoverStateMachineTests.swift in Sources */,
				0678828853BEAB49760BC47858D68A0F /* DailyCleanupServiceTests.swift in Sources */,
				A4C82BE32CC2DD811E119469768AE1F0 /* MCPRequestHandlerTests.swift in Sources */,
				C1A8B03D0E0EA6F8C4B8F35707EFFAB9 /* NoteDraftControllerTests.swift in Sources */,
				874D887938FDCAF9441EC3CCB2ED8AC4 /* NoteStoreTests.swift in Sources */,
				46BE8EADE3C76010146C3BBF660FA365 /* PanelGeometryTests.swift in Sources */,
				2068E5879AF5072E0A5305310FFD652E /* PanelSquircleGeometryTests.swift in Sources */,
				DEDC226A8A850565ECC3703201522241 /* PanelSquircleSettingsTests.swift in Sources */,
				7D30354D68D2F6CB6DC17C2CF178BA27 /* TaskStoreTests.swift in Sources */,
				D743C55F7EF0BDC5314AFC5EE0EBF95E /* TestSupport.swift in Sources */,
			);
			runOnlyForDeploymentPostprocessing = 0;
		};
		5DC5B72C69F5061ADCC0983A5C83C251 /* Sources */ = {
			isa = PBXSourcesBuildPhase;
			buildActionMask = 2147483647;
			files = (
				6D17C794494F41EF06621EE308F22D3B /* AtticMobileApp.swift in Sources */,
				E8FBB7AB6F33F32CBBF28606D0499DE4 /* MobileAppModel.swift in Sources */,
				040759CBA72CCA049C9D1E2890673685 /* MobileAppRoot.swift in Sources */,
				C68EA3DAC32EC7F28B7F0A4F2DA62697 /* MobileCanvasScreen.swift in Sources */,
				B6C0BF267F08E3CC8271D9CDAE6C672F /* MobileNotesScreen.swift in Sources */,
				4130E58E8C4424583833C66CF15F9FAC /* MobileTaskEditor.swift in Sources */,
				218EEBA224F04F5B56B76AFFE3CD0AD0 /* MobileTaskListScreen.swift in Sources */,
				6444C5819ED6A1D60EC080C66FADD735 /* MobileTaskRow.swift in Sources */,
				7D33805C1F39259EE5D0E699640A4613 /* AtticTheme.swift in Sources */,
				14488B72BEB6BCF19511DD06599073B5 /* TaskActionsMenu.swift in Sources */,
				9858A8FF9B67E277F2DA2E492E1BAE14 /* TaskItem.swift in Sources */,
				2D0FFC4936F4B694E6A22164306659A5 /* TaskTypes.swift in Sources */,
				3B90C2637F80611BFABF6D77C60D5792 /* NoteItem.swift in Sources */,
				5C1237074A2CB5D7E561628EAD939755 /* PersistenceController.swift in Sources */,
				74A406E34352A64818A84687BD3C0A2B /* NoteStore.swift in Sources */,
				406BAF2FBFCBEBB93EFDF71D0CB28AFD /* TaskStore.swift in Sources */,
			);
			runOnlyForDeploymentPostprocessing = 0;
		};
		DF65B0FEF2C4F462E44D7023326D14CE /* Sources */ = {
			isa = PBXSourcesBuildPhase;
			buildActionMask = 2147483647;
			files = (
				61CA4A756499848B3FFF504C398877AA /* AtticUITests.swift in Sources */,
				A8E4F99104C2DAEA99D666D09612DD59 /* CanvasUITests.swift in Sources */,
			);
			runOnlyForDeploymentPostprocessing = 0;
		};
		E99E6CEC8525A9920DE2AD5A324E2AFF /* Sources */ = {
			isa = PBXSourcesBuildPhase;
			buildActionMask = 2147483647;
			files = (
				84BF40FD2D8CBEB0A752EDA1525C4AB8 /* AppCoordinator.swift in Sources */,
				22CE90B62E05C6F2C807EF3C3A6F9DB7 /* AppDelegate.swift in Sources */,
				F9D3BB34CE4C58F8E9004BC6F8B83C71 /* AtticApp.swift in Sources */,
				0D1E7CE0E4F2CDC9E5C0ED4CA3906FF8 /* CanvasControls.swift in Sources */,
				9FBEA2C79F608B72CA04486FD8429DD3 /* CanvasInputStateMachine.swift in Sources */,
				F3D865E459FBEE24C4D8E544DB17554E /* CanvasSession.swift in Sources */,
				B7C20B343AF1DC3C31C17071127D3D81 /* CanvasStrokeCodec.swift in Sources */,
				D54A221E4D0F7088F59298647E4542FA /* CanvasSurface.swift in Sources */,
				7DEEB07D9B0E60C5AEB4EF64EA4B6426 /* CanvasSurfaceIOS.swift in Sources */,
				45BB5A85D43F0AD707D5DF2625E41246 /* CanvasSurfaceInteraction.swift in Sources */,
				6AB59AEBCB287DA5DBB592B8D400D467 /* CanvasSurfaceMac.swift in Sources */,
				17508808347529F618D07512D05F6C0A /* CanvasSurfaceRenderer.swift in Sources */,
				20C1049E1D59E4009209B821C6956B61 /* CanvasTypes.swift in Sources */,
				ED3CF4C9614855AAC5E2E1D680276FB0 /* CanvasViewport.swift in Sources */,
				6628165F8FF0EB78100832330906B875 /* AtticStyle.swift in Sources */,
				AC02C93EDB9621F34A684184A0A40540 /* AtticTheme.swift in Sources */,
				1B5A3F4771946AE4EF80177468A3757B /* Squircle.swift in Sources */,
				5ABE43E2EFDEEE829825B1CE3EFEA69D /* TaskActionsMenu.swift in Sources */,
				613E85771A67EE5413E29A1CDDE6FD79 /* CanvasBoardItem.swift in Sources */,
				3FF8C9CB431ED4384368EBDC4E856118 /* CanvasStrokeItem.swift in Sources */,
				B795828C034E5E87C4AAF17C950A2BBC /* NoteItem.swift in Sources */,
				46379DCC53899FD81ABA5F94507A3582 /* TaskDragPayload.swift in Sources */,
				1DB9393F5E6648197F1E1C248B3886A2 /* TaskItem.swift in Sources */,
				BECDA1FAD4F602CD01EC4619391F74FC /* TaskTypes.swift in Sources */,
				C923D90111219823DD53A4702C03CF23 /* AgentAccessTokenStore.swift in Sources */,
				6CD1F8EE07CE1D8E64C7E73BE890899E /* AgentHTTPRequest.swift in Sources */,
				9A35DE5B935B08A471108BDEE60337E3 /* AgentServer.swift in Sources */,
				960D1E240D53F08343EDE45C85CA93E1 /* AgentTaskTools.swift in Sources */,
				AA39887CC7F57E93C1B8C1B9FA7DB9F8 /* MCPRequestHandler.swift in Sources */,
				8520970ED7D0355D94FE46E0DB6FAF12 /* AppSettings.swift in Sources */,
				0D210DF192E30C36804A8C517356C179 /* CanvasStore.swift in Sources */,
				3BE0E3EC2FFEDEB3979056A8ECA7A8E6 /* CornerHoverMonitor.swift in Sources */,
				E1495D817FC8C56D8DBCC2E3DDACA95C /* CornerHoverStateMachine.swift in Sources */,
				419C292F284AA425DB468D33C5F9E31B /* DailyCleanupService.swift in Sources */,
				5CEB200DA340BE1931A249385039BDB2 /* GlobalHotKey.swift in Sources */,
				635E831514ADBD36E205F4D2E2F8DBE1 /* LoginItemService.swift in Sources */,
				C2E5C14732442D0A6A04386144971FB6 /* NoteDraftController.swift in Sources */,
				5A3C94879C767FC957A7482CD38EF63C /* NoteStore.swift in Sources */,
				B7933BEDDDFBB0EE2B28E0A3E1754DB5 /* PanelGeometry.swift in Sources */,
				5BB7D154781CAEB96B8644D23951B56E /* PersistenceController.swift in Sources */,
				B338F7C68E4654503DAA072748D6E824 /* TaskStore.swift in Sources */,
				06FA506B9844211EE634E3CDBBE88C36 /* MenuBarView.swift in Sources */,
				6350F6284DEB0AEABCFCBBF332A36F2E /* AtticPanelView.swift in Sources */,
				A0667B356EA3460ED630BD9BC755D1A8 /* CanvasPanelContent.swift in Sources */,
				C4A37CC63AA2469814CF2C0566B20EEC /* NotesPanelContent.swift in Sources */,
				5EEF7C3AA5CF404972798CB9596494CF /* TaskComposerView.swift in Sources */,
				F49607AA921CB306B7BE14BE115BE493 /* TaskRowView.swift in Sources */,
				AC22B033F89C8DF1B45F0FEECEC09AA6 /* TaskSectionView.swift in Sources */,
				3018A316FDC9EBC24567D91AE5EE578C /* TaskStatusButton.swift in Sources */,
				CF9AEC3D261C59C3D14EFD21C5A1496B /* CornerPicker.swift in Sources */,
				3F810D471A07FD77423EA42D1D7F0EF4 /* SettingsView.swift in Sources */,
				DCCBC506F244EA9CD8D5436E9D621A68 /* AtticPanel.swift in Sources */,
				DD4B2B769B182B7A16CD9064955108C5 /* AtticPanelController.swift in Sources */,
				E401AE894111EE1AEA85E60DD39285A6 /* PanelSection.swift in Sources */,
				970C86CB5C72D77B34AE9BEAA4A0F65C /* PanelUIState.swift in Sources */,
				D08104D4BDA81976F334FEF781B07DC1 /* SettingsWindowController.swift in Sources */,
			);
			runOnlyForDeploymentPostprocessing = 0;
		};
/* End PBXSourcesBuildPhase section */

/* Begin PBXTargetDependency section */
		452C25E56EC2FCA46AD133DC1714049E /* PBXTargetDependency */ = {
			isa = PBXTargetDependency;
			name = AtticMobile;
			target = 6A9C0775F09BF19B3C70496EEC4AF237 /* AtticMobile */;
			targetProxy = 25AD53E15508A27D20B9DDD6416C54B3 /* PBXContainerItemProxy */;
		};
		5BDECB4EFC7FEBB5B8A7C1F1C5729E58 /* PBXTargetDependency */ = {
			isa = PBXTargetDependency;
			name = AtticMobile;
			target = 6A9C0775F09BF19B3C70496EEC4AF237 /* AtticMobile */;
			targetProxy = C360DB55EE6C1DA6E09845349014A993 /* PBXContainerItemProxy */;
		};
		D324DA6AB8A3E2B52DEA8061935E7437 /* PBXTargetDependency */ = {
			isa = PBXTargetDependency;
			name = Attic;
			target = A7714C2169D9DBD5A01DC94837E1C051 /* Attic */;
			targetProxy = 6839364CB52F0BBEDD72FAB2697AAEEC /* PBXContainerItemProxy */;
		};
		F9486326FE6A416434B7E24B5F24713E /* PBXTargetDependency */ = {
			isa = PBXTargetDependency;
			name = Attic;
			target = A7714C2169D9DBD5A01DC94837E1C051 /* Attic */;
			targetProxy = 8DA970D0A4727F03DC9A53C9899BE36D /* PBXContainerItemProxy */;
		};
/* End PBXTargetDependency section */

/* Begin XCBuildConfiguration section */
		104CC9CD50207B61362539A50FDB1D97 /* Debug */ = {
			isa = XCBuildConfiguration;
			buildSettings = {
				ALWAYS_SEARCH_USER_PATHS = NO;
				CLANG_ANALYZER_NONNULL = YES;
				CLANG_ANALYZER_NUMBER_OBJECT_CONVERSION = YES_AGGRESSIVE;
				CLANG_CXX_LANGUAGE_STANDARD = "gnu++14";
				CLANG_CXX_LIBRARY = "libc++";
				CLANG_ENABLE_MODULES = YES;
				CLANG_ENABLE_OBJC_ARC = YES;
				CLANG_ENABLE_OBJC_WEAK = YES;
				CLANG_WARN_BLOCK_CAPTURE_AUTORELEASING = YES;
				CLANG_WARN_BOOL_CONVERSION = YES;
				CLANG_WARN_COMMA = YES;
				CLANG_WARN_CONSTANT_CONVERSION = YES;
				CLANG_WARN_DEPRECATED_OBJC_IMPLEMENTATIONS = YES;
				CLANG_WARN_DIRECT_OBJC_ISA_USAGE = YES_ERROR;
				CLANG_WARN_DOCUMENTATION_COMMENTS = YES;
				CLANG_WARN_EMPTY_BODY = YES;
				CLANG_WARN_ENUM_CONVERSION = YES;
				CLANG_WARN_INFINITE_RECURSION = YES;
				CLANG_WARN_INT_CONVERSION = YES;
				CLANG_WARN_NON_LITERAL_NULL_CONVERSION = YES;
				CLANG_WARN_OBJC_IMPLICIT_RETAIN_SELF = YES;
				CLANG_WARN_OBJC_LITERAL_CONVERSION = YES;
				CLANG_WARN_OBJC_ROOT_CLASS = YES_ERROR;
				CLANG_WARN_QUOTED_INCLUDE_IN_FRAMEWORK_HEADER = YES;
				CLANG_WARN_RANGE_LOOP_ANALYSIS = YES;
				CLANG_WARN_STRICT_PROTOTYPES = YES;
				CLANG_WARN_SUSPICIOUS_MOVE = YES;
				CLANG_WARN_UNGUARDED_AVAILABILITY = YES_AGGRESSIVE;
				CLANG_WARN_UNREACHABLE_CODE = YES;
				CLANG_WARN__DUPLICATE_METHOD_MATCH = YES;
				COPY_PHASE_STRIP = NO;
				DEBUG_INFORMATION_FORMAT = dwarf;
				ENABLE_STRICT_OBJC_MSGSEND = YES;
				ENABLE_TESTABILITY = YES;
				GCC_C_LANGUAGE_STANDARD = gnu11;
				GCC_DYNAMIC_NO_PIC = NO;
				GCC_NO_COMMON_BLOCKS = YES;
				GCC_OPTIMIZATION_LEVEL = 0;
				GCC_PREPROCESSOR_DEFINITIONS = (
					"DEBUG=1",
					"$(inherited)",
				);
				GCC_WARN_64_TO_32_BIT_CONVERSION = YES;
				GCC_WARN_ABOUT_RETURN_TYPE = YES_ERROR;
				GCC_WARN_UNDECLARED_SELECTOR = YES;
				GCC_WARN_UNINITIALIZED_AUTOS = YES_AGGRESSIVE;
				GCC_WARN_UNUSED_FUNCTION = YES;
				GCC_WARN_UNUSED_VARIABLE = YES;
				IPHONEOS_DEPLOYMENT_TARGET = 17.0;
				MACOSX_DEPLOYMENT_TARGET = 14.0;
				MTL_ENABLE_DEBUG_INFO = INCLUDE_SOURCE;
				MTL_FAST_MATH = YES;
				ONLY_ACTIVE_ARCH = YES;
				PRODUCT_NAME = "$(TARGET_NAME)";
				SWIFT_ACTIVE_COMPILATION_CONDITIONS = DEBUG;
				SWIFT_OPTIMIZATION_LEVEL = "-Onone";
				SWIFT_VERSION = 5.0;
			};
			name = Debug;
		};
		20B4594A87DD60111C704836C244B701 /* Debug */ = {
			isa = XCBuildConfiguration;
			buildSettings = {
				APS_ENVIRONMENT = development;
				ASSETCATALOG_COMPILER_APPICON_NAME = AppIcon;
				ASSETCATALOG_COMPILER_GLOBAL_ACCENT_COLOR_NAME = AccentColor;
				ATTIC_DISPLAY_NAME = Attic;
				CODE_SIGN_ENTITLEMENTS = Attic/AtticDebug.entitlements;
				CODE_SIGN_STYLE = Automatic;
				COMBINE_HIDPI_IMAGES = YES;
				CURRENT_PROJECT_VERSION = 11;
				DEVELOPMENT_TEAM = HR24WHR326;
				ENABLE_APP_SANDBOX = YES;
				ENABLE_HARDENED_RUNTIME = YES;
				GENERATE_INFOPLIST_FILE = NO;
				ICLOUD_CONTAINER_ENVIRONMENT = Development;
				INFOPLIST_FILE = Attic/Info.plist;
				LD_RUNPATH_SEARCH_PATHS = (
					"$(inherited)",
					"@executable_path/../Frameworks",
				);
				MACOSX_DEPLOYMENT_TARGET = 14.0;
				MARKETING_VERSION = 1.1;
				PRODUCT_BUNDLE_IDENTIFIER = com.emanueledipietro.Attic;
				PRODUCT_NAME = "$(TARGET_NAME)";
				SDKROOT = macosx;
				SWIFT_EMIT_LOC_STRINGS = YES;
				SWIFT_STRICT_CONCURRENCY = minimal;
				SWIFT_VERSION = 5.0;
			};
			name = Debug;
		};
		255275DE6156E3834AA64939A34D290A /* Debug */ = {
			isa = XCBuildConfiguration;
			buildSettings = {
				CLANG_ENABLE_OBJC_WEAK = NO;
				CODE_SIGN_STYLE = Automatic;
				DEVELOPMENT_TEAM = HR24WHR326;
				GENERATE_INFOPLIST_FILE = YES;
				IPHONEOS_DEPLOYMENT_TARGET = 17.0;
				PRODUCT_BUNDLE_IDENTIFIER = com.emanueledipietro.AtticMobileUITests;
				SDKROOT = iphoneos;
				SUPPORTED_PLATFORMS = "iphoneos iphonesimulator";
				SWIFT_STRICT_CONCURRENCY = minimal;
				SWIFT_VERSION = 5.0;
				TARGETED_DEVICE_FAMILY = 1;
				TEST_TARGET_NAME = AtticMobile;
			};
			name = Debug;
		};
		2BF71C25D0A7F257635BC17286AA224E /* Release */ = {
			isa = XCBuildConfiguration;
			buildSettings = {
				CLANG_ENABLE_OBJC_WEAK = NO;
				CODE_SIGN_STYLE = Automatic;
				DEVELOPMENT_TEAM = HR24WHR326;
				GENERATE_INFOPLIST_FILE = YES;
				IPHONEOS_DEPLOYMENT_TARGET = 17.0;
				PRODUCT_BUNDLE_IDENTIFIER = com.emanueledipietro.AtticMobileUITests;
				SDKROOT = iphoneos;
				SUPPORTED_PLATFORMS = "iphoneos iphonesimulator";
				SWIFT_STRICT_CONCURRENCY = minimal;
				SWIFT_VERSION = 5.0;
				TARGETED_DEVICE_FAMILY = 1;
				TEST_TARGET_NAME = AtticMobile;
				VALIDATE_PRODUCT = YES;
			};
			name = Release;
		};
		43A5C444A26C6EAE074B0FF15D2F9559 /* Release */ = {
			isa = XCBuildConfiguration;
			buildSettings = {
				ALWAYS_SEARCH_USER_PATHS = NO;
				CLANG_ANALYZER_NONNULL = YES;
				CLANG_ANALYZER_NUMBER_OBJECT_CONVERSION = YES_AGGRESSIVE;
				CLANG_CXX_LANGUAGE_STANDARD = "gnu++14";
				CLANG_CXX_LIBRARY = "libc++";
				CLANG_ENABLE_MODULES = YES;
				CLANG_ENABLE_OBJC_ARC = YES;
				CLANG_ENABLE_OBJC_WEAK = YES;
				CLANG_WARN_BLOCK_CAPTURE_AUTORELEASING = YES;
				CLANG_WARN_BOOL_CONVERSION = YES;
				CLANG_WARN_COMMA = YES;
				CLANG_WARN_CONSTANT_CONVERSION = YES;
				CLANG_WARN_DEPRECATED_OBJC_IMPLEMENTATIONS = YES;
				CLANG_WARN_DIRECT_OBJC_ISA_USAGE = YES_ERROR;
				CLANG_WARN_DOCUMENTATION_COMMENTS = YES;
				CLANG_WARN_EMPTY_BODY = YES;
				CLANG_WARN_ENUM_CONVERSION = YES;
				CLANG_WARN_INFINITE_RECURSION = YES;
				CLANG_WARN_INT_CONVERSION = YES;
				CLANG_WARN_NON_LITERAL_NULL_CONVERSION = YES;
				CLANG_WARN_OBJC_IMPLICIT_RETAIN_SELF = YES;
				CLANG_WARN_OBJC_LITERAL_CONVERSION = YES;
				CLANG_WARN_OBJC_ROOT_CLASS = YES_ERROR;
				CLANG_WARN_QUOTED_INCLUDE_IN_FRAMEWORK_HEADER = YES;
				CLANG_WARN_RANGE_LOOP_ANALYSIS = YES;
				CLANG_WARN_STRICT_PROTOTYPES = YES;
				CLANG_WARN_SUSPICIOUS_MOVE = YES;
				CLANG_WARN_UNGUARDED_AVAILABILITY = YES_AGGRESSIVE;
				CLANG_WARN_UNREACHABLE_CODE = YES;
				CLANG_WARN__DUPLICATE_METHOD_MATCH = YES;
				COPY_PHASE_STRIP = NO;
				DEBUG_INFORMATION_FORMAT = "dwarf-with-dsym";
				ENABLE_NS_ASSERTIONS = NO;
				ENABLE_STRICT_OBJC_MSGSEND = YES;
				GCC_C_LANGUAGE_STANDARD = gnu11;
				GCC_NO_COMMON_BLOCKS = YES;
				GCC_WARN_64_TO_32_BIT_CONVERSION = YES;
				GCC_WARN_ABOUT_RETURN_TYPE = YES_ERROR;
				GCC_WARN_UNDECLARED_SELECTOR = YES;
				GCC_WARN_UNINITIALIZED_AUTOS = YES_AGGRESSIVE;
				GCC_WARN_UNUSED_FUNCTION = YES;
				GCC_WARN_UNUSED_VARIABLE = YES;
				IPHONEOS_DEPLOYMENT_TARGET = 17.0;
				MACOSX_DEPLOYMENT_TARGET = 14.0;
				MTL_ENABLE_DEBUG_INFO = NO;
				MTL_FAST_MATH = YES;
				PRODUCT_NAME = "$(TARGET_NAME)";
				SWIFT_COMPILATION_MODE = wholemodule;
				SWIFT_OPTIMIZATION_LEVEL = "-O";
				SWIFT_VERSION = 5.0;
			};
			name = Release;
		};
		5662578764F8C4498D901584376ACBBD /* Debug */ = {
			isa = XCBuildConfiguration;
			buildSettings = {
				CODE_SIGN_STYLE = Automatic;
				DEVELOPMENT_TEAM = HR24WHR326;
				GENERATE_INFOPLIST_FILE = YES;
				MACOSX_DEPLOYMENT_TARGET = 14.0;
				PRODUCT_BUNDLE_IDENTIFIER = com.emanueledipietro.AtticUITests;
				SDKROOT = macosx;
				SWIFT_STRICT_CONCURRENCY = minimal;
				SWIFT_VERSION = 5.0;
				TEST_TARGET_NAME = Attic;
			};
			name = Debug;
		};
		6D3B140C1B91C69761BC5C700E8229D5 /* Release */ = {
			isa = XCBuildConfiguration;
			buildSettings = {
				BUNDLE_LOADER = "$(TEST_HOST)";
				CODE_SIGN_STYLE = Automatic;
				DEVELOPMENT_TEAM = HR24WHR326;
				GENERATE_INFOPLIST_FILE = YES;
				MACOSX_DEPLOYMENT_TARGET = 14.0;
				PRODUCT_BUNDLE_IDENTIFIER = com.emanueledipietro.AtticTests;
				SDKROOT = macosx;
				SWIFT_STRICT_CONCURRENCY = minimal;
				SWIFT_VERSION = 5.0;
				TEST_HOST = "$(BUILT_PRODUCTS_DIR)/Attic.app/Contents/MacOS/Attic";
			};
			name = Release;
		};
		71D0EFE019822501FA0988B5AD4D46AD /* Release */ = {
			isa = XCBuildConfiguration;
			buildSettings = {
				APS_ENVIRONMENT = production;
				ASSETCATALOG_COMPILER_APPICON_NAME = AppIcon;
				ASSETCATALOG_COMPILER_GLOBAL_ACCENT_COLOR_NAME = AccentColor;
				CLANG_ENABLE_OBJC_WEAK = NO;
				CODE_SIGN_ENTITLEMENTS = AtticMobile/AtticMobile.entitlements;
				CODE_SIGN_STYLE = Automatic;
				CURRENT_PROJECT_VERSION = 9;
				DEVELOPMENT_TEAM = HR24WHR326;
				GENERATE_INFOPLIST_FILE = NO;
				ICLOUD_CONTAINER_ENVIRONMENT = Production;
				INFOPLIST_FILE = AtticMobile/Info.plist;
				IPHONEOS_DEPLOYMENT_TARGET = 17.0;
				LD_RUNPATH_SEARCH_PATHS = (
					"$(inherited)",
					"@executable_path/Frameworks",
				);
				MARKETING_VERSION = 1.0;
				PRODUCT_BUNDLE_IDENTIFIER = com.emanueledipietro.Attic;
				PRODUCT_MODULE_NAME = AtticMobile;
				PRODUCT_NAME = "$(TARGET_NAME)";
				SDKROOT = iphoneos;
				SUPPORTED_PLATFORMS = "iphoneos iphonesimulator";
				SUPPORTS_MACCATALYST = NO;
				SWIFT_EMIT_LOC_STRINGS = YES;
				SWIFT_STRICT_CONCURRENCY = minimal;
				SWIFT_VERSION = 5.0;
				TARGETED_DEVICE_FAMILY = 1;
				VALIDATE_PRODUCT = YES;
			};
			name = Release;
		};
		8CB3CFBC8FF8652FD21C6BAB92A3F2B5 /* Local */ = {
			isa = XCBuildConfiguration;
			buildSettings = {
				APS_ENVIRONMENT = development;
				ASSETCATALOG_COMPILER_APPICON_NAME = AppIcon;
				ASSETCATALOG_COMPILER_GLOBAL_ACCENT_COLOR_NAME = AccentColor;
				CLANG_ENABLE_OBJC_WEAK = NO;
				CODE_SIGN_ENTITLEMENTS = AtticMobile/AtticMobile.entitlements;
				CODE_SIGN_STYLE = Automatic;
				CURRENT_PROJECT_VERSION = 9;
				DEVELOPMENT_TEAM = HR24WHR326;
				GENERATE_INFOPLIST_FILE = NO;
				ICLOUD_CONTAINER_ENVIRONMENT = Development;
				INFOPLIST_FILE = AtticMobile/Info.plist;
				IPHONEOS_DEPLOYMENT_TARGET = 17.0;
				LD_RUNPATH_SEARCH_PATHS = (
					"$(inherited)",
					"@executable_path/Frameworks",
				);
				MARKETING_VERSION = 1.0;
				PRODUCT_BUNDLE_IDENTIFIER = com.emanueledipietro.Attic;
				PRODUCT_MODULE_NAME = AtticMobile;
				PRODUCT_NAME = "$(TARGET_NAME)";
				SDKROOT = iphoneos;
				SUPPORTED_PLATFORMS = "iphoneos iphonesimulator";
				SUPPORTS_MACCATALYST = NO;
				SWIFT_EMIT_LOC_STRINGS = YES;
				SWIFT_STRICT_CONCURRENCY = minimal;
				SWIFT_VERSION = 5.0;
				TARGETED_DEVICE_FAMILY = 1;
			};
			name = Local;
		};
		8F6A5E474327ED5D89CE17E939ABD709 /* Local */ = {
			isa = XCBuildConfiguration;
			buildSettings = {
				CLANG_ENABLE_OBJC_WEAK = NO;
				CODE_SIGN_STYLE = Automatic;
				DEVELOPMENT_TEAM = HR24WHR326;
				GENERATE_INFOPLIST_FILE = YES;
				IPHONEOS_DEPLOYMENT_TARGET = 17.0;
				PRODUCT_BUNDLE_IDENTIFIER = com.emanueledipietro.AtticMobileUITests;
				SDKROOT = iphoneos;
				SUPPORTED_PLATFORMS = "iphoneos iphonesimulator";
				SWIFT_STRICT_CONCURRENCY = minimal;
				SWIFT_VERSION = 5.0;
				TARGETED_DEVICE_FAMILY = 1;
				TEST_TARGET_NAME = AtticMobile;
			};
			name = Local;
		};
		A245B3229F3E0A48FA25ACBA7E84500D /* Local */ = {
			isa = XCBuildConfiguration;
			buildSettings = {
				ALWAYS_SEARCH_USER_PATHS = NO;
				CLANG_ANALYZER_NONNULL = YES;
				CLANG_ANALYZER_NUMBER_OBJECT_CONVERSION = YES_AGGRESSIVE;
				CLANG_CXX_LANGUAGE_STANDARD = "gnu++14";
				CLANG_CXX_LIBRARY = "libc++";
				CLANG_ENABLE_MODULES = YES;
				CLANG_ENABLE_OBJC_ARC = YES;
				CLANG_ENABLE_OBJC_WEAK = YES;
				CLANG_WARN_BLOCK_CAPTURE_AUTORELEASING = YES;
				CLANG_WARN_BOOL_CONVERSION = YES;
				CLANG_WARN_COMMA = YES;
				CLANG_WARN_CONSTANT_CONVERSION = YES;
				CLANG_WARN_DEPRECATED_OBJC_IMPLEMENTATIONS = YES;
				CLANG_WARN_DIRECT_OBJC_ISA_USAGE = YES_ERROR;
				CLANG_WARN_DOCUMENTATION_COMMENTS = YES;
				CLANG_WARN_EMPTY_BODY = YES;
				CLANG_WARN_ENUM_CONVERSION = YES;
				CLANG_WARN_INFINITE_RECURSION = YES;
				CLANG_WARN_INT_CONVERSION = YES;
				CLANG_WARN_NON_LITERAL_NULL_CONVERSION = YES;
				CLANG_WARN_OBJC_IMPLICIT_RETAIN_SELF = YES;
				CLANG_WARN_OBJC_LITERAL_CONVERSION = YES;
				CLANG_WARN_OBJC_ROOT_CLASS = YES_ERROR;
				CLANG_WARN_QUOTED_INCLUDE_IN_FRAMEWORK_HEADER = YES;
				CLANG_WARN_RANGE_LOOP_ANALYSIS = YES;
				CLANG_WARN_STRICT_PROTOTYPES = YES;
				CLANG_WARN_SUSPICIOUS_MOVE = YES;
				CLANG_WARN_UNGUARDED_AVAILABILITY = YES_AGGRESSIVE;
				CLANG_WARN_UNREACHABLE_CODE = YES;
				CLANG_WARN__DUPLICATE_METHOD_MATCH = YES;
				COPY_PHASE_STRIP = NO;
				DEBUG_INFORMATION_FORMAT = dwarf;
				ENABLE_STRICT_OBJC_MSGSEND = YES;
				ENABLE_TESTABILITY = YES;
				GCC_C_LANGUAGE_STANDARD = gnu11;
				GCC_DYNAMIC_NO_PIC = NO;
				GCC_NO_COMMON_BLOCKS = YES;
				GCC_OPTIMIZATION_LEVEL = 0;
				GCC_PREPROCESSOR_DEFINITIONS = (
					"DEBUG=1",
					"$(inherited)",
				);
				GCC_WARN_64_TO_32_BIT_CONVERSION = YES;
				GCC_WARN_ABOUT_RETURN_TYPE = YES_ERROR;
				GCC_WARN_UNDECLARED_SELECTOR = YES;
				GCC_WARN_UNINITIALIZED_AUTOS = YES_AGGRESSIVE;
				GCC_WARN_UNUSED_FUNCTION = YES;
				GCC_WARN_UNUSED_VARIABLE = YES;
				IPHONEOS_DEPLOYMENT_TARGET = 17.0;
				MACOSX_DEPLOYMENT_TARGET = 14.0;
				MTL_ENABLE_DEBUG_INFO = INCLUDE_SOURCE;
				MTL_FAST_MATH = YES;
				ONLY_ACTIVE_ARCH = YES;
				PRODUCT_NAME = "$(TARGET_NAME)";
				SWIFT_ACTIVE_COMPILATION_CONDITIONS = DEBUG;
				SWIFT_OPTIMIZATION_LEVEL = "-Onone";
				SWIFT_VERSION = 5.0;
			};
			name = Local;
		};
		A42FCD1D4CF868097E4668FA90422F4F /* Release */ = {
			isa = XCBuildConfiguration;
			buildSettings = {
				CODE_SIGN_STYLE = Automatic;
				DEVELOPMENT_TEAM = HR24WHR326;
				GENERATE_INFOPLIST_FILE = YES;
				MACOSX_DEPLOYMENT_TARGET = 14.0;
				PRODUCT_BUNDLE_IDENTIFIER = com.emanueledipietro.AtticUITests;
				SDKROOT = macosx;
				SWIFT_STRICT_CONCURRENCY = minimal;
				SWIFT_VERSION = 5.0;
				TEST_TARGET_NAME = Attic;
			};
			name = Release;
		};
		B1CBB6FBE3FB7CBC506C167C5D2A7C35 /* Local */ = {
			isa = XCBuildConfiguration;
			buildSettings = {
				BUNDLE_LOADER = "$(TEST_HOST)";
				CLANG_ENABLE_OBJC_WEAK = NO;
				CODE_SIGN_STYLE = Automatic;
				DEVELOPMENT_TEAM = HR24WHR326;
				GENERATE_INFOPLIST_FILE = YES;
				IPHONEOS_DEPLOYMENT_TARGET = 17.0;
				PRODUCT_BUNDLE_IDENTIFIER = com.emanueledipietro.AtticMobileTests;
				SDKROOT = iphoneos;
				SUPPORTED_PLATFORMS = "iphoneos iphonesimulator";
				SWIFT_STRICT_CONCURRENCY = minimal;
				SWIFT_VERSION = 5.0;
				TARGETED_DEVICE_FAMILY = 1;
				TEST_HOST = "$(BUILT_PRODUCTS_DIR)/AtticMobile.app/AtticMobile";
			};
			name = Local;
		};
		B1DEC8E8E77C84AD850E38D478ACE990 /* Debug */ = {
			isa = XCBuildConfiguration;
			buildSettings = {
				APS_ENVIRONMENT = development;
				ASSETCATALOG_COMPILER_APPICON_NAME = AppIcon;
				ASSETCATALOG_COMPILER_GLOBAL_ACCENT_COLOR_NAME = AccentColor;
				CLANG_ENABLE_OBJC_WEAK = NO;
				CODE_SIGN_ENTITLEMENTS = AtticMobile/AtticMobile.entitlements;
				CODE_SIGN_STYLE = Automatic;
				CURRENT_PROJECT_VERSION = 9;
				DEVELOPMENT_TEAM = HR24WHR326;
				GENERATE_INFOPLIST_FILE = NO;
				ICLOUD_CONTAINER_ENVIRONMENT = Development;
				INFOPLIST_FILE = AtticMobile/Info.plist;
				IPHONEOS_DEPLOYMENT_TARGET = 17.0;
				LD_RUNPATH_SEARCH_PATHS = (
					"$(inherited)",
					"@executable_path/Frameworks",
				);
				MARKETING_VERSION = 1.0;
				PRODUCT_BUNDLE_IDENTIFIER = com.emanueledipietro.Attic;
				PRODUCT_MODULE_NAME = AtticMobile;
				PRODUCT_NAME = "$(TARGET_NAME)";
				SDKROOT = iphoneos;
				SUPPORTED_PLATFORMS = "iphoneos iphonesimulator";
				SUPPORTS_MACCATALYST = NO;
				SWIFT_EMIT_LOC_STRINGS = YES;
				SWIFT_STRICT_CONCURRENCY = minimal;
				SWIFT_VERSION = 5.0;
				TARGETED_DEVICE_FAMILY = 1;
			};
			name = Debug;
		};
		C9D688D08DCB0E1858CFD545B9D1F0D9 /* Release */ = {
			isa = XCBuildConfiguration;
			buildSettings = {
				BUNDLE_LOADER = "$(TEST_HOST)";
				CLANG_ENABLE_OBJC_WEAK = NO;
				CODE_SIGN_STYLE = Automatic;
				DEVELOPMENT_TEAM = HR24WHR326;
				GENERATE_INFOPLIST_FILE = YES;
				IPHONEOS_DEPLOYMENT_TARGET = 17.0;
				PRODUCT_BUNDLE_IDENTIFIER = com.emanueledipietro.AtticMobileTests;
				SDKROOT = iphoneos;
				SUPPORTED_PLATFORMS = "iphoneos iphonesimulator";
				SWIFT_STRICT_CONCURRENCY = minimal;
				SWIFT_VERSION = 5.0;
				TARGETED_DEVICE_FAMILY = 1;
				TEST_HOST = "$(BUILT_PRODUCTS_DIR)/AtticMobile.app/AtticMobile";
				VALIDATE_PRODUCT = YES;
			};
			name = Release;
		};
		CC7F632B55D2718C6C51F2A38F8835C3 /* Local */ = {
			isa = XCBuildConfiguration;
			buildSettings = {
				CODE_SIGN_STYLE = Automatic;
				DEVELOPMENT_TEAM = HR24WHR326;
				GENERATE_INFOPLIST_FILE = YES;
				MACOSX_DEPLOYMENT_TARGET = 14.0;
				PRODUCT_BUNDLE_IDENTIFIER = com.emanueledipietro.AtticUITests;
				SDKROOT = macosx;
				SWIFT_STRICT_CONCURRENCY = minimal;
				SWIFT_VERSION = 5.0;
				TEST_TARGET_NAME = Attic;
			};
			name = Local;
		};
		CF1A92C2F473A2C1A164439A2D04CA44 /* Debug */ = {
			isa = XCBuildConfiguration;
			buildSettings = {
				BUNDLE_LOADER = "$(TEST_HOST)";
				CODE_SIGN_STYLE = Automatic;
				DEVELOPMENT_TEAM = HR24WHR326;
				GENERATE_INFOPLIST_FILE = YES;
				MACOSX_DEPLOYMENT_TARGET = 14.0;
				PRODUCT_BUNDLE_IDENTIFIER = com.emanueledipietro.AtticTests;
				SDKROOT = macosx;
				SWIFT_STRICT_CONCURRENCY = minimal;
				SWIFT_VERSION = 5.0;
				TEST_HOST = "$(BUILT_PRODUCTS_DIR)/Attic.app/Contents/MacOS/Attic";
			};
			name = Debug;
		};
		D74ED9EDE3D0D2D3A9D01CC5D0F16E51 /* Debug */ = {
			isa = XCBuildConfiguration;
			buildSettings = {
				BUNDLE_LOADER = "$(TEST_HOST)";
				CLANG_ENABLE_OBJC_WEAK = NO;
				CODE_SIGN_STYLE = Automatic;
				DEVELOPMENT_TEAM = HR24WHR326;
				GENERATE_INFOPLIST_FILE = YES;
				IPHONEOS_DEPLOYMENT_TARGET = 17.0;
				PRODUCT_BUNDLE_IDENTIFIER = com.emanueledipietro.AtticMobileTests;
				SDKROOT = iphoneos;
				SUPPORTED_PLATFORMS = "iphoneos iphonesimulator";
				SWIFT_STRICT_CONCURRENCY = minimal;
				SWIFT_VERSION = 5.0;
				TARGETED_DEVICE_FAMILY = 1;
				TEST_HOST = "$(BUILT_PRODUCTS_DIR)/AtticMobile.app/AtticMobile";
			};
			name = Debug;
		};
		ECCB075F2223E55DEE0958DC1E0B7576 /* Local */ = {
			isa = XCBuildConfiguration;
			buildSettings = {
				BUNDLE_LOADER = "$(TEST_HOST)";
				CODE_SIGN_STYLE = Automatic;
				DEVELOPMENT_TEAM = HR24WHR326;
				GENERATE_INFOPLIST_FILE = YES;
				MACOSX_DEPLOYMENT_TARGET = 14.0;
				PRODUCT_BUNDLE_IDENTIFIER = com.emanueledipietro.AtticTests;
				SDKROOT = macosx;
				SWIFT_STRICT_CONCURRENCY = minimal;
				SWIFT_VERSION = 5.0;
				TEST_HOST = "$(BUILT_PRODUCTS_DIR)/Attic.app/Contents/MacOS/Attic";
			};
			name = Local;
		};
		F17B358FFD72308CD1087ACA8FAB2119 /* Local */ = {
			isa = XCBuildConfiguration;
			buildSettings = {
				APS_ENVIRONMENT = development;
				ASSETCATALOG_COMPILER_APPICON_NAME = AppIcon;
				ASSETCATALOG_COMPILER_GLOBAL_ACCENT_COLOR_NAME = AccentColor;
				ATTIC_DISPLAY_NAME = Attic;
				CODE_SIGN_ENTITLEMENTS = Attic/AtticLocal.entitlements;
				CODE_SIGN_STYLE = Automatic;
				COMBINE_HIDPI_IMAGES = YES;
				CURRENT_PROJECT_VERSION = 11;
				DEVELOPMENT_TEAM = HR24WHR326;
				ENABLE_APP_SANDBOX = YES;
				ENABLE_HARDENED_RUNTIME = YES;
				GENERATE_INFOPLIST_FILE = NO;
				ICLOUD_CONTAINER_ENVIRONMENT = Development;
				INFOPLIST_FILE = Attic/Info.plist;
				LD_RUNPATH_SEARCH_PATHS = (
					"$(inherited)",
					"@executable_path/../Frameworks",
				);
				MACOSX_DEPLOYMENT_TARGET = 14.0;
				MARKETING_VERSION = 1.1;
				PRODUCT_BUNDLE_IDENTIFIER = com.emanueledipietro.Attic;
				PRODUCT_NAME = "$(TARGET_NAME)";
				SDKROOT = macosx;
				SWIFT_EMIT_LOC_STRINGS = YES;
				SWIFT_STRICT_CONCURRENCY = minimal;
				SWIFT_VERSION = 5.0;
			};
			name = Local;
		};
		FB7872CB4091960050C9FAF0BDEB4E0E /* Release */ = {
			isa = XCBuildConfiguration;
			buildSettings = {
				APS_ENVIRONMENT = production;
				ASSETCATALOG_COMPILER_APPICON_NAME = AppIcon;
				ASSETCATALOG_COMPILER_GLOBAL_ACCENT_COLOR_NAME = AccentColor;
				ATTIC_DISPLAY_NAME = Attic;
				CODE_SIGN_ENTITLEMENTS = Attic/Attic.entitlements;
				CODE_SIGN_STYLE = Automatic;
				COMBINE_HIDPI_IMAGES = YES;
				CURRENT_PROJECT_VERSION = 11;
				DEVELOPMENT_TEAM = HR24WHR326;
				ENABLE_APP_SANDBOX = YES;
				ENABLE_HARDENED_RUNTIME = YES;
				GENERATE_INFOPLIST_FILE = NO;
				ICLOUD_CONTAINER_ENVIRONMENT = Production;
				INFOPLIST_FILE = Attic/Info.plist;
				LD_RUNPATH_SEARCH_PATHS = (
					"$(inherited)",
					"@executable_path/../Frameworks",
				);
				MACOSX_DEPLOYMENT_TARGET = 14.0;
				MARKETING_VERSION = 1.1;
				PRODUCT_BUNDLE_IDENTIFIER = com.emanueledipietro.Attic;
				PRODUCT_NAME = "$(TARGET_NAME)";
				SDKROOT = macosx;
				SWIFT_EMIT_LOC_STRINGS = YES;
				SWIFT_STRICT_CONCURRENCY = minimal;
				SWIFT_VERSION = 5.0;
			};
			name = Release;
		};
/* End XCBuildConfiguration section */

/* Begin XCConfigurationList section */
		182288E0CC5FBDA56AFE6B1350CB39F6 /* Build configuration list for PBXNativeTarget "AtticTests" */ = {
			isa = XCConfigurationList;
			buildConfigurations = (
				6D3B140C1B91C69761BC5C700E8229D5 /* Release */,
				CF1A92C2F473A2C1A164439A2D04CA44 /* Debug */,
				ECCB075F2223E55DEE0958DC1E0B7576 /* Local */,
			);
			defaultConfigurationIsVisible = 0;
			defaultConfigurationName = Release;
		};
		2000F6D51528A1872191A9C1D1C859EA /* Build configuration list for PBXProject "Attic" */ = {
			isa = XCConfigurationList;
			buildConfigurations = (
				104CC9CD50207B61362539A50FDB1D97 /* Debug */,
				43A5C444A26C6EAE074B0FF15D2F9559 /* Release */,
				A245B3229F3E0A48FA25ACBA7E84500D /* Local */,
			);
			defaultConfigurationIsVisible = 0;
			defaultConfigurationName = Release;
		};
		56DCB616B85CE20E17E96880AD23B8E0 /* Build configuration list for PBXNativeTarget "AtticMobileTests" */ = {
			isa = XCConfigurationList;
			buildConfigurations = (
				C9D688D08DCB0E1858CFD545B9D1F0D9 /* Release */,
				D74ED9EDE3D0D2D3A9D01CC5D0F16E51 /* Debug */,
				B1CBB6FBE3FB7CBC506C167C5D2A7C35 /* Local */,
			);
			defaultConfigurationIsVisible = 0;
			defaultConfigurationName = Release;
		};
		776E2C864C993C0CE72BFB7ED72866E3 /* Build configuration list for PBXNativeTarget "AtticUITests" */ = {
			isa = XCConfigurationList;
			buildConfigurations = (
				A42FCD1D4CF868097E4668FA90422F4F /* Release */,
				5662578764F8C4498D901584376ACBBD /* Debug */,
				CC7F632B55D2718C6C51F2A38F8835C3 /* Local */,
			);
			defaultConfigurationIsVisible = 0;
			defaultConfigurationName = Release;
		};
		8BEFC44569CA5CF0A1DE9202343FAD9E /* Build configuration list for PBXNativeTarget "Attic" */ = {
			isa = XCConfigurationList;
			buildConfigurations = (
				FB7872CB4091960050C9FAF0BDEB4E0E /* Release */,
				20B4594A87DD60111C704836C244B701 /* Debug */,
				F17B358FFD72308CD1087ACA8FAB2119 /* Local */,
			);
			defaultConfigurationIsVisible = 0;
			defaultConfigurationName = Release;
		};
		D0E679E092C25B975DE04F94E478135A /* Build configuration list for PBXNativeTarget "AtticMobileUITests" */ = {
			isa = XCConfigurationList;
			buildConfigurations = (
				2BF71C25D0A7F257635BC17286AA224E /* Release */,
				255275DE6156E3834AA64939A34D290A /* Debug */,
				8F6A5E474327ED5D89CE17E939ABD709 /* Local */,
			);
			defaultConfigurationIsVisible = 0;
			defaultConfigurationName = Release;
		};
		D745F0897FCBE5BEEB05B1C28129FAFA /* Build configuration list for PBXNativeTarget "AtticMobile" */ = {
			isa = XCConfigurationList;
			buildConfigurations = (
				71D0EFE019822501FA0988B5AD4D46AD /* Release */,
				B1DEC8E8E77C84AD850E38D478ACE990 /* Debug */,
				8CB3CFBC8FF8652FD21C6BAB92A3F2B5 /* Local */,
			);
			defaultConfigurationIsVisible = 0;
			defaultConfigurationName = Release;
		};
/* End XCConfigurationList section */
	};
	rootObject = DA958AEF55466F70E6607154738295C0 /* Project object */;
}
